# =============================================================================
# acq.qsf -- Quartus settings for the standard (owned) acquisition bitstream
# Device: Altera Cyclone IV E  EP4CE10F17C8  (SDS1000CML acquisition FPGA)
# Top: acq (five-module streaming engine acq/adcif/spine/capture/envelope/drain).
#
# The GPMC slave is HW-VERIFIED (read+write). The ADC drive/read is the bench-cracked
# recipe (docs/aux-bus-re.md "ADC-DRIVE RECIPE"): drive 8 ENCODE clocks + hold 7 mode
# controls -> the AD9288s CONVERT; read the 27 verified data lanes. All from the FPGA
# side (no schematic). Build: cd fpga && make bitstream (368011-byte rbf).
# =============================================================================
set_global_assignment -name FAMILY "Cyclone IV E"
set_global_assignment -name DEVICE EP4CE10F17C8
set_global_assignment -name TOP_LEVEL_ENTITY acq
set_global_assignment -name PROJECT_OUTPUT_DIRECTORY output_files
set_global_assignment -name SEARCH_PATH .
set_global_assignment -name VERILOG_FILE acq.v
set_global_assignment -name VERILOG_FILE adcif.v
set_global_assignment -name VERILOG_FILE spine.v
set_global_assignment -name VERILOG_FILE capture.v
set_global_assignment -name VERILOG_FILE envelope.v
set_global_assignment -name VERILOG_FILE drain.v
set_global_assignment -name VERILOG_FILE il_capture.v
set_global_assignment -name STRATIX_DEVICE_IO_STANDARD "3.3-V LVTTL"
set_global_assignment -name RESERVE_ALL_UNUSED_PINS "AS INPUT TRI-STATED"
set_global_assignment -name RESERVE_ALL_UNUSED_PINS_NO_OUTPUT_GND "AS INPUT TRI-STATED"

# ===== HW-VERIFIED GPMC (top-cluster data, nCS1=B4/nOE=E6/nWE=B10, A3..A7 selectors) =====

set_location_assignment PIN_A10 -to gpmc_d[0]
set_location_assignment PIN_B9 -to gpmc_d[1]
set_location_assignment PIN_A9 -to gpmc_d[2]
set_location_assignment PIN_B8 -to gpmc_d[3]
set_location_assignment PIN_A8 -to gpmc_d[4]
set_location_assignment PIN_B7 -to gpmc_d[5]
set_location_assignment PIN_A7 -to gpmc_d[6]
set_location_assignment PIN_B6 -to gpmc_d[7]
set_location_assignment PIN_A6 -to gpmc_d[8]
set_location_assignment PIN_D6 -to gpmc_d[9]
set_location_assignment PIN_C6 -to gpmc_d[10]
set_location_assignment PIN_B5 -to gpmc_d[11]
set_location_assignment PIN_A5 -to gpmc_d[12]
set_location_assignment PIN_F6 -to gpmc_d[13]
set_location_assignment PIN_D5 -to gpmc_d[14]
set_location_assignment PIN_E5 -to gpmc_d[15]
set_location_assignment PIN_B4 -to nCS1
set_location_assignment PIN_E6 -to nOE
set_location_assignment PIN_B10 -to nWE
set_location_assignment PIN_L6 -to gpmc_wait
set_location_assignment PIN_C2 -to clk
set_location_assignment PIN_A12 -to trig_sense
# M2 CLOCK TEST: M2 carries a ~50% clock at rest AND is a dedicated PLL-INCLK ball. The register
# decode ignores sel[0] (uses only sel[6:2]), so sel[0] is moved off M2 to E1 (harmless, static) and
# M2 is brought in as mclk_in — measured + fed to a live PLL to see if it is a usable 200 MHz source.
set_location_assignment PIN_M2 -to mclk_in
set_location_assignment PIN_E1 -to sel[0]
set_location_assignment PIN_D1 -to sel[1]
set_location_assignment PIN_C3 -to sel[2]
set_location_assignment PIN_D4 -to sel[3]
set_location_assignment PIN_A3 -to sel[4]
set_location_assignment PIN_B3 -to sel[5]
set_location_assignment PIN_A4 -to sel[6]

# ===== ADC drive (bench-cracked): 8 ENCODE clocks + held mode controls =====
set_location_assignment PIN_K8 -to adc_enc[0]
set_location_assignment PIN_K9 -to adc_enc[1]
set_location_assignment PIN_K10 -to adc_enc[2]
set_location_assignment PIN_L8 -to adc_enc[3]
set_location_assignment PIN_L9 -to adc_enc[4]
set_location_assignment PIN_L10 -to adc_enc[5]
set_location_assignment PIN_M7 -to adc_enc[6]
set_location_assignment PIN_M8 -to adc_enc[7]
# C14/D14 = differential ADC sample clock (factory drives these; adding it fixes the ADC-dead regression)
set_location_assignment PIN_C14 -to adc_enc2[0]
set_location_assignment PIN_D14 -to adc_enc2[1]
set_location_assignment PIN_F1 -to adc_ctl_hi[0]
set_location_assignment PIN_L4 -to adc_ctl_hi[1]
set_location_assignment PIN_T2 -to adc_ctl_hi[2]
set_location_assignment PIN_T7 -to adc_ctl_hi[3]
set_location_assignment PIN_G1 -to adc_ctl_lo[0]
set_location_assignment PIN_G2 -to adc_ctl_lo[1]
set_location_assignment PIN_K1 -to adc_ctl_lo[2]

# ===== ADC data lanes (27 verified converting + headroom) =====
set_location_assignment PIN_F8 -to adc_lane[0]
set_location_assignment PIN_D8 -to adc_lane[1]
set_location_assignment PIN_B12 -to adc_lane[2]
set_location_assignment PIN_K15 -to adc_lane[3]
set_location_assignment PIN_L13 -to adc_lane[4]
set_location_assignment PIN_N15 -to adc_lane[5]
set_location_assignment PIN_P15 -to adc_lane[6]
set_location_assignment PIN_T11 -to adc_lane[7]
set_location_assignment PIN_T9 -to adc_lane[8]
set_location_assignment PIN_E8 -to adc_lane[9]
set_location_assignment PIN_C8 -to adc_lane[10]
set_location_assignment PIN_C9 -to adc_lane[11]
set_location_assignment PIN_C11 -to adc_lane[12]
set_location_assignment PIN_A11 -to adc_enc3
set_location_assignment PIN_A13 -to adc_lane[14]
set_location_assignment PIN_L16 -to adc_lane[15]
set_location_assignment PIN_L14 -to adc_lane[16]
set_location_assignment PIN_R10 -to adc_lane[17]
set_location_assignment PIN_F9 -to adc_lane[18]
set_location_assignment PIN_K16 -to adc_lane[19]
set_location_assignment PIN_L12 -to adc_lane[20]
set_location_assignment PIN_P11 -to adc_lane[21]
set_location_assignment PIN_R11 -to adc_lane[22]
set_location_assignment PIN_E11 -to adc_lane[23]
set_location_assignment PIN_D12 -to adc_lane[24]
set_location_assignment PIN_G15 -to adc_lane[25]
set_location_assignment PIN_G16 -to adc_lane[26]
set_location_assignment PIN_N14 -to adc_lane[27]
set_location_assignment PIN_M12 -to adc_lane[28]
set_location_assignment PIN_M10 -to adc_lane[29]
set_location_assignment PIN_T13 -to adc_lane[30]
set_location_assignment PIN_P9 -to adc_lane[31]
set_location_assignment PIN_R12 -to adc_lane[32]
# CH2 LSB hunt: 18 candidate wide-bus/SRAM-DQ balls (free, Cyclone-input). The ADC drives the
# shared wide bus during CAPTURE, so these may carry CH2's missing LSB lanes (raw-lane capture).
set_location_assignment PIN_A14 -to adc_lane[33]
set_location_assignment PIN_A15 -to adc_lane[34]
set_location_assignment PIN_B13 -to adc_lane[35]
set_location_assignment PIN_B14 -to adc_lane[36]
set_location_assignment PIN_B16 -to adc_lane[37]
set_location_assignment PIN_C15 -to adc_lane[38]
set_location_assignment PIN_C16 -to adc_lane[39]
set_location_assignment PIN_D9 -to adc_lane[40]
set_location_assignment PIN_D11 -to adc_lane[41]
set_location_assignment PIN_D15 -to adc_lane[42]
set_location_assignment PIN_D16 -to adc_lane[43]
set_location_assignment PIN_F15 -to adc_lane[44]
set_location_assignment PIN_J16 -to adc_lane[45]
set_location_assignment PIN_L7 -to adc_lane[46]
set_location_assignment PIN_P8 -to adc_lane[47]
set_location_assignment PIN_R8 -to adc_lane[48]
set_location_assignment PIN_R16 -to adc_lane[49]
set_location_assignment PIN_T8 -to adc_lane[50]

# ===== SAFETY: min current on every driven ball; weak pull-up on ADC data inputs =====
set_instance_assignment -name WEAK_PULL_UP_RESISTOR ON -to adc_lane
set_instance_assignment -name CURRENT_STRENGTH_NEW "MINIMUM CURRENT" -to gpmc_d
set_instance_assignment -name CURRENT_STRENGTH_NEW "MINIMUM CURRENT" -to gpmc_wait
set_instance_assignment -name CURRENT_STRENGTH_NEW "MINIMUM CURRENT" -to adc_enc
set_instance_assignment -name CURRENT_STRENGTH_NEW "MINIMUM CURRENT" -to adc_enc2
set_instance_assignment -name CURRENT_STRENGTH_NEW "MINIMUM CURRENT" -to adc_ctl_hi
set_instance_assignment -name CURRENT_STRENGTH_NEW "MINIMUM CURRENT" -to adc_ctl_lo

set_global_assignment -name LAST_QUARTUS_VERSION "21.1.0 Lite Edition"
set_instance_assignment -name CURRENT_STRENGTH_NEW "MINIMUM CURRENT" -to adc_enc3
