# default.qsf -- Quartus settings for the acq2 DEFAULT image (fpga/default, top = default_top)
# GENERATED by the acq2 analysis branch from the acq2 analysis branch -- do not edit by hand;
# change the role table in the generator and run `make -C fpga qsf`.
# Device: Altera Cyclone IV E EP4CE10F17C8 (SDS1102CML+ acquisition FPGA).
# Electrical settings per the acq2 analysis branch s7: 3.3-V LVTTL on every ball, MINIMUM CURRENT on every
# driven ball except the encode pairs and K2 (clocks), no pull-ups, no bus-hold, unused balls input tri-stated,
# D2 (nCSO) reclaimed as regular IO, bitstream compression off (368011-byte rbf).

set_global_assignment -name FAMILY "Cyclone IV E"
set_global_assignment -name DEVICE EP4CE10F17C8
set_global_assignment -name TOP_LEVEL_ENTITY default_top
set_global_assignment -name PROJECT_OUTPUT_DIRECTORY output_files
set_global_assignment -name SEARCH_PATH .
set_global_assignment -name SDC_FILE default.sdc
set_global_assignment -name NUM_PARALLEL_PROCESSORS 4
set_global_assignment -name VERILOG_FILE ddio_pair.v
set_global_assignment -name VERILOG_FILE gpmc_slave.v
set_global_assignment -name VERILOG_FILE lane_in.v
set_global_assignment -name VERILOG_FILE pll_m2.v
set_global_assignment -name VERILOG_FILE sync.v
set_global_assignment -name VERILOG_FILE adc_front.v
set_global_assignment -name VERILOG_FILE capture.v
set_global_assignment -name VERILOG_FILE default.v
set_global_assignment -name VERILOG_FILE diag.v
set_global_assignment -name VERILOG_FILE drain.v

# --- device-wide electrical posture (01-CONTRACT s7) ---
set_global_assignment -name STRATIX_DEVICE_IO_STANDARD "3.3-V LVTTL"
set_global_assignment -name RESERVE_ALL_UNUSED_PINS "AS INPUT TRI-STATED"
set_global_assignment -name RESERVE_ALL_UNUSED_PINS_NO_OUTPUT_GND "AS INPUT TRI-STATED"
set_global_assignment -name RESERVE_FLASH_NCE_AFTER_CONFIGURATION "USE AS REGULAR IO"
# F16 is the nCEO dual-purpose ball; the contract has it as a registered input lane (01-CONTRACT s2.3), so reclaim it too
# (the Cyclone II/III/IV family key; the generic RESERVE_NCEO_AFTER_CONFIGURATION is ignored for EP4CE -- fit iteration 2)
set_global_assignment -name CYCLONEII_RESERVE_NCEO_AFTER_CONFIGURATION "USE AS REGULAR IO"
set_global_assignment -name ON_CHIP_BITSTREAM_DECOMPRESSION OFF
# no WEAK_PULL_UP_RESISTOR / ENABLE_BUS_HOLD_CIRCUITRY assignments anywhere: both default to OFF (01-CONTRACT s0, s7)

# --- PLL placement: left to the fitter (fit iterations 5/6). M2 = CLK2 feeds PLL_1 on its dedicated path and
# PLL_2 only through the M2 global buffer; the 200 MHz PLL (u_pll_a, five counters) cannot sit on PLL_1 because
# its counter C1 needs clock-control block G1, the one the M2 global buffer occupies, and switching that buffer
# off (GLOBAL_SIGNAL OFF) leaves PLL_2 with no reachable input. So the fitter's choice -- u_pll_b on PLL_1,
# u_pll_a on PLL_2 fed through the global network (warning 15055, 'not fully compensated', jitter only) -- is
# the only legal one; the encode-to-capture phase is calibrated at runtime (CAP_STEP), not derived from M2.

# --- global clock network (10 GCLKs): clk (C2, ~1300 loads), mclk_in (the CLK_STAT counter; the fitter promotes
# it by itself and must keep the choice of pad-vs-global feed for the PLLs), the 7 PLL outputs and the snapshot
# clock mux (~450 loads) take the ten; the five encode-pair phase muxes (8 loads each, calibrated by CAP_STEP)
# stay on local routing. Fit iteration 8 let the fitter pick and it promoted a pair mux instead of clk (1316-load
# non-global clock: -0.38 ns hold on plain register-to-register paths in the GPMC domain). Forcing mclk_in global
# (iteration 9-15) moved BOTH PLL inputs onto the global network (warning 15055 on u_pll_b too), so it is not forced.
# Since v2.2 (schema v3 retired PHASE_SEL) every encode pair is clocked by ph0 itself (adc_front.v: the DDIO
# cells and the pair re-timing flops sit directly on u_pll_a clk[0], one of the seven PLL globals; the RTL has
# no per-pair clock node any more). The v2.1 line `GLOBAL_SIGNAL OFF -to adc_front:u_adc|g_pair[*].pair_clk`
# is therefore gone: with the mux folded it named a PLL clock output and the fitter refused it (error 176580,
# v2.2 flow 1), and leaving the constant-select mux to synthesis gave two structures (flow 3: E1 on the PLL
# global, E2..E5 as LUT clock cells) -- flow 4 removed the mux from the RTL. Restore the OFF line only if a
# runtime phase mux comes back.
set_instance_assignment -name GLOBAL_SIGNAL "GLOBAL CLOCK" -to clk
set_instance_assignment -name GLOBAL_SIGNAL "GLOBAL CLOCK" -to "diag:u_diag|snap_clk"

# ===== GPMC host bus (01-CONTRACT s1; [BENCH] owned-fpga 8d3a2de). 12+4 balls under two factory OE nets; one tri-state driver gated on nCS1&nOE in gpmc_slave.v =====
# A10: bidirectional class, G7_12bit_bidir_bank7_8
set_location_assignment PIN_A10 -to gpmc_d[0]
set_instance_assignment -name IO_STANDARD "3.3-V LVTTL" -to gpmc_d[0]
set_instance_assignment -name CURRENT_STRENGTH_NEW "MINIMUM CURRENT" -to gpmc_d[0]
# B9: bidirectional class, G7_12bit_bidir_bank7_8
set_location_assignment PIN_B9 -to gpmc_d[1]
set_instance_assignment -name IO_STANDARD "3.3-V LVTTL" -to gpmc_d[1]
set_instance_assignment -name CURRENT_STRENGTH_NEW "MINIMUM CURRENT" -to gpmc_d[1]
# A9: bidirectional class, G7_12bit_bidir_bank7_8
set_location_assignment PIN_A9 -to gpmc_d[2]
set_instance_assignment -name IO_STANDARD "3.3-V LVTTL" -to gpmc_d[2]
set_instance_assignment -name CURRENT_STRENGTH_NEW "MINIMUM CURRENT" -to gpmc_d[2]
# B8: bidirectional class, G7_12bit_bidir_bank7_8
set_location_assignment PIN_B8 -to gpmc_d[3]
set_instance_assignment -name IO_STANDARD "3.3-V LVTTL" -to gpmc_d[3]
set_instance_assignment -name CURRENT_STRENGTH_NEW "MINIMUM CURRENT" -to gpmc_d[3]
# A8: bidirectional class, G7_12bit_bidir_bank7_8
set_location_assignment PIN_A8 -to gpmc_d[4]
set_instance_assignment -name IO_STANDARD "3.3-V LVTTL" -to gpmc_d[4]
set_instance_assignment -name CURRENT_STRENGTH_NEW "MINIMUM CURRENT" -to gpmc_d[4]
# B7: bidirectional class, G7_12bit_bidir_bank7_8
set_location_assignment PIN_B7 -to gpmc_d[5]
set_instance_assignment -name IO_STANDARD "3.3-V LVTTL" -to gpmc_d[5]
set_instance_assignment -name CURRENT_STRENGTH_NEW "MINIMUM CURRENT" -to gpmc_d[5]
# A7: bidirectional class, G7_12bit_bidir_bank7_8
set_location_assignment PIN_A7 -to gpmc_d[6]
set_instance_assignment -name IO_STANDARD "3.3-V LVTTL" -to gpmc_d[6]
set_instance_assignment -name CURRENT_STRENGTH_NEW "MINIMUM CURRENT" -to gpmc_d[6]
# B6: bidirectional class, G7_12bit_bidir_bank7_8
set_location_assignment PIN_B6 -to gpmc_d[7]
set_instance_assignment -name IO_STANDARD "3.3-V LVTTL" -to gpmc_d[7]
set_instance_assignment -name CURRENT_STRENGTH_NEW "MINIMUM CURRENT" -to gpmc_d[7]
# A6: bidirectional class, G7_12bit_bidir_bank7_8
set_location_assignment PIN_A6 -to gpmc_d[8]
set_instance_assignment -name IO_STANDARD "3.3-V LVTTL" -to gpmc_d[8]
set_instance_assignment -name CURRENT_STRENGTH_NEW "MINIMUM CURRENT" -to gpmc_d[8]
# D6: bidirectional class, G9_4bit_bidir_bank1_8
set_location_assignment PIN_D6 -to gpmc_d[9]
set_instance_assignment -name IO_STANDARD "3.3-V LVTTL" -to gpmc_d[9]
set_instance_assignment -name CURRENT_STRENGTH_NEW "MINIMUM CURRENT" -to gpmc_d[9]
# C6: bidirectional class, G7_12bit_bidir_bank7_8
set_location_assignment PIN_C6 -to gpmc_d[10]
set_instance_assignment -name IO_STANDARD "3.3-V LVTTL" -to gpmc_d[10]
set_instance_assignment -name CURRENT_STRENGTH_NEW "MINIMUM CURRENT" -to gpmc_d[10]
# B5: bidirectional class, G9_4bit_bidir_bank1_8
set_location_assignment PIN_B5 -to gpmc_d[11]
set_instance_assignment -name IO_STANDARD "3.3-V LVTTL" -to gpmc_d[11]
set_instance_assignment -name CURRENT_STRENGTH_NEW "MINIMUM CURRENT" -to gpmc_d[11]
# A5: bidirectional class, G7_12bit_bidir_bank7_8
set_location_assignment PIN_A5 -to gpmc_d[12]
set_instance_assignment -name IO_STANDARD "3.3-V LVTTL" -to gpmc_d[12]
set_instance_assignment -name CURRENT_STRENGTH_NEW "MINIMUM CURRENT" -to gpmc_d[12]
# F6: bidirectional class, G7_12bit_bidir_bank7_8
set_location_assignment PIN_F6 -to gpmc_d[13]
set_instance_assignment -name IO_STANDARD "3.3-V LVTTL" -to gpmc_d[13]
set_instance_assignment -name CURRENT_STRENGTH_NEW "MINIMUM CURRENT" -to gpmc_d[13]
# D5: bidirectional class, G9_4bit_bidir_bank1_8
set_location_assignment PIN_D5 -to gpmc_d[14]
set_instance_assignment -name IO_STANDARD "3.3-V LVTTL" -to gpmc_d[14]
set_instance_assignment -name CURRENT_STRENGTH_NEW "MINIMUM CURRENT" -to gpmc_d[14]
# E5: bidirectional class, G9_4bit_bidir_bank1_8
set_location_assignment PIN_E5 -to gpmc_d[15]
set_instance_assignment -name IO_STANDARD "3.3-V LVTTL" -to gpmc_d[15]
set_instance_assignment -name CURRENT_STRENGTH_NEW "MINIMUM CURRENT" -to gpmc_d[15]

# ===== GPMC strobes: nCS1 B4, nOE E6 (contract inputs); nWE B10 (INDETERMINATE in the contract, [BENCH] slave writes work) =====
# B4: input class
set_location_assignment PIN_B4 -to nCS1
set_instance_assignment -name IO_STANDARD "3.3-V LVTTL" -to nCS1
# E6: input class
set_location_assignment PIN_E6 -to nOE
set_instance_assignment -name IO_STANDARD "3.3-V LVTTL" -to nOE
# B10: UNDETERMINED class
set_location_assignment PIN_B10 -to nWE
set_instance_assignment -name IO_STANDARD "3.3-V LVTTL" -to nWE

# ===== GPMC address: sel[6:2] = A3..A7 (sel[1:0] are not on any ball: the decode uses selectors that are multiples of 4). A4 (sel[6]) has 0 receive sinks in the factory image =====
# C3: input class
set_location_assignment PIN_C3 -to sel[2]
set_instance_assignment -name IO_STANDARD "3.3-V LVTTL" -to sel[2]
# D4: input class
set_location_assignment PIN_D4 -to sel[3]
set_instance_assignment -name IO_STANDARD "3.3-V LVTTL" -to sel[3]
# A3: input class
set_location_assignment PIN_A3 -to sel[4]
set_instance_assignment -name IO_STANDARD "3.3-V LVTTL" -to sel[4]
# B3: input class
set_location_assignment PIN_B3 -to sel[5]
set_instance_assignment -name IO_STANDARD "3.3-V LVTTL" -to sel[5]
# A4: input class
set_location_assignment PIN_A4 -to sel[6]
set_instance_assignment -name IO_STANDARD "3.3-V LVTTL" -to sel[6]

# ===== Clocks: C2 = GPMC-domain clock (INDETERMINATE in the contract, [BENCH] the slave runs on it); M2 = dedicated clock pad, PLL reference ([BENCH] ~160 MHz, owned-fpga 670b873). M2 is not in contract-161.tsv (no path evidence) and is listed here explicitly =====
# C2: UNDETERMINED class
set_location_assignment PIN_C2 -to clk
set_instance_assignment -name IO_STANDARD "3.3-V LVTTL" -to clk
# M2: dedicated clock pad with no path evidence in PORT-SPEC; [BENCH] live ~160 MHz PLL reference
set_location_assignment PIN_M2 -to mclk_in
set_instance_assignment -name IO_STANDARD "3.3-V LVTTL" -to mclk_in

# ===== Trigger comparator input (01-CONTRACT s1) =====
# A12: input class
set_location_assignment PIN_A12 -to trig_sense
set_instance_assignment -name IO_STANDARD "3.3-V LVTTL" -to trig_sense

# ===== A2 / B1: high-fan-out factory inputs (271 / 261 sinks), sampled on every CS1 access into SNOOP_SEL (05-WORKPLAN s2, experiment: GPMC A1/A2 candidates) =====
# A2: input class
set_location_assignment PIN_A2 -to gpmc_a2
set_instance_assignment -name IO_STANDARD "3.3-V LVTTL" -to gpmc_a2
# B1: input class
set_location_assignment PIN_B1 -to gpmc_b1
set_instance_assignment -name IO_STANDARD "3.3-V LVTTL" -to gpmc_b1

# ===== ADC encode: five complementary DDIO pairs (01-CONTRACT s2.1), one ALTDDIO_OUT per ball (ddio_pair.v). Default drive current (clock-forwarding outputs) =====
# K8: output class, G8_5bit_out_bank3_4_7; E1: K8 G0=1, M8 G1=1; out-clk code 6
set_location_assignment PIN_K8 -to enc_p[0]
set_instance_assignment -name IO_STANDARD "3.3-V LVTTL" -to enc_p[0]
set_instance_assignment -name CURRENT_STRENGTH_NEW 8MA -to enc_p[0]
# M8: output class; E1: K8 G0=1, M8 G1=1; out-clk code 6
set_location_assignment PIN_M8 -to enc_n[0]
set_instance_assignment -name IO_STANDARD "3.3-V LVTTL" -to enc_n[0]
set_instance_assignment -name CURRENT_STRENGTH_NEW 8MA -to enc_n[0]
# C14: output class; E2: C14 G0=1, D14 G1=1; out-clk code 6
set_location_assignment PIN_C14 -to enc_p[1]
set_instance_assignment -name IO_STANDARD "3.3-V LVTTL" -to enc_p[1]
set_instance_assignment -name CURRENT_STRENGTH_NEW 8MA -to enc_p[1]
# D14: output class, G8_5bit_out_bank3_4_7; E2: C14 G0=1, D14 G1=1; out-clk code 6
set_location_assignment PIN_D14 -to enc_n[1]
set_instance_assignment -name IO_STANDARD "3.3-V LVTTL" -to enc_n[1]
set_instance_assignment -name CURRENT_STRENGTH_NEW 8MA -to enc_n[1]
# K9: output class; E3: K9 G1=1, L10 G0=1; out-clk code 1
set_location_assignment PIN_K9 -to enc_p[2]
set_instance_assignment -name IO_STANDARD "3.3-V LVTTL" -to enc_p[2]
set_instance_assignment -name CURRENT_STRENGTH_NEW 8MA -to enc_p[2]
# L10: output class; E3: K9 G1=1, L10 G0=1; out-clk code 1
set_location_assignment PIN_L10 -to enc_n[2]
set_instance_assignment -name IO_STANDARD "3.3-V LVTTL" -to enc_n[2]
set_instance_assignment -name CURRENT_STRENGTH_NEW 8MA -to enc_n[2]
# L8: output class, G8_5bit_out_bank3_4_7; E4: L8 G0=1, M7 G1=1; out-clk code 2
set_location_assignment PIN_L8 -to enc_p[3]
set_instance_assignment -name IO_STANDARD "3.3-V LVTTL" -to enc_p[3]
set_instance_assignment -name CURRENT_STRENGTH_NEW 8MA -to enc_p[3]
# M7: output class, G8_5bit_out_bank3_4_7; E4: L8 G0=1, M7 G1=1; out-clk code 2
set_location_assignment PIN_M7 -to enc_n[3]
set_instance_assignment -name IO_STANDARD "3.3-V LVTTL" -to enc_n[3]
set_instance_assignment -name CURRENT_STRENGTH_NEW 8MA -to enc_n[3]
# K10: output class, G8_5bit_out_bank3_4_7; E5: K10 G1=1, L9 G0=1; out-clk code 5
set_location_assignment PIN_K10 -to enc_p[4]
set_instance_assignment -name IO_STANDARD "3.3-V LVTTL" -to enc_p[4]
set_instance_assignment -name CURRENT_STRENGTH_NEW 8MA -to enc_p[4]
# L9: output class; E5: K10 G1=1, L9 G0=1; out-clk code 5
set_location_assignment PIN_L9 -to enc_n[4]
set_instance_assignment -name IO_STANDARD "3.3-V LVTTL" -to enc_n[4]
set_instance_assignment -name CURRENT_STRENGTH_NEW 8MA -to enc_n[4]

# ===== Other ADC-side outputs (01-CONTRACT s2.2): A11 output (function unknown), F1/G1/G2/K1 mode controls ([BENCH] F1=1 G1=0 G2=0 K1=0 makes the converters run) =====
# A11: output class
set_location_assignment PIN_A11 -to a11
set_instance_assignment -name IO_STANDARD "3.3-V LVTTL" -to a11
set_instance_assignment -name CURRENT_STRENGTH_NEW "MINIMUM CURRENT" -to a11
# F1: output class
set_location_assignment PIN_F1 -to f1
set_instance_assignment -name IO_STANDARD "3.3-V LVTTL" -to f1
set_instance_assignment -name CURRENT_STRENGTH_NEW "MINIMUM CURRENT" -to f1
# G1: output class
set_location_assignment PIN_G1 -to g1
set_instance_assignment -name IO_STANDARD "3.3-V LVTTL" -to g1
set_instance_assignment -name CURRENT_STRENGTH_NEW "MINIMUM CURRENT" -to g1
# G2: output class
set_location_assignment PIN_G2 -to g2
set_instance_assignment -name IO_STANDARD "3.3-V LVTTL" -to g2
set_instance_assignment -name CURRENT_STRENGTH_NEW "MINIMUM CURRENT" -to g2
# K1: output class
set_location_assignment PIN_K1 -to k1
set_instance_assignment -name IO_STANDARD "3.3-V LVTTL" -to k1
set_instance_assignment -name CURRENT_STRENGTH_NEW "MINIMUM CURRENT" -to k1

# ===== MAX-V-facing balls (01-CONTRACT s5): D2 = nCSO lever ([BENCH] static low, mirrored on P6), K2 = the continuous 50 MHz clock that reaches MAXV-62 (default current), F2/J2 outputs reaching no MAX V pin =====
# D2: output class
set_location_assignment PIN_D2 -to d2
set_instance_assignment -name IO_STANDARD "3.3-V LVTTL" -to d2
set_instance_assignment -name CURRENT_STRENGTH_NEW DEFAULT -to d2
# P6: input class
set_location_assignment PIN_P6 -to p6
set_instance_assignment -name IO_STANDARD "3.3-V LVTTL" -to p6
# K2: output class
set_location_assignment PIN_K2 -to k2
set_instance_assignment -name IO_STANDARD "3.3-V LVTTL" -to k2
set_instance_assignment -name CURRENT_STRENGTH_NEW 8MA -to k2
# F2: output class
set_location_assignment PIN_F2 -to f2
set_instance_assignment -name IO_STANDARD "3.3-V LVTTL" -to f2
set_instance_assignment -name CURRENT_STRENGTH_NEW "MINIMUM CURRENT" -to f2
# J2: output class
set_location_assignment PIN_J2 -to j2
set_instance_assignment -name IO_STANDARD "3.3-V LVTTL" -to j2
set_instance_assignment -name CURRENT_STRENGTH_NEW "MINIMUM CURRENT" -to j2

# ===== B11 and J1: LISTEN-ONLY inputs (01-CONTRACT s2.3 'unregistered inputs'). Both are input-class balls the factory image reads and this branch had never observed. the acq2 analysis branch s4 makes B11 the only far-end-facing input in the burst-terminator loop -- XNOR-compared against two CPU-written registers, its transition releasing the path that ends the enable window -- and s6 flags it as the one stimulus never tried, because every earlier sweep drove the bus balls and left B11 alone. Declared as plain inputs, so nothing this design does can drive them and no posture of ours can contend with the board. Readable at DIAG LANE_IDX 0x7c (B11) and 0x7d (J1) =====
# B11: input class
set_location_assignment PIN_B11 -to b11
set_instance_assignment -name IO_STANDARD "3.3-V LVTTL" -to b11
# J1: input class
set_location_assignment PIN_J1 -to j1
set_instance_assignment -name IO_STANDARD "3.3-V LVTTL" -to j1

# ===== The 27-ball OE-gated bidirectional bus (01-CONTRACT s3), bit index = contract row order = DIAG BUS_OE index. Default posture: all tri-stated; L4/T2/T7 held 1 by ADC_HOLD =====
# J6: bidirectional class, G1_27bit_bidir_bank2_3
set_location_assignment PIN_J6 -to bus[0]
set_instance_assignment -name IO_STANDARD "3.3-V LVTTL" -to bus[0]
set_instance_assignment -name CURRENT_STRENGTH_NEW "MINIMUM CURRENT" -to bus[0]
# K5: bidirectional class, G1_27bit_bidir_bank2_3
set_location_assignment PIN_K5 -to bus[1]
set_instance_assignment -name IO_STANDARD "3.3-V LVTTL" -to bus[1]
set_instance_assignment -name CURRENT_STRENGTH_NEW "MINIMUM CURRENT" -to bus[1]
# L1: bidirectional class, G1_27bit_bidir_bank2_3
set_location_assignment PIN_L1 -to bus[2]
set_instance_assignment -name IO_STANDARD "3.3-V LVTTL" -to bus[2]
set_instance_assignment -name CURRENT_STRENGTH_NEW "MINIMUM CURRENT" -to bus[2]
# L2: bidirectional class, G1_27bit_bidir_bank2_3
set_location_assignment PIN_L2 -to bus[3]
set_instance_assignment -name IO_STANDARD "3.3-V LVTTL" -to bus[3]
set_instance_assignment -name CURRENT_STRENGTH_NEW "MINIMUM CURRENT" -to bus[3]
# L3: bidirectional class, G1_27bit_bidir_bank2_3
set_location_assignment PIN_L3 -to bus[4]
set_instance_assignment -name IO_STANDARD "3.3-V LVTTL" -to bus[4]
set_instance_assignment -name CURRENT_STRENGTH_NEW "MINIMUM CURRENT" -to bus[4]
# L4: bidirectional class, G1_27bit_bidir_bank2_3
set_location_assignment PIN_L4 -to bus[5]
set_instance_assignment -name IO_STANDARD "3.3-V LVTTL" -to bus[5]
set_instance_assignment -name CURRENT_STRENGTH_NEW "MINIMUM CURRENT" -to bus[5]
# N1: bidirectional class, G1_27bit_bidir_bank2_3
set_location_assignment PIN_N1 -to bus[6]
set_instance_assignment -name IO_STANDARD "3.3-V LVTTL" -to bus[6]
set_instance_assignment -name CURRENT_STRENGTH_NEW "MINIMUM CURRENT" -to bus[6]
# N2: bidirectional class, G1_27bit_bidir_bank2_3
set_location_assignment PIN_N2 -to bus[7]
set_instance_assignment -name IO_STANDARD "3.3-V LVTTL" -to bus[7]
set_instance_assignment -name CURRENT_STRENGTH_NEW "MINIMUM CURRENT" -to bus[7]
# P1: bidirectional class, G1_27bit_bidir_bank2_3
set_location_assignment PIN_P1 -to bus[8]
set_instance_assignment -name IO_STANDARD "3.3-V LVTTL" -to bus[8]
set_instance_assignment -name CURRENT_STRENGTH_NEW "MINIMUM CURRENT" -to bus[8]
# P2: bidirectional class, G1_27bit_bidir_bank2_3
set_location_assignment PIN_P2 -to bus[9]
set_instance_assignment -name IO_STANDARD "3.3-V LVTTL" -to bus[9]
set_instance_assignment -name CURRENT_STRENGTH_NEW "MINIMUM CURRENT" -to bus[9]
# R1: bidirectional class, G1_27bit_bidir_bank2_3
set_location_assignment PIN_R1 -to bus[10]
set_instance_assignment -name IO_STANDARD "3.3-V LVTTL" -to bus[10]
set_instance_assignment -name CURRENT_STRENGTH_NEW "MINIMUM CURRENT" -to bus[10]
# M6: bidirectional class, G1_27bit_bidir_bank2_3
set_location_assignment PIN_M6 -to bus[11]
set_instance_assignment -name IO_STANDARD "3.3-V LVTTL" -to bus[11]
set_instance_assignment -name CURRENT_STRENGTH_NEW "MINIMUM CURRENT" -to bus[11]
# N6: bidirectional class, G1_27bit_bidir_bank2_3
set_location_assignment PIN_N6 -to bus[12]
set_instance_assignment -name IO_STANDARD "3.3-V LVTTL" -to bus[12]
set_instance_assignment -name CURRENT_STRENGTH_NEW "MINIMUM CURRENT" -to bus[12]
# N3: bidirectional class, G1_27bit_bidir_bank2_3
set_location_assignment PIN_N3 -to bus[13]
set_instance_assignment -name IO_STANDARD "3.3-V LVTTL" -to bus[13]
set_instance_assignment -name CURRENT_STRENGTH_NEW "MINIMUM CURRENT" -to bus[13]
# N5: bidirectional class, G1_27bit_bidir_bank2_3
set_location_assignment PIN_N5 -to bus[14]
set_instance_assignment -name IO_STANDARD "3.3-V LVTTL" -to bus[14]
set_instance_assignment -name CURRENT_STRENGTH_NEW "MINIMUM CURRENT" -to bus[14]
# P3: bidirectional class, G1_27bit_bidir_bank2_3
set_location_assignment PIN_P3 -to bus[15]
set_instance_assignment -name IO_STANDARD "3.3-V LVTTL" -to bus[15]
set_instance_assignment -name CURRENT_STRENGTH_NEW "MINIMUM CURRENT" -to bus[15]
# R3: bidirectional class, G1_27bit_bidir_bank2_3
set_location_assignment PIN_R3 -to bus[16]
set_instance_assignment -name IO_STANDARD "3.3-V LVTTL" -to bus[16]
set_instance_assignment -name CURRENT_STRENGTH_NEW "MINIMUM CURRENT" -to bus[16]
# R4: bidirectional class, G1_27bit_bidir_bank2_3
set_location_assignment PIN_R4 -to bus[17]
set_instance_assignment -name IO_STANDARD "3.3-V LVTTL" -to bus[17]
set_instance_assignment -name CURRENT_STRENGTH_NEW "MINIMUM CURRENT" -to bus[17]
# R5: bidirectional class, G1_27bit_bidir_bank2_3
set_location_assignment PIN_R5 -to bus[18]
set_instance_assignment -name IO_STANDARD "3.3-V LVTTL" -to bus[18]
set_instance_assignment -name CURRENT_STRENGTH_NEW "MINIMUM CURRENT" -to bus[18]
# R6: bidirectional class, G1_27bit_bidir_bank2_3
set_location_assignment PIN_R6 -to bus[19]
set_instance_assignment -name IO_STANDARD "3.3-V LVTTL" -to bus[19]
set_instance_assignment -name CURRENT_STRENGTH_NEW "MINIMUM CURRENT" -to bus[19]
# R7: bidirectional class, G1_27bit_bidir_bank2_3
set_location_assignment PIN_R7 -to bus[20]
set_instance_assignment -name IO_STANDARD "3.3-V LVTTL" -to bus[20]
set_instance_assignment -name CURRENT_STRENGTH_NEW "MINIMUM CURRENT" -to bus[20]
# T2: bidirectional class, G1_27bit_bidir_bank2_3
set_location_assignment PIN_T2 -to bus[21]
set_instance_assignment -name IO_STANDARD "3.3-V LVTTL" -to bus[21]
set_instance_assignment -name CURRENT_STRENGTH_NEW "MINIMUM CURRENT" -to bus[21]
# T3: bidirectional class, G1_27bit_bidir_bank2_3
set_location_assignment PIN_T3 -to bus[22]
set_instance_assignment -name IO_STANDARD "3.3-V LVTTL" -to bus[22]
set_instance_assignment -name CURRENT_STRENGTH_NEW "MINIMUM CURRENT" -to bus[22]
# T4: bidirectional class, G1_27bit_bidir_bank2_3
set_location_assignment PIN_T4 -to bus[23]
set_instance_assignment -name IO_STANDARD "3.3-V LVTTL" -to bus[23]
set_instance_assignment -name CURRENT_STRENGTH_NEW "MINIMUM CURRENT" -to bus[23]
# T5: bidirectional class, G1_27bit_bidir_bank2_3
set_location_assignment PIN_T5 -to bus[24]
set_instance_assignment -name IO_STANDARD "3.3-V LVTTL" -to bus[24]
set_instance_assignment -name CURRENT_STRENGTH_NEW "MINIMUM CURRENT" -to bus[24]
# T6: bidirectional class, G1_27bit_bidir_bank2_3
set_location_assignment PIN_T6 -to bus[25]
set_instance_assignment -name IO_STANDARD "3.3-V LVTTL" -to bus[25]
set_instance_assignment -name CURRENT_STRENGTH_NEW "MINIMUM CURRENT" -to bus[25]
# T7: bidirectional class, G1_27bit_bidir_bank2_3
set_location_assignment PIN_T7 -to bus[26]
set_instance_assignment -name IO_STANDARD "3.3-V LVTTL" -to bus[26]
set_instance_assignment -name CURRENT_STRENGTH_NEW "MINIMUM CURRENT" -to bus[26]

# ===== Five single bidirectional balls with individual OE lines (01-CONTRACT s4); function unknown, tri-stated by default =====
# F3: bidirectional class
set_location_assignment PIN_F3 -to single[0]
set_instance_assignment -name IO_STANDARD "3.3-V LVTTL" -to single[0]
set_instance_assignment -name CURRENT_STRENGTH_NEW "MINIMUM CURRENT" -to single[0]
# F5: bidirectional class
set_location_assignment PIN_F5 -to single[1]
set_instance_assignment -name IO_STANDARD "3.3-V LVTTL" -to single[1]
set_instance_assignment -name CURRENT_STRENGTH_NEW "MINIMUM CURRENT" -to single[1]
# G5: bidirectional class
set_location_assignment PIN_G5 -to single[2]
set_instance_assignment -name IO_STANDARD "3.3-V LVTTL" -to single[2]
set_instance_assignment -name CURRENT_STRENGTH_NEW "MINIMUM CURRENT" -to single[2]
# D3: bidirectional class
set_location_assignment PIN_D3 -to single[3]
set_instance_assignment -name IO_STANDARD "3.3-V LVTTL" -to single[3]
set_instance_assignment -name CURRENT_STRENGTH_NEW "MINIMUM CURRENT" -to single[3]
# F7: bidirectional class
set_location_assignment PIN_F7 -to single[4]
set_instance_assignment -name IO_STANDARD "3.3-V LVTTL" -to single[4]
set_instance_assignment -name CURRENT_STRENGTH_NEW "MINIMUM CURRENT" -to single[4]

# ===== D1: PORT-SPEC 2.3 reads it as an OUTPUT with a full output-register chain (group G13, DDIO, one data line inverted) and the acq2 analysis branch 10.1 reads that shape as a forwarded clock. acq2 drives it as a BIDIRECTIONAL held tri-state (BUSGEN_AUX.D1 = 0 at reset) so a wrong reading of the board cannot fight another driver, and reads it back on MISC_RD[8] =====
# D1: output class
set_location_assignment PIN_D1 -to d1
set_instance_assignment -name IO_STANDARD "3.3-V LVTTL" -to d1
set_instance_assignment -name CURRENT_STRENGTH_NEW "MINIMUM CURRENT" -to d1

# ===== 80 registered input lanes (01-CONTRACT s2.3): cluster order G2 G3 G4 G5 G6 then F16. Bit order inside a cluster is UNKNOWN (contract s8.2): LANEMAP in the fabric assigns lane -> core/bit at runtime =====
# R11: input class, G2_16bit_in_bank4_5; G2_16bit_in_bank4_5
set_location_assignment PIN_R11 -to lane[0]
set_instance_assignment -name IO_STANDARD "3.3-V LVTTL" -to lane[0]
# R12: input class, G2_16bit_in_bank4_5; G2_16bit_in_bank4_5
set_location_assignment PIN_R12 -to lane[1]
set_instance_assignment -name IO_STANDARD "3.3-V LVTTL" -to lane[1]
# R13: input class, G2_16bit_in_bank4_5; G2_16bit_in_bank4_5
set_location_assignment PIN_R13 -to lane[2]
set_instance_assignment -name IO_STANDARD "3.3-V LVTTL" -to lane[2]
# R14: input class, G2_16bit_in_bank4_5; G2_16bit_in_bank4_5
set_location_assignment PIN_R14 -to lane[3]
set_instance_assignment -name IO_STANDARD "3.3-V LVTTL" -to lane[3]
# T12: input class, G2_16bit_in_bank4_5; G2_16bit_in_bank4_5
set_location_assignment PIN_T12 -to lane[4]
set_instance_assignment -name IO_STANDARD "3.3-V LVTTL" -to lane[4]
# T13: input class, G2_16bit_in_bank4_5; G2_16bit_in_bank4_5
set_location_assignment PIN_T13 -to lane[5]
set_instance_assignment -name IO_STANDARD "3.3-V LVTTL" -to lane[5]
# T14: input class, G2_16bit_in_bank4_5; G2_16bit_in_bank4_5
set_location_assignment PIN_T14 -to lane[6]
set_instance_assignment -name IO_STANDARD "3.3-V LVTTL" -to lane[6]
# T15: input class, G2_16bit_in_bank4_5; G2_16bit_in_bank4_5
set_location_assignment PIN_T15 -to lane[7]
set_instance_assignment -name IO_STANDARD "3.3-V LVTTL" -to lane[7]
# K15: input class, G2_16bit_in_bank4_5; G2_16bit_in_bank4_5
set_location_assignment PIN_K15 -to lane[8]
set_instance_assignment -name IO_STANDARD "3.3-V LVTTL" -to lane[8]
# L15: input class, G2_16bit_in_bank4_5; G2_16bit_in_bank4_5
set_location_assignment PIN_L15 -to lane[9]
set_instance_assignment -name IO_STANDARD "3.3-V LVTTL" -to lane[9]
# L16: input class, G2_16bit_in_bank4_5; G2_16bit_in_bank4_5
set_location_assignment PIN_L16 -to lane[10]
set_instance_assignment -name IO_STANDARD "3.3-V LVTTL" -to lane[10]
# N15: input class, G2_16bit_in_bank4_5; G2_16bit_in_bank4_5
set_location_assignment PIN_N15 -to lane[11]
set_instance_assignment -name IO_STANDARD "3.3-V LVTTL" -to lane[11]
# N16: input class, G2_16bit_in_bank4_5; G2_16bit_in_bank4_5
set_location_assignment PIN_N16 -to lane[12]
set_instance_assignment -name IO_STANDARD "3.3-V LVTTL" -to lane[12]
# P15: input class, G2_16bit_in_bank4_5; G2_16bit_in_bank4_5
set_location_assignment PIN_P15 -to lane[13]
set_instance_assignment -name IO_STANDARD "3.3-V LVTTL" -to lane[13]
# P16: input class, G2_16bit_in_bank4_5; G2_16bit_in_bank4_5
set_location_assignment PIN_P16 -to lane[14]
set_instance_assignment -name IO_STANDARD "3.3-V LVTTL" -to lane[14]
# R16: input class, G2_16bit_in_bank4_5; G2_16bit_in_bank4_5
set_location_assignment PIN_R16 -to lane[15]
set_instance_assignment -name IO_STANDARD "3.3-V LVTTL" -to lane[15]
# L7: input class, G3_16bit_in_bank3_4; G3_16bit_in_bank3_4
set_location_assignment PIN_L7 -to lane[16]
set_instance_assignment -name IO_STANDARD "3.3-V LVTTL" -to lane[16]
# N8: input class, G3_16bit_in_bank3_4; G3_16bit_in_bank3_4
set_location_assignment PIN_N8 -to lane[17]
set_instance_assignment -name IO_STANDARD "3.3-V LVTTL" -to lane[17]
# P8: input class, G3_16bit_in_bank3_4; G3_16bit_in_bank3_4
set_location_assignment PIN_P8 -to lane[18]
set_instance_assignment -name IO_STANDARD "3.3-V LVTTL" -to lane[18]
# R8: input class, G3_16bit_in_bank3_4; G3_16bit_in_bank3_4
set_location_assignment PIN_R8 -to lane[19]
set_instance_assignment -name IO_STANDARD "3.3-V LVTTL" -to lane[19]
# T8: input class, G3_16bit_in_bank3_4; G3_16bit_in_bank3_4
set_location_assignment PIN_T8 -to lane[20]
set_instance_assignment -name IO_STANDARD "3.3-V LVTTL" -to lane[20]
# M9: input class, G3_16bit_in_bank3_4; G3_16bit_in_bank3_4
set_location_assignment PIN_M9 -to lane[21]
set_instance_assignment -name IO_STANDARD "3.3-V LVTTL" -to lane[21]
# M10: input class, G3_16bit_in_bank3_4; G3_16bit_in_bank3_4
set_location_assignment PIN_M10 -to lane[22]
set_instance_assignment -name IO_STANDARD "3.3-V LVTTL" -to lane[22]
# M11: input class, G3_16bit_in_bank3_4; G3_16bit_in_bank3_4
set_location_assignment PIN_M11 -to lane[23]
set_instance_assignment -name IO_STANDARD "3.3-V LVTTL" -to lane[23]
# N9: input class, G3_16bit_in_bank3_4; G3_16bit_in_bank3_4
set_location_assignment PIN_N9 -to lane[24]
set_instance_assignment -name IO_STANDARD "3.3-V LVTTL" -to lane[24]
# P9: input class, G3_16bit_in_bank3_4; G3_16bit_in_bank3_4
set_location_assignment PIN_P9 -to lane[25]
set_instance_assignment -name IO_STANDARD "3.3-V LVTTL" -to lane[25]
# P11: input class, G3_16bit_in_bank3_4; G3_16bit_in_bank3_4
set_location_assignment PIN_P11 -to lane[26]
set_instance_assignment -name IO_STANDARD "3.3-V LVTTL" -to lane[26]
# R9: input class, G3_16bit_in_bank3_4; G3_16bit_in_bank3_4
set_location_assignment PIN_R9 -to lane[27]
set_instance_assignment -name IO_STANDARD "3.3-V LVTTL" -to lane[27]
# R10: input class, G3_16bit_in_bank3_4; G3_16bit_in_bank3_4
set_location_assignment PIN_R10 -to lane[28]
set_instance_assignment -name IO_STANDARD "3.3-V LVTTL" -to lane[28]
# T9: input class, G3_16bit_in_bank3_4; G3_16bit_in_bank3_4
set_location_assignment PIN_T9 -to lane[29]
set_instance_assignment -name IO_STANDARD "3.3-V LVTTL" -to lane[29]
# T10: input class, G3_16bit_in_bank3_4; G3_16bit_in_bank3_4
set_location_assignment PIN_T10 -to lane[30]
set_instance_assignment -name IO_STANDARD "3.3-V LVTTL" -to lane[30]
# T11: input class, G3_16bit_in_bank3_4; G3_16bit_in_bank3_4
set_location_assignment PIN_T11 -to lane[31]
set_instance_assignment -name IO_STANDARD "3.3-V LVTTL" -to lane[31]
# C16: input class, G4_16bit_in_bank6_7_8; G4_16bit_in_bank6_7_8
set_location_assignment PIN_C16 -to lane[32]
set_instance_assignment -name IO_STANDARD "3.3-V LVTTL" -to lane[32]
# F13: input class, G4_16bit_in_bank6_7_8; G4_16bit_in_bank6_7_8
set_location_assignment PIN_F13 -to lane[33]
set_instance_assignment -name IO_STANDARD "3.3-V LVTTL" -to lane[33]
# F14: input class, G4_16bit_in_bank6_7_8; G4_16bit_in_bank6_7_8
set_location_assignment PIN_F14 -to lane[34]
set_instance_assignment -name IO_STANDARD "3.3-V LVTTL" -to lane[34]
# C9: input class, G4_16bit_in_bank6_7_8; G4_16bit_in_bank6_7_8
set_location_assignment PIN_C9 -to lane[35]
set_instance_assignment -name IO_STANDARD "3.3-V LVTTL" -to lane[35]
# C11: input class, G4_16bit_in_bank6_7_8; G4_16bit_in_bank6_7_8
set_location_assignment PIN_C11 -to lane[36]
set_instance_assignment -name IO_STANDARD "3.3-V LVTTL" -to lane[36]
# D9: input class, G4_16bit_in_bank6_7_8; G4_16bit_in_bank6_7_8
set_location_assignment PIN_D9 -to lane[37]
set_instance_assignment -name IO_STANDARD "3.3-V LVTTL" -to lane[37]
# D11: input class, G4_16bit_in_bank6_7_8; G4_16bit_in_bank6_7_8
set_location_assignment PIN_D11 -to lane[38]
set_instance_assignment -name IO_STANDARD "3.3-V LVTTL" -to lane[38]
# D12: input class, G4_16bit_in_bank6_7_8; G4_16bit_in_bank6_7_8
set_location_assignment PIN_D12 -to lane[39]
set_instance_assignment -name IO_STANDARD "3.3-V LVTTL" -to lane[39]
# E10: input class, G4_16bit_in_bank6_7_8; G4_16bit_in_bank6_7_8
set_location_assignment PIN_E10 -to lane[40]
set_instance_assignment -name IO_STANDARD "3.3-V LVTTL" -to lane[40]
# E11: input class, G4_16bit_in_bank6_7_8; G4_16bit_in_bank6_7_8
set_location_assignment PIN_E11 -to lane[41]
set_instance_assignment -name IO_STANDARD "3.3-V LVTTL" -to lane[41]
# F9: input class, G4_16bit_in_bank6_7_8; G4_16bit_in_bank6_7_8
set_location_assignment PIN_F9 -to lane[42]
set_instance_assignment -name IO_STANDARD "3.3-V LVTTL" -to lane[42]
# F11: input class, G4_16bit_in_bank6_7_8; G4_16bit_in_bank6_7_8
set_location_assignment PIN_F11 -to lane[43]
set_instance_assignment -name IO_STANDARD "3.3-V LVTTL" -to lane[43]
# C8: input class, G4_16bit_in_bank6_7_8; G4_16bit_in_bank6_7_8
set_location_assignment PIN_C8 -to lane[44]
set_instance_assignment -name IO_STANDARD "3.3-V LVTTL" -to lane[44]
# D8: input class, G4_16bit_in_bank6_7_8; G4_16bit_in_bank6_7_8
set_location_assignment PIN_D8 -to lane[45]
set_instance_assignment -name IO_STANDARD "3.3-V LVTTL" -to lane[45]
# E8: input class, G4_16bit_in_bank6_7_8; G4_16bit_in_bank6_7_8
set_location_assignment PIN_E8 -to lane[46]
set_instance_assignment -name IO_STANDARD "3.3-V LVTTL" -to lane[46]
# F8: input class, G4_16bit_in_bank6_7_8; G4_16bit_in_bank6_7_8
set_location_assignment PIN_F8 -to lane[47]
set_instance_assignment -name IO_STANDARD "3.3-V LVTTL" -to lane[47]
# L11: input class, G5_16bit_in_bank4_5_6_7; G5_16bit_in_bank4_5_6_7
set_location_assignment PIN_L11 -to lane[48]
set_instance_assignment -name IO_STANDARD "3.3-V LVTTL" -to lane[48]
# N11: input class, G5_16bit_in_bank4_5_6_7; G5_16bit_in_bank4_5_6_7
set_location_assignment PIN_N11 -to lane[49]
set_instance_assignment -name IO_STANDARD "3.3-V LVTTL" -to lane[49]
# N12: input class, G5_16bit_in_bank4_5_6_7; G5_16bit_in_bank4_5_6_7
set_location_assignment PIN_N12 -to lane[50]
set_instance_assignment -name IO_STANDARD "3.3-V LVTTL" -to lane[50]
# P14: input class, G5_16bit_in_bank4_5_6_7; G5_16bit_in_bank4_5_6_7
set_location_assignment PIN_P14 -to lane[51]
set_instance_assignment -name IO_STANDARD "3.3-V LVTTL" -to lane[51]
# J11: input class, G5_16bit_in_bank4_5_6_7; G5_16bit_in_bank4_5_6_7
set_location_assignment PIN_J11 -to lane[52]
set_instance_assignment -name IO_STANDARD "3.3-V LVTTL" -to lane[52]
# K11: input class, G5_16bit_in_bank4_5_6_7; G5_16bit_in_bank4_5_6_7
set_location_assignment PIN_K11 -to lane[53]
set_instance_assignment -name IO_STANDARD "3.3-V LVTTL" -to lane[53]
# K12: input class, G5_16bit_in_bank4_5_6_7; G5_16bit_in_bank4_5_6_7
set_location_assignment PIN_K12 -to lane[54]
set_instance_assignment -name IO_STANDARD "3.3-V LVTTL" -to lane[54]
# L12: input class, G5_16bit_in_bank4_5_6_7; G5_16bit_in_bank4_5_6_7
set_location_assignment PIN_L12 -to lane[55]
set_instance_assignment -name IO_STANDARD "3.3-V LVTTL" -to lane[55]
# L13: input class, G5_16bit_in_bank4_5_6_7; G5_16bit_in_bank4_5_6_7
set_location_assignment PIN_L13 -to lane[56]
set_instance_assignment -name IO_STANDARD "3.3-V LVTTL" -to lane[56]
# L14: input class, G5_16bit_in_bank4_5_6_7; G5_16bit_in_bank4_5_6_7
set_location_assignment PIN_L14 -to lane[57]
set_instance_assignment -name IO_STANDARD "3.3-V LVTTL" -to lane[57]
# M12: input class, G5_16bit_in_bank4_5_6_7; G5_16bit_in_bank4_5_6_7
set_location_assignment PIN_M12 -to lane[58]
set_instance_assignment -name IO_STANDARD "3.3-V LVTTL" -to lane[58]
# N13: input class, G5_16bit_in_bank4_5_6_7; G5_16bit_in_bank4_5_6_7
set_location_assignment PIN_N13 -to lane[59]
set_instance_assignment -name IO_STANDARD "3.3-V LVTTL" -to lane[59]
# N14: input class, G5_16bit_in_bank4_5_6_7; G5_16bit_in_bank4_5_6_7
set_location_assignment PIN_N14 -to lane[60]
set_instance_assignment -name IO_STANDARD "3.3-V LVTTL" -to lane[60]
# G11: input class, G5_16bit_in_bank4_5_6_7; G5_16bit_in_bank4_5_6_7
set_location_assignment PIN_G11 -to lane[61]
set_instance_assignment -name IO_STANDARD "3.3-V LVTTL" -to lane[61]
# E9: input class, G5_16bit_in_bank4_5_6_7; G5_16bit_in_bank4_5_6_7
set_location_assignment PIN_E9 -to lane[62]
set_instance_assignment -name IO_STANDARD "3.3-V LVTTL" -to lane[62]
# F10: input class, G5_16bit_in_bank4_5_6_7; G5_16bit_in_bank4_5_6_7
set_location_assignment PIN_F10 -to lane[63]
set_instance_assignment -name IO_STANDARD "3.3-V LVTTL" -to lane[63]
# J16: input class, G6_15bit_in_bank5_6_7; G6_15bit_in_bank5_6_7
set_location_assignment PIN_J16 -to lane[64]
set_instance_assignment -name IO_STANDARD "3.3-V LVTTL" -to lane[64]
# K16: input class, G6_15bit_in_bank5_6_7; G6_15bit_in_bank5_6_7
set_location_assignment PIN_K16 -to lane[65]
set_instance_assignment -name IO_STANDARD "3.3-V LVTTL" -to lane[65]
# B16: input class, G6_15bit_in_bank5_6_7; G6_15bit_in_bank5_6_7
set_location_assignment PIN_B16 -to lane[66]
set_instance_assignment -name IO_STANDARD "3.3-V LVTTL" -to lane[66]
# C15: input class, G6_15bit_in_bank5_6_7; G6_15bit_in_bank5_6_7
set_location_assignment PIN_C15 -to lane[67]
set_instance_assignment -name IO_STANDARD "3.3-V LVTTL" -to lane[67]
# D15: input class, G6_15bit_in_bank5_6_7; G6_15bit_in_bank5_6_7
set_location_assignment PIN_D15 -to lane[68]
set_instance_assignment -name IO_STANDARD "3.3-V LVTTL" -to lane[68]
# D16: input class, G6_15bit_in_bank5_6_7; G6_15bit_in_bank5_6_7
set_location_assignment PIN_D16 -to lane[69]
set_instance_assignment -name IO_STANDARD "3.3-V LVTTL" -to lane[69]
# F15: input class, G6_15bit_in_bank5_6_7; G6_15bit_in_bank5_6_7
set_location_assignment PIN_F15 -to lane[70]
set_instance_assignment -name IO_STANDARD "3.3-V LVTTL" -to lane[70]
# G15: input class, G6_15bit_in_bank5_6_7; G6_15bit_in_bank5_6_7
set_location_assignment PIN_G15 -to lane[71]
set_instance_assignment -name IO_STANDARD "3.3-V LVTTL" -to lane[71]
# G16: input class, G6_15bit_in_bank5_6_7; G6_15bit_in_bank5_6_7
set_location_assignment PIN_G16 -to lane[72]
set_instance_assignment -name IO_STANDARD "3.3-V LVTTL" -to lane[72]
# A13: input class, G6_15bit_in_bank5_6_7; G6_15bit_in_bank5_6_7
set_location_assignment PIN_A13 -to lane[73]
set_instance_assignment -name IO_STANDARD "3.3-V LVTTL" -to lane[73]
# A14: input class, G6_15bit_in_bank5_6_7; G6_15bit_in_bank5_6_7
set_location_assignment PIN_A14 -to lane[74]
set_instance_assignment -name IO_STANDARD "3.3-V LVTTL" -to lane[74]
# A15: input class, G6_15bit_in_bank5_6_7; G6_15bit_in_bank5_6_7
set_location_assignment PIN_A15 -to lane[75]
set_instance_assignment -name IO_STANDARD "3.3-V LVTTL" -to lane[75]
# B12: input class, G6_15bit_in_bank5_6_7; G6_15bit_in_bank5_6_7
set_location_assignment PIN_B12 -to lane[76]
set_instance_assignment -name IO_STANDARD "3.3-V LVTTL" -to lane[76]
# B13: input class, G6_15bit_in_bank5_6_7; G6_15bit_in_bank5_6_7
set_location_assignment PIN_B13 -to lane[77]
set_instance_assignment -name IO_STANDARD "3.3-V LVTTL" -to lane[77]
# B14: input class, G6_15bit_in_bank5_6_7; G6_15bit_in_bank5_6_7
set_location_assignment PIN_B14 -to lane[78]
set_instance_assignment -name IO_STANDARD "3.3-V LVTTL" -to lane[78]
# F16: input class; -
set_location_assignment PIN_F16 -to lane[79]
set_instance_assignment -name IO_STANDARD "3.3-V LVTTL" -to lane[79]

# ===== deliberately unassigned (RESERVE_ALL_UNUSED_PINS makes them input tri-stated) =====
# E7: FITTER_RESERVED with pull-up (01-CONTRACT s0, PORT-SPEC Q-4)
# J12: FITTER_RESERVED with pull-up
# J13: FITTER_RESERVED with pull-up
# J14: FITTER_RESERVED with pull-up
# J15: FITTER_RESERVED with pull-up
# K6: FITTER_RESERVED with pull-up
# L6: FITTER_RESERVED with pull-up; gpmc_wait candidate the factory does not drive (01-CONTRACT s1, P-7)
# E1: dedicated clock pad, [BENCH] static (01-CONTRACT s6)
# M1: dedicated clock pad, [BENCH] static
# M15: dedicated clock pad, [BENCH] static
# M16: dedicated clock pad, [BENCH] static
# E15: dedicated clock pad, [BENCH] static
# E16: dedicated clock pad, [BENCH] static
# C1: configuration ball ASDO/DATA1 (dual-purpose, stays reserved)
# H1: configuration ball DCLK (passive-serial clock from the config port)
# H2: configuration ball DATA0 (passive-serial data from the config port)

