set_global_assignment -name FAMILY "Cyclone IV E"
set_global_assignment -name DEVICE EP4CE10F17C8
set_global_assignment -name TOP_LEVEL_ENTITY sramdump2
set_global_assignment -name VERILOG_FILE sramdump2.v
set_location_assignment PIN_C2 -to clk
set_location_assignment PIN_B4 -to nCS1
set_location_assignment PIN_E6 -to nOE
set_location_assignment PIN_B10 -to nWE
set_location_assignment PIN_L6 -to gpmc_wait
set_location_assignment PIN_D14 -to sck_pin
set_location_assignment PIN_A10 -to gpmc_d[0]
set_location_assignment PIN_B9 -to gpmc_d[1]
set_location_assignment PIN_A9 -to gpmc_d[2]
set_location_assignment PIN_B8 -to gpmc_d[3]
set_location_assignment PIN_A8 -to gpmc_d[4]
set_location_assignment PIN_B7 -to gpmc_d[5]
set_location_assignment PIN_A7 -to gpmc_d[6]
set_location_assignment PIN_B6 -to gpmc_d[7]
set_location_assignment PIN_A6 -to gpmc_d[8]
set_location_assignment PIN_D6 -to gpmc_d[9]
set_location_assignment PIN_C6 -to gpmc_d[10]
set_location_assignment PIN_B5 -to gpmc_d[11]
set_location_assignment PIN_A5 -to gpmc_d[12]
set_location_assignment PIN_F6 -to gpmc_d[13]
set_location_assignment PIN_D5 -to gpmc_d[14]
set_location_assignment PIN_E5 -to gpmc_d[15]
set_location_assignment PIN_M2 -to sel[0]
set_location_assignment PIN_D1 -to sel[1]
set_location_assignment PIN_C3 -to sel[2]
set_location_assignment PIN_D4 -to sel[3]
set_location_assignment PIN_A3 -to sel[4]
set_location_assignment PIN_B3 -to sel[5]
set_location_assignment PIN_A4 -to sel[6]
set_location_assignment PIN_A13 -to dq[0]
set_location_assignment PIN_A14 -to dq[1]
set_location_assignment PIN_A15 -to dq[2]
set_location_assignment PIN_B12 -to dq[3]
set_location_assignment PIN_B13 -to dq[4]
set_location_assignment PIN_B14 -to dq[5]
set_location_assignment PIN_B16 -to dq[6]
set_location_assignment PIN_C15 -to dq[7]
set_location_assignment PIN_C16 -to dq[8]
set_location_assignment PIN_D9 -to dq[9]
set_location_assignment PIN_D11 -to dq[10]
set_location_assignment PIN_D15 -to dq[11]
set_location_assignment PIN_D16 -to dq[12]
set_location_assignment PIN_F15 -to dq[13]
set_location_assignment PIN_G15 -to dq[14]
set_location_assignment PIN_G16 -to dq[15]
set_location_assignment PIN_J16 -to dq[16]
set_location_assignment PIN_L7 -to dq[17]
set_location_assignment PIN_P8 -to dq[18]
set_location_assignment PIN_R8 -to dq[19]
set_location_assignment PIN_R16 -to dq[20]
set_location_assignment PIN_T8 -to dq[21]
set_location_assignment PIN_J2 -to ctl5[0]
set_location_assignment PIN_K2 -to ctl5[1]
set_location_assignment PIN_A11 -to ctl5[2]
set_location_assignment PIN_C14 -to ctl5[3]
set_location_assignment PIN_F2 -to ctl5[4]
set_global_assignment -name STRATIX_DEVICE_IO_STANDARD "3.3-V LVTTL"
set_global_assignment -name RESERVE_ALL_UNUSED_PINS "AS INPUT TRI-STATED"
set_global_assignment -name RESERVE_ALL_UNUSED_PINS_NO_OUTPUT_GND "AS INPUT TRI-STATED"
set_instance_assignment -name CURRENT_STRENGTH_NEW "MINIMUM CURRENT" -to sck_pin
set_instance_assignment -name CURRENT_STRENGTH_NEW "MINIMUM CURRENT" -to ctl5
