set_global_assignment -name FAMILY "Cyclone IV E"
set_global_assignment -name DEVICE EP4CE10F17C8
set_global_assignment -name TOP_LEVEL_ENTITY sramgold
set_global_assignment -name VERILOG_FILE sramgold.v
set_global_assignment -name PROJECT_OUTPUT_DIRECTORY output_files
set_global_assignment -name STRATIX_DEVICE_IO_STANDARD "3.3-V LVTTL"
set_global_assignment -name RESERVE_ALL_UNUSED_PINS "AS INPUT TRI-STATED"
set_global_assignment -name RESERVE_ALL_UNUSED_PINS_NO_OUTPUT_GND "AS INPUT TRI-STATED"

# ---- GPMC host interface (same balls as all sram* controllers) ----
set_location_assignment PIN_C2 -to clk
set_location_assignment PIN_B4 -to nCS1
set_location_assignment PIN_E6 -to nOE
set_location_assignment PIN_B10 -to nWE
set_location_assignment PIN_L6 -to gpmc_wait
set_location_assignment PIN_A10 -to gpmc_d[0]
set_location_assignment PIN_B9 -to gpmc_d[1]
set_location_assignment PIN_A9 -to gpmc_d[2]
set_location_assignment PIN_B8 -to gpmc_d[3]
set_location_assignment PIN_A8 -to gpmc_d[4]
set_location_assignment PIN_B7 -to gpmc_d[5]
set_location_assignment PIN_A7 -to gpmc_d[6]
set_location_assignment PIN_B6 -to gpmc_d[7]
set_location_assignment PIN_A6 -to gpmc_d[8]
set_location_assignment PIN_D6 -to gpmc_d[9]
set_location_assignment PIN_C6 -to gpmc_d[10]
set_location_assignment PIN_B5 -to gpmc_d[11]
set_location_assignment PIN_A5 -to gpmc_d[12]
set_location_assignment PIN_F6 -to gpmc_d[13]
set_location_assignment PIN_D5 -to gpmc_d[14]
set_location_assignment PIN_E5 -to gpmc_d[15]
set_location_assignment PIN_M2 -to sel[0]
set_location_assignment PIN_D1 -to sel[1]
set_location_assignment PIN_C3 -to sel[2]
set_location_assignment PIN_D4 -to sel[3]
set_location_assignment PIN_A3 -to sel[4]
set_location_assignment PIN_B3 -to sel[5]
set_location_assignment PIN_A4 -to sel[6]

# ---- SRAM address/control: 25 EXTEST-verified balls + D14 clock (index 25) ----
set_location_assignment PIN_A11 -to sram_ac[0]
set_location_assignment PIN_B11 -to sram_ac[1]
set_location_assignment PIN_C14 -to sram_ac[2]
set_location_assignment PIN_F1  -to sram_ac[3]
set_location_assignment PIN_F2  -to sram_ac[4]
set_location_assignment PIN_G1  -to sram_ac[5]
set_location_assignment PIN_G2  -to sram_ac[6]
set_location_assignment PIN_J1  -to sram_ac[7]
set_location_assignment PIN_J12 -to sram_ac[8]
set_location_assignment PIN_J13 -to sram_ac[9]
set_location_assignment PIN_J14 -to sram_ac[10]
set_location_assignment PIN_J15 -to sram_ac[11]
set_location_assignment PIN_J2  -to sram_ac[12]
set_location_assignment PIN_K1  -to sram_ac[13]
set_location_assignment PIN_K10 -to sram_ac[14]
set_location_assignment PIN_K2  -to sram_ac[15]
set_location_assignment PIN_K6  -to sram_ac[16]
set_location_assignment PIN_K8  -to sram_ac[17]
set_location_assignment PIN_K9  -to sram_ac[18]
set_location_assignment PIN_L10 -to sram_ac[19]
set_location_assignment PIN_L8  -to sram_ac[20]
set_location_assignment PIN_L9  -to sram_ac[21]
set_location_assignment PIN_M7  -to sram_ac[22]
set_location_assignment PIN_M8  -to sram_ac[23]
set_location_assignment PIN_P6  -to sram_ac[24]
set_location_assignment PIN_D14 -to sram_ac[25]

# ---- SRAM DQ: 22 verified data balls ----
set_location_assignment PIN_A13 -to sram_dq[0]
set_location_assignment PIN_A14 -to sram_dq[1]
set_location_assignment PIN_A15 -to sram_dq[2]
set_location_assignment PIN_B12 -to sram_dq[3]
set_location_assignment PIN_B13 -to sram_dq[4]
set_location_assignment PIN_B14 -to sram_dq[5]
set_location_assignment PIN_B16 -to sram_dq[6]
set_location_assignment PIN_C15 -to sram_dq[7]
set_location_assignment PIN_C16 -to sram_dq[8]
set_location_assignment PIN_D9  -to sram_dq[9]
set_location_assignment PIN_D11 -to sram_dq[10]
set_location_assignment PIN_D15 -to sram_dq[11]
set_location_assignment PIN_D16 -to sram_dq[12]
set_location_assignment PIN_F15 -to sram_dq[13]
set_location_assignment PIN_G15 -to sram_dq[14]
set_location_assignment PIN_G16 -to sram_dq[15]
set_location_assignment PIN_J16 -to sram_dq[16]
set_location_assignment PIN_L7  -to sram_dq[17]
set_location_assignment PIN_P8  -to sram_dq[18]
set_location_assignment PIN_R8  -to sram_dq[19]
set_location_assignment PIN_R16 -to sram_dq[20]
set_location_assignment PIN_T8  -to sram_dq[21]

set_instance_assignment -name WEAK_PULL_UP_RESISTOR ON -to sram_dq
set_instance_assignment -name CURRENT_STRENGTH_NEW "MAXIMUM CURRENT" -to sram_ac
