set_global_assignment -name FAMILY "Cyclone IV E"
set_global_assignment -name DEVICE EP4CE10F17C8
set_global_assignment -name TOP_LEVEL_ENTITY stack_match_score
set_global_assignment -name PROJECT_OUTPUT_DIRECTORY output_files
set_global_assignment -name NUM_PARALLEL_PROCESSORS 2
set_global_assignment -name OPTIMIZATION_TECHNIQUE SPEED
set_global_assignment -name SEED 18
set_global_assignment -name SDC_FILE core.sdc
set_location_assignment PIN_C2 -to clk
set_instance_assignment -name IO_STANDARD "3.3-V LVTTL" -to clk
set_global_assignment -name VERILOG_FILE stack_moments.v
set_global_assignment -name VERILOG_FILE stack_correlation.v
set_global_assignment -name VERILOG_FILE stack_match_score.v
set_instance_assignment -name VIRTUAL_PIN ON -to reset
set_instance_assignment -name VIRTUAL_PIN ON -to start
set_instance_assignment -name VIRTUAL_PIN ON -to valid
set_instance_assignment -name VIRTUAL_PIN ON -to last
set_instance_assignment -name VIRTUAL_PIN ON -to x[0]
set_instance_assignment -name VIRTUAL_PIN ON -to x[1]
set_instance_assignment -name VIRTUAL_PIN ON -to x[2]
set_instance_assignment -name VIRTUAL_PIN ON -to x[3]
set_instance_assignment -name VIRTUAL_PIN ON -to x[4]
set_instance_assignment -name VIRTUAL_PIN ON -to x[5]
set_instance_assignment -name VIRTUAL_PIN ON -to x[6]
set_instance_assignment -name VIRTUAL_PIN ON -to x[7]
set_instance_assignment -name VIRTUAL_PIN ON -to y[0]
set_instance_assignment -name VIRTUAL_PIN ON -to y[1]
set_instance_assignment -name VIRTUAL_PIN ON -to y[2]
set_instance_assignment -name VIRTUAL_PIN ON -to y[3]
set_instance_assignment -name VIRTUAL_PIN ON -to y[4]
set_instance_assignment -name VIRTUAL_PIN ON -to y[5]
set_instance_assignment -name VIRTUAL_PIN ON -to y[6]
set_instance_assignment -name VIRTUAL_PIN ON -to y[7]
set_instance_assignment -name VIRTUAL_PIN ON -to ready
set_instance_assignment -name VIRTUAL_PIN ON -to defined
set_instance_assignment -name VIRTUAL_PIN ON -to invalid
set_instance_assignment -name VIRTUAL_PIN ON -to overflow
set_instance_assignment -name VIRTUAL_PIN ON -to busy
set_instance_assignment -name VIRTUAL_PIN ON -to done
set_instance_assignment -name VIRTUAL_PIN ON -to score[0]
set_instance_assignment -name VIRTUAL_PIN ON -to score[1]
set_instance_assignment -name VIRTUAL_PIN ON -to score[2]
set_instance_assignment -name VIRTUAL_PIN ON -to score[3]
set_instance_assignment -name VIRTUAL_PIN ON -to score[4]
set_instance_assignment -name VIRTUAL_PIN ON -to score[5]
set_instance_assignment -name VIRTUAL_PIN ON -to score[6]
set_instance_assignment -name VIRTUAL_PIN ON -to score[7]
set_instance_assignment -name VIRTUAL_PIN ON -to score[8]
set_instance_assignment -name VIRTUAL_PIN ON -to score[9]
set_instance_assignment -name VIRTUAL_PIN ON -to score[10]
set_instance_assignment -name VIRTUAL_PIN ON -to score[11]
set_instance_assignment -name VIRTUAL_PIN ON -to score[12]
set_instance_assignment -name VIRTUAL_PIN ON -to score[13]
set_instance_assignment -name VIRTUAL_PIN ON -to score[14]
set_instance_assignment -name VIRTUAL_PIN ON -to score[15]
set_instance_assignment -name VIRTUAL_PIN ON -to score[16]
set_instance_assignment -name VIRTUAL_PIN ON -to score[17]
set_instance_assignment -name VIRTUAL_PIN ON -to score[18]
set_instance_assignment -name VIRTUAL_PIN ON -to score[19]
set_instance_assignment -name VIRTUAL_PIN ON -to score[20]
set_instance_assignment -name VIRTUAL_PIN ON -to score[21]
set_instance_assignment -name VIRTUAL_PIN ON -to score[22]
set_instance_assignment -name VIRTUAL_PIN ON -to score[23]
set_instance_assignment -name VIRTUAL_PIN ON -to score[24]
set_instance_assignment -name VIRTUAL_PIN ON -to score[25]
set_instance_assignment -name VIRTUAL_PIN ON -to score[26]
set_instance_assignment -name VIRTUAL_PIN ON -to score[27]
set_instance_assignment -name VIRTUAL_PIN ON -to score[28]
set_instance_assignment -name VIRTUAL_PIN ON -to score[29]
set_instance_assignment -name VIRTUAL_PIN ON -to score[30]
set_instance_assignment -name VIRTUAL_PIN ON -to score[31]
set_instance_assignment -name VIRTUAL_PIN ON -to score[32]
set_instance_assignment -name VIRTUAL_PIN ON -to score[33]
set_instance_assignment -name VIRTUAL_PIN ON -to score[34]
set_instance_assignment -name VIRTUAL_PIN ON -to score[35]
set_instance_assignment -name VIRTUAL_PIN ON -to score[36]
set_instance_assignment -name VIRTUAL_PIN ON -to score[37]
set_instance_assignment -name VIRTUAL_PIN ON -to score[38]
set_instance_assignment -name VIRTUAL_PIN ON -to score[39]
set_instance_assignment -name VIRTUAL_PIN ON -to score[40]
set_instance_assignment -name VIRTUAL_PIN ON -to score[41]
set_instance_assignment -name VIRTUAL_PIN ON -to score[42]
set_instance_assignment -name VIRTUAL_PIN ON -to score[43]
set_instance_assignment -name VIRTUAL_PIN ON -to score[44]
set_instance_assignment -name VIRTUAL_PIN ON -to score[45]
set_instance_assignment -name VIRTUAL_PIN ON -to score[46]
set_instance_assignment -name VIRTUAL_PIN ON -to score[47]
set_instance_assignment -name VIRTUAL_PIN ON -to score[48]
set_instance_assignment -name VIRTUAL_PIN ON -to score[49]

set_global_assignment -name LAST_QUARTUS_VERSION "21.1.0 Lite Edition"
set_global_assignment -name FITTER_EFFORT "STANDARD FIT"