set_global_assignment -name FAMILY "Cyclone IV E"
set_global_assignment -name DEVICE EP4CE10F17C8
set_global_assignment -name TOP_LEVEL_ENTITY arinc429_trigger
set_global_assignment -name PROJECT_OUTPUT_DIRECTORY output_files
set_global_assignment -name NUM_PARALLEL_PROCESSORS 2
set_global_assignment -name VERILOG_FILE arinc429_trigger.v
set_global_assignment -name SDC_FILE core.sdc
set_global_assignment -name OPTIMIZATION_TECHNIQUE SPEED
set_global_assignment -name SEED 18

set_global_assignment -name LAST_QUARTUS_VERSION "21.1.0 Lite Edition"
set_global_assignment -name FITTER_EFFORT "STANDARD FIT"
set_location_assignment PIN_C2 -to clk
set_instance_assignment -name IO_STANDARD "3.3-V LVTTL" -to clk
set_instance_assignment -name VIRTUAL_PIN ON -to {reset}
set_instance_assignment -name VIRTUAL_PIN ON -to {enable}
set_instance_assignment -name VIRTUAL_PIN ON -to {tick}
set_instance_assignment -name VIRTUAL_PIN ON -to {code[0]}
set_instance_assignment -name VIRTUAL_PIN ON -to {code[1]}
set_instance_assignment -name VIRTUAL_PIN ON -to {code[2]}
set_instance_assignment -name VIRTUAL_PIN ON -to {code[3]}
set_instance_assignment -name VIRTUAL_PIN ON -to {code[4]}
set_instance_assignment -name VIRTUAL_PIN ON -to {code[5]}
set_instance_assignment -name VIRTUAL_PIN ON -to {code[6]}
set_instance_assignment -name VIRTUAL_PIN ON -to {code[7]}
set_instance_assignment -name VIRTUAL_PIN ON -to {threshold_hi[0]}
set_instance_assignment -name VIRTUAL_PIN ON -to {threshold_hi[1]}
set_instance_assignment -name VIRTUAL_PIN ON -to {threshold_hi[2]}
set_instance_assignment -name VIRTUAL_PIN ON -to {threshold_hi[3]}
set_instance_assignment -name VIRTUAL_PIN ON -to {threshold_hi[4]}
set_instance_assignment -name VIRTUAL_PIN ON -to {threshold_hi[5]}
set_instance_assignment -name VIRTUAL_PIN ON -to {threshold_hi[6]}
set_instance_assignment -name VIRTUAL_PIN ON -to {threshold_hi[7]}
set_instance_assignment -name VIRTUAL_PIN ON -to {threshold_lo[0]}
set_instance_assignment -name VIRTUAL_PIN ON -to {threshold_lo[1]}
set_instance_assignment -name VIRTUAL_PIN ON -to {threshold_lo[2]}
set_instance_assignment -name VIRTUAL_PIN ON -to {threshold_lo[3]}
set_instance_assignment -name VIRTUAL_PIN ON -to {threshold_lo[4]}
set_instance_assignment -name VIRTUAL_PIN ON -to {threshold_lo[5]}
set_instance_assignment -name VIRTUAL_PIN ON -to {threshold_lo[6]}
set_instance_assignment -name VIRTUAL_PIN ON -to {threshold_lo[7]}
set_instance_assignment -name VIRTUAL_PIN ON -to {exit_hi[0]}
set_instance_assignment -name VIRTUAL_PIN ON -to {exit_hi[1]}
set_instance_assignment -name VIRTUAL_PIN ON -to {exit_hi[2]}
set_instance_assignment -name VIRTUAL_PIN ON -to {exit_hi[3]}
set_instance_assignment -name VIRTUAL_PIN ON -to {exit_hi[4]}
set_instance_assignment -name VIRTUAL_PIN ON -to {exit_hi[5]}
set_instance_assignment -name VIRTUAL_PIN ON -to {exit_hi[6]}
set_instance_assignment -name VIRTUAL_PIN ON -to {exit_hi[7]}
set_instance_assignment -name VIRTUAL_PIN ON -to {exit_lo[0]}
set_instance_assignment -name VIRTUAL_PIN ON -to {exit_lo[1]}
set_instance_assignment -name VIRTUAL_PIN ON -to {exit_lo[2]}
set_instance_assignment -name VIRTUAL_PIN ON -to {exit_lo[3]}
set_instance_assignment -name VIRTUAL_PIN ON -to {exit_lo[4]}
set_instance_assignment -name VIRTUAL_PIN ON -to {exit_lo[5]}
set_instance_assignment -name VIRTUAL_PIN ON -to {exit_lo[6]}
set_instance_assignment -name VIRTUAL_PIN ON -to {exit_lo[7]}
set_instance_assignment -name VIRTUAL_PIN ON -to {bit_ticks[0]}
set_instance_assignment -name VIRTUAL_PIN ON -to {bit_ticks[1]}
set_instance_assignment -name VIRTUAL_PIN ON -to {bit_ticks[2]}
set_instance_assignment -name VIRTUAL_PIN ON -to {bit_ticks[3]}
set_instance_assignment -name VIRTUAL_PIN ON -to {bit_ticks[4]}
set_instance_assignment -name VIRTUAL_PIN ON -to {bit_ticks[5]}
set_instance_assignment -name VIRTUAL_PIN ON -to {bit_ticks[6]}
set_instance_assignment -name VIRTUAL_PIN ON -to {bit_ticks[7]}
set_instance_assignment -name VIRTUAL_PIN ON -to {bit_ticks[8]}
set_instance_assignment -name VIRTUAL_PIN ON -to {bit_ticks[9]}
set_instance_assignment -name VIRTUAL_PIN ON -to {bit_ticks[10]}
set_instance_assignment -name VIRTUAL_PIN ON -to {bit_ticks[11]}
set_instance_assignment -name VIRTUAL_PIN ON -to {bit_ticks[12]}
set_instance_assignment -name VIRTUAL_PIN ON -to {bit_ticks[13]}
set_instance_assignment -name VIRTUAL_PIN ON -to {bit_ticks[14]}
set_instance_assignment -name VIRTUAL_PIN ON -to {bit_ticks[15]}
set_instance_assignment -name VIRTUAL_PIN ON -to {bit_ticks[16]}
set_instance_assignment -name VIRTUAL_PIN ON -to {bit_ticks[17]}
set_instance_assignment -name VIRTUAL_PIN ON -to {bit_ticks[18]}
set_instance_assignment -name VIRTUAL_PIN ON -to {bit_ticks[19]}
set_instance_assignment -name VIRTUAL_PIN ON -to {bit_ticks[20]}
set_instance_assignment -name VIRTUAL_PIN ON -to {bit_ticks[21]}
set_instance_assignment -name VIRTUAL_PIN ON -to {bit_ticks[22]}
set_instance_assignment -name VIRTUAL_PIN ON -to {bit_ticks[23]}
set_instance_assignment -name VIRTUAL_PIN ON -to {sample[0]}
set_instance_assignment -name VIRTUAL_PIN ON -to {sample[1]}
set_instance_assignment -name VIRTUAL_PIN ON -to {sample[2]}
set_instance_assignment -name VIRTUAL_PIN ON -to {sample[3]}
set_instance_assignment -name VIRTUAL_PIN ON -to {sample[4]}
set_instance_assignment -name VIRTUAL_PIN ON -to {sample[5]}
set_instance_assignment -name VIRTUAL_PIN ON -to {sample[6]}
set_instance_assignment -name VIRTUAL_PIN ON -to {sample[7]}
set_instance_assignment -name VIRTUAL_PIN ON -to {sample[8]}
set_instance_assignment -name VIRTUAL_PIN ON -to {sample[9]}
set_instance_assignment -name VIRTUAL_PIN ON -to {sample[10]}
set_instance_assignment -name VIRTUAL_PIN ON -to {sample[11]}
set_instance_assignment -name VIRTUAL_PIN ON -to {sample[12]}
set_instance_assignment -name VIRTUAL_PIN ON -to {sample[13]}
set_instance_assignment -name VIRTUAL_PIN ON -to {sample[14]}
set_instance_assignment -name VIRTUAL_PIN ON -to {sample[15]}
set_instance_assignment -name VIRTUAL_PIN ON -to {sample[16]}
set_instance_assignment -name VIRTUAL_PIN ON -to {sample[17]}
set_instance_assignment -name VIRTUAL_PIN ON -to {sample[18]}
set_instance_assignment -name VIRTUAL_PIN ON -to {sample[19]}
set_instance_assignment -name VIRTUAL_PIN ON -to {sample[20]}
set_instance_assignment -name VIRTUAL_PIN ON -to {sample[21]}
set_instance_assignment -name VIRTUAL_PIN ON -to {sample[22]}
set_instance_assignment -name VIRTUAL_PIN ON -to {sample[23]}
set_instance_assignment -name VIRTUAL_PIN ON -to {sample[24]}
set_instance_assignment -name VIRTUAL_PIN ON -to {sample[25]}
set_instance_assignment -name VIRTUAL_PIN ON -to {sample[26]}
set_instance_assignment -name VIRTUAL_PIN ON -to {sample[27]}
set_instance_assignment -name VIRTUAL_PIN ON -to {sample[28]}
set_instance_assignment -name VIRTUAL_PIN ON -to {sample[29]}
set_instance_assignment -name VIRTUAL_PIN ON -to {sample[30]}
set_instance_assignment -name VIRTUAL_PIN ON -to {sample[31]}
set_instance_assignment -name VIRTUAL_PIN ON -to {sample[32]}
set_instance_assignment -name VIRTUAL_PIN ON -to {sample[33]}
set_instance_assignment -name VIRTUAL_PIN ON -to {sample[34]}
set_instance_assignment -name VIRTUAL_PIN ON -to {sample[35]}
set_instance_assignment -name VIRTUAL_PIN ON -to {sample[36]}
set_instance_assignment -name VIRTUAL_PIN ON -to {sample[37]}
set_instance_assignment -name VIRTUAL_PIN ON -to {sample[38]}
set_instance_assignment -name VIRTUAL_PIN ON -to {sample[39]}
set_instance_assignment -name VIRTUAL_PIN ON -to {sample[40]}
set_instance_assignment -name VIRTUAL_PIN ON -to {sample[41]}
set_instance_assignment -name VIRTUAL_PIN ON -to {sample[42]}
set_instance_assignment -name VIRTUAL_PIN ON -to {sample[43]}
set_instance_assignment -name VIRTUAL_PIN ON -to {sample[44]}
set_instance_assignment -name VIRTUAL_PIN ON -to {sample[45]}
set_instance_assignment -name VIRTUAL_PIN ON -to {sample[46]}
set_instance_assignment -name VIRTUAL_PIN ON -to {sample[47]}
set_instance_assignment -name VIRTUAL_PIN ON -to {sample[48]}
set_instance_assignment -name VIRTUAL_PIN ON -to {sample[49]}
set_instance_assignment -name VIRTUAL_PIN ON -to {sample[50]}
set_instance_assignment -name VIRTUAL_PIN ON -to {sample[51]}
set_instance_assignment -name VIRTUAL_PIN ON -to {sample[52]}
set_instance_assignment -name VIRTUAL_PIN ON -to {sample[53]}
set_instance_assignment -name VIRTUAL_PIN ON -to {sample[54]}
set_instance_assignment -name VIRTUAL_PIN ON -to {sample[55]}
set_instance_assignment -name VIRTUAL_PIN ON -to {sample[56]}
set_instance_assignment -name VIRTUAL_PIN ON -to {sample[57]}
set_instance_assignment -name VIRTUAL_PIN ON -to {sample[58]}
set_instance_assignment -name VIRTUAL_PIN ON -to {sample[59]}
set_instance_assignment -name VIRTUAL_PIN ON -to {sample[60]}
set_instance_assignment -name VIRTUAL_PIN ON -to {sample[61]}
set_instance_assignment -name VIRTUAL_PIN ON -to {sample[62]}
set_instance_assignment -name VIRTUAL_PIN ON -to {sample[63]}
set_instance_assignment -name VIRTUAL_PIN ON -to {pattern[0]}
set_instance_assignment -name VIRTUAL_PIN ON -to {pattern[1]}
set_instance_assignment -name VIRTUAL_PIN ON -to {pattern[2]}
set_instance_assignment -name VIRTUAL_PIN ON -to {pattern[3]}
set_instance_assignment -name VIRTUAL_PIN ON -to {pattern[4]}
set_instance_assignment -name VIRTUAL_PIN ON -to {pattern[5]}
set_instance_assignment -name VIRTUAL_PIN ON -to {pattern[6]}
set_instance_assignment -name VIRTUAL_PIN ON -to {pattern[7]}
set_instance_assignment -name VIRTUAL_PIN ON -to {pattern[8]}
set_instance_assignment -name VIRTUAL_PIN ON -to {pattern[9]}
set_instance_assignment -name VIRTUAL_PIN ON -to {pattern[10]}
set_instance_assignment -name VIRTUAL_PIN ON -to {pattern[11]}
set_instance_assignment -name VIRTUAL_PIN ON -to {pattern[12]}
set_instance_assignment -name VIRTUAL_PIN ON -to {pattern[13]}
set_instance_assignment -name VIRTUAL_PIN ON -to {pattern[14]}
set_instance_assignment -name VIRTUAL_PIN ON -to {pattern[15]}
set_instance_assignment -name VIRTUAL_PIN ON -to {pattern[16]}
set_instance_assignment -name VIRTUAL_PIN ON -to {pattern[17]}
set_instance_assignment -name VIRTUAL_PIN ON -to {pattern[18]}
set_instance_assignment -name VIRTUAL_PIN ON -to {pattern[19]}
set_instance_assignment -name VIRTUAL_PIN ON -to {pattern[20]}
set_instance_assignment -name VIRTUAL_PIN ON -to {pattern[21]}
set_instance_assignment -name VIRTUAL_PIN ON -to {pattern[22]}
set_instance_assignment -name VIRTUAL_PIN ON -to {pattern[23]}
set_instance_assignment -name VIRTUAL_PIN ON -to {pattern[24]}
set_instance_assignment -name VIRTUAL_PIN ON -to {pattern[25]}
set_instance_assignment -name VIRTUAL_PIN ON -to {pattern[26]}
set_instance_assignment -name VIRTUAL_PIN ON -to {pattern[27]}
set_instance_assignment -name VIRTUAL_PIN ON -to {pattern[28]}
set_instance_assignment -name VIRTUAL_PIN ON -to {pattern[29]}
set_instance_assignment -name VIRTUAL_PIN ON -to {pattern[30]}
set_instance_assignment -name VIRTUAL_PIN ON -to {pattern[31]}
set_instance_assignment -name VIRTUAL_PIN ON -to {pattern_mask[0]}
set_instance_assignment -name VIRTUAL_PIN ON -to {pattern_mask[1]}
set_instance_assignment -name VIRTUAL_PIN ON -to {pattern_mask[2]}
set_instance_assignment -name VIRTUAL_PIN ON -to {pattern_mask[3]}
set_instance_assignment -name VIRTUAL_PIN ON -to {pattern_mask[4]}
set_instance_assignment -name VIRTUAL_PIN ON -to {pattern_mask[5]}
set_instance_assignment -name VIRTUAL_PIN ON -to {pattern_mask[6]}
set_instance_assignment -name VIRTUAL_PIN ON -to {pattern_mask[7]}
set_instance_assignment -name VIRTUAL_PIN ON -to {pattern_mask[8]}
set_instance_assignment -name VIRTUAL_PIN ON -to {pattern_mask[9]}
set_instance_assignment -name VIRTUAL_PIN ON -to {pattern_mask[10]}
set_instance_assignment -name VIRTUAL_PIN ON -to {pattern_mask[11]}
set_instance_assignment -name VIRTUAL_PIN ON -to {pattern_mask[12]}
set_instance_assignment -name VIRTUAL_PIN ON -to {pattern_mask[13]}
set_instance_assignment -name VIRTUAL_PIN ON -to {pattern_mask[14]}
set_instance_assignment -name VIRTUAL_PIN ON -to {pattern_mask[15]}
set_instance_assignment -name VIRTUAL_PIN ON -to {pattern_mask[16]}
set_instance_assignment -name VIRTUAL_PIN ON -to {pattern_mask[17]}
set_instance_assignment -name VIRTUAL_PIN ON -to {pattern_mask[18]}
set_instance_assignment -name VIRTUAL_PIN ON -to {pattern_mask[19]}
set_instance_assignment -name VIRTUAL_PIN ON -to {pattern_mask[20]}
set_instance_assignment -name VIRTUAL_PIN ON -to {pattern_mask[21]}
set_instance_assignment -name VIRTUAL_PIN ON -to {pattern_mask[22]}
set_instance_assignment -name VIRTUAL_PIN ON -to {pattern_mask[23]}
set_instance_assignment -name VIRTUAL_PIN ON -to {pattern_mask[24]}
set_instance_assignment -name VIRTUAL_PIN ON -to {pattern_mask[25]}
set_instance_assignment -name VIRTUAL_PIN ON -to {pattern_mask[26]}
set_instance_assignment -name VIRTUAL_PIN ON -to {pattern_mask[27]}
set_instance_assignment -name VIRTUAL_PIN ON -to {pattern_mask[28]}
set_instance_assignment -name VIRTUAL_PIN ON -to {pattern_mask[29]}
set_instance_assignment -name VIRTUAL_PIN ON -to {pattern_mask[30]}
set_instance_assignment -name VIRTUAL_PIN ON -to {pattern_mask[31]}
set_instance_assignment -name VIRTUAL_PIN ON -to {match}
set_instance_assignment -name VIRTUAL_PIN ON -to {event_valid}
set_instance_assignment -name VIRTUAL_PIN ON -to {event_kind[0]}
set_instance_assignment -name VIRTUAL_PIN ON -to {event_kind[1]}
set_instance_assignment -name VIRTUAL_PIN ON -to {event_kind[2]}
set_instance_assignment -name VIRTUAL_PIN ON -to {event_kind[3]}
set_instance_assignment -name VIRTUAL_PIN ON -to {event_kind[4]}
set_instance_assignment -name VIRTUAL_PIN ON -to {event_kind[5]}
set_instance_assignment -name VIRTUAL_PIN ON -to {event_kind[6]}
set_instance_assignment -name VIRTUAL_PIN ON -to {event_kind[7]}
set_instance_assignment -name VIRTUAL_PIN ON -to {event_data[0]}
set_instance_assignment -name VIRTUAL_PIN ON -to {event_data[1]}
set_instance_assignment -name VIRTUAL_PIN ON -to {event_data[2]}
set_instance_assignment -name VIRTUAL_PIN ON -to {event_data[3]}
set_instance_assignment -name VIRTUAL_PIN ON -to {event_data[4]}
set_instance_assignment -name VIRTUAL_PIN ON -to {event_data[5]}
set_instance_assignment -name VIRTUAL_PIN ON -to {event_data[6]}
set_instance_assignment -name VIRTUAL_PIN ON -to {event_data[7]}
set_instance_assignment -name VIRTUAL_PIN ON -to {event_data[8]}
set_instance_assignment -name VIRTUAL_PIN ON -to {event_data[9]}
set_instance_assignment -name VIRTUAL_PIN ON -to {event_data[10]}
set_instance_assignment -name VIRTUAL_PIN ON -to {event_data[11]}
set_instance_assignment -name VIRTUAL_PIN ON -to {event_data[12]}
set_instance_assignment -name VIRTUAL_PIN ON -to {event_data[13]}
set_instance_assignment -name VIRTUAL_PIN ON -to {event_data[14]}
set_instance_assignment -name VIRTUAL_PIN ON -to {event_data[15]}
set_instance_assignment -name VIRTUAL_PIN ON -to {event_data[16]}
set_instance_assignment -name VIRTUAL_PIN ON -to {event_data[17]}
set_instance_assignment -name VIRTUAL_PIN ON -to {event_data[18]}
set_instance_assignment -name VIRTUAL_PIN ON -to {event_data[19]}
set_instance_assignment -name VIRTUAL_PIN ON -to {event_data[20]}
set_instance_assignment -name VIRTUAL_PIN ON -to {event_data[21]}
set_instance_assignment -name VIRTUAL_PIN ON -to {event_data[22]}
set_instance_assignment -name VIRTUAL_PIN ON -to {event_data[23]}
set_instance_assignment -name VIRTUAL_PIN ON -to {event_data[24]}
set_instance_assignment -name VIRTUAL_PIN ON -to {event_data[25]}
set_instance_assignment -name VIRTUAL_PIN ON -to {event_data[26]}
set_instance_assignment -name VIRTUAL_PIN ON -to {event_data[27]}
set_instance_assignment -name VIRTUAL_PIN ON -to {event_data[28]}
set_instance_assignment -name VIRTUAL_PIN ON -to {event_data[29]}
set_instance_assignment -name VIRTUAL_PIN ON -to {event_data[30]}
set_instance_assignment -name VIRTUAL_PIN ON -to {event_data[31]}
set_instance_assignment -name VIRTUAL_PIN ON -to {event_sample[0]}
set_instance_assignment -name VIRTUAL_PIN ON -to {event_sample[1]}
set_instance_assignment -name VIRTUAL_PIN ON -to {event_sample[2]}
set_instance_assignment -name VIRTUAL_PIN ON -to {event_sample[3]}
set_instance_assignment -name VIRTUAL_PIN ON -to {event_sample[4]}
set_instance_assignment -name VIRTUAL_PIN ON -to {event_sample[5]}
set_instance_assignment -name VIRTUAL_PIN ON -to {event_sample[6]}
set_instance_assignment -name VIRTUAL_PIN ON -to {event_sample[7]}
set_instance_assignment -name VIRTUAL_PIN ON -to {event_sample[8]}
set_instance_assignment -name VIRTUAL_PIN ON -to {event_sample[9]}
set_instance_assignment -name VIRTUAL_PIN ON -to {event_sample[10]}
set_instance_assignment -name VIRTUAL_PIN ON -to {event_sample[11]}
set_instance_assignment -name VIRTUAL_PIN ON -to {event_sample[12]}
set_instance_assignment -name VIRTUAL_PIN ON -to {event_sample[13]}
set_instance_assignment -name VIRTUAL_PIN ON -to {event_sample[14]}
set_instance_assignment -name VIRTUAL_PIN ON -to {event_sample[15]}
set_instance_assignment -name VIRTUAL_PIN ON -to {event_sample[16]}
set_instance_assignment -name VIRTUAL_PIN ON -to {event_sample[17]}
set_instance_assignment -name VIRTUAL_PIN ON -to {event_sample[18]}
set_instance_assignment -name VIRTUAL_PIN ON -to {event_sample[19]}
set_instance_assignment -name VIRTUAL_PIN ON -to {event_sample[20]}
set_instance_assignment -name VIRTUAL_PIN ON -to {event_sample[21]}
set_instance_assignment -name VIRTUAL_PIN ON -to {event_sample[22]}
set_instance_assignment -name VIRTUAL_PIN ON -to {event_sample[23]}
set_instance_assignment -name VIRTUAL_PIN ON -to {event_sample[24]}
set_instance_assignment -name VIRTUAL_PIN ON -to {event_sample[25]}
set_instance_assignment -name VIRTUAL_PIN ON -to {event_sample[26]}
set_instance_assignment -name VIRTUAL_PIN ON -to {event_sample[27]}
set_instance_assignment -name VIRTUAL_PIN ON -to {event_sample[28]}
set_instance_assignment -name VIRTUAL_PIN ON -to {event_sample[29]}
set_instance_assignment -name VIRTUAL_PIN ON -to {event_sample[30]}
set_instance_assignment -name VIRTUAL_PIN ON -to {event_sample[31]}
set_instance_assignment -name VIRTUAL_PIN ON -to {event_sample[32]}
set_instance_assignment -name VIRTUAL_PIN ON -to {event_sample[33]}
set_instance_assignment -name VIRTUAL_PIN ON -to {event_sample[34]}
set_instance_assignment -name VIRTUAL_PIN ON -to {event_sample[35]}
set_instance_assignment -name VIRTUAL_PIN ON -to {event_sample[36]}
set_instance_assignment -name VIRTUAL_PIN ON -to {event_sample[37]}
set_instance_assignment -name VIRTUAL_PIN ON -to {event_sample[38]}
set_instance_assignment -name VIRTUAL_PIN ON -to {event_sample[39]}
set_instance_assignment -name VIRTUAL_PIN ON -to {event_sample[40]}
set_instance_assignment -name VIRTUAL_PIN ON -to {event_sample[41]}
set_instance_assignment -name VIRTUAL_PIN ON -to {event_sample[42]}
set_instance_assignment -name VIRTUAL_PIN ON -to {event_sample[43]}
set_instance_assignment -name VIRTUAL_PIN ON -to {event_sample[44]}
set_instance_assignment -name VIRTUAL_PIN ON -to {event_sample[45]}
set_instance_assignment -name VIRTUAL_PIN ON -to {event_sample[46]}
set_instance_assignment -name VIRTUAL_PIN ON -to {event_sample[47]}
set_instance_assignment -name VIRTUAL_PIN ON -to {event_sample[48]}
set_instance_assignment -name VIRTUAL_PIN ON -to {event_sample[49]}
set_instance_assignment -name VIRTUAL_PIN ON -to {event_sample[50]}
set_instance_assignment -name VIRTUAL_PIN ON -to {event_sample[51]}
set_instance_assignment -name VIRTUAL_PIN ON -to {event_sample[52]}
set_instance_assignment -name VIRTUAL_PIN ON -to {event_sample[53]}
set_instance_assignment -name VIRTUAL_PIN ON -to {event_sample[54]}
set_instance_assignment -name VIRTUAL_PIN ON -to {event_sample[55]}
set_instance_assignment -name VIRTUAL_PIN ON -to {event_sample[56]}
set_instance_assignment -name VIRTUAL_PIN ON -to {event_sample[57]}
set_instance_assignment -name VIRTUAL_PIN ON -to {event_sample[58]}
set_instance_assignment -name VIRTUAL_PIN ON -to {event_sample[59]}
set_instance_assignment -name VIRTUAL_PIN ON -to {event_sample[60]}
set_instance_assignment -name VIRTUAL_PIN ON -to {event_sample[61]}
set_instance_assignment -name VIRTUAL_PIN ON -to {event_sample[62]}
set_instance_assignment -name VIRTUAL_PIN ON -to {event_sample[63]}
