set_global_assignment -name FAMILY "Cyclone IV E"
set_global_assignment -name DEVICE EP4CE10F17C8
set_global_assignment -name TOP_LEVEL_ENTITY stack_memory_search
set_global_assignment -name PROJECT_OUTPUT_DIRECTORY output_files
set_global_assignment -name NUM_PARALLEL_PROCESSORS 2
set_global_assignment -name OPTIMIZATION_TECHNIQUE SPEED
set_global_assignment -name SEED 18
set_global_assignment -name SDC_FILE core.sdc
set_location_assignment PIN_C2 -to clk
set_instance_assignment -name IO_STANDARD "3.3-V LVTTL" -to clk

set_global_assignment -name FITTER_EFFORT "STANDARD FIT"

set_global_assignment -name VERILOG_FILE stack_moments.v
set_global_assignment -name VERILOG_FILE stack_correlation.v
set_global_assignment -name VERILOG_FILE stack_match_score.v
set_global_assignment -name VERILOG_FILE stack_peaks.v
set_global_assignment -name VERILOG_FILE stack_search.v
set_global_assignment -name VERILOG_FILE stack_window_reader.v
set_global_assignment -name VERILOG_FILE stack_memory_search.v
set_instance_assignment -name VIRTUAL_PIN ON -to reset
set_instance_assignment -name VIRTUAL_PIN ON -to start
set_instance_assignment -name VIRTUAL_PIN ON -to first_position[0]
set_instance_assignment -name VIRTUAL_PIN ON -to first_position[1]
set_instance_assignment -name VIRTUAL_PIN ON -to first_position[2]
set_instance_assignment -name VIRTUAL_PIN ON -to first_position[3]
set_instance_assignment -name VIRTUAL_PIN ON -to first_position[4]
set_instance_assignment -name VIRTUAL_PIN ON -to first_position[5]
set_instance_assignment -name VIRTUAL_PIN ON -to first_position[6]
set_instance_assignment -name VIRTUAL_PIN ON -to first_position[7]
set_instance_assignment -name VIRTUAL_PIN ON -to first_position[8]
set_instance_assignment -name VIRTUAL_PIN ON -to first_position[9]
set_instance_assignment -name VIRTUAL_PIN ON -to first_position[10]
set_instance_assignment -name VIRTUAL_PIN ON -to first_position[11]
set_instance_assignment -name VIRTUAL_PIN ON -to first_position[12]
set_instance_assignment -name VIRTUAL_PIN ON -to first_position[13]
set_instance_assignment -name VIRTUAL_PIN ON -to first_position[14]
set_instance_assignment -name VIRTUAL_PIN ON -to first_position[15]
set_instance_assignment -name VIRTUAL_PIN ON -to first_position[16]
set_instance_assignment -name VIRTUAL_PIN ON -to first_position[17]
set_instance_assignment -name VIRTUAL_PIN ON -to first_position[18]
set_instance_assignment -name VIRTUAL_PIN ON -to first_position[19]
set_instance_assignment -name VIRTUAL_PIN ON -to first_position[20]
set_instance_assignment -name VIRTUAL_PIN ON -to first_position[21]
set_instance_assignment -name VIRTUAL_PIN ON -to first_position[22]
set_instance_assignment -name VIRTUAL_PIN ON -to first_position[23]
set_instance_assignment -name VIRTUAL_PIN ON -to first_position[24]
set_instance_assignment -name VIRTUAL_PIN ON -to first_position[25]
set_instance_assignment -name VIRTUAL_PIN ON -to first_position[26]
set_instance_assignment -name VIRTUAL_PIN ON -to first_position[27]
set_instance_assignment -name VIRTUAL_PIN ON -to first_position[28]
set_instance_assignment -name VIRTUAL_PIN ON -to first_position[29]
set_instance_assignment -name VIRTUAL_PIN ON -to first_position[30]
set_instance_assignment -name VIRTUAL_PIN ON -to first_position[31]
set_instance_assignment -name VIRTUAL_PIN ON -to window_count[0]
set_instance_assignment -name VIRTUAL_PIN ON -to window_count[1]
set_instance_assignment -name VIRTUAL_PIN ON -to window_count[2]
set_instance_assignment -name VIRTUAL_PIN ON -to window_count[3]
set_instance_assignment -name VIRTUAL_PIN ON -to window_count[4]
set_instance_assignment -name VIRTUAL_PIN ON -to window_count[5]
set_instance_assignment -name VIRTUAL_PIN ON -to window_count[6]
set_instance_assignment -name VIRTUAL_PIN ON -to window_count[7]
set_instance_assignment -name VIRTUAL_PIN ON -to window_count[8]
set_instance_assignment -name VIRTUAL_PIN ON -to window_count[9]
set_instance_assignment -name VIRTUAL_PIN ON -to window_count[10]
set_instance_assignment -name VIRTUAL_PIN ON -to window_count[11]
set_instance_assignment -name VIRTUAL_PIN ON -to window_count[12]
set_instance_assignment -name VIRTUAL_PIN ON -to window_count[13]
set_instance_assignment -name VIRTUAL_PIN ON -to window_count[14]
set_instance_assignment -name VIRTUAL_PIN ON -to window_count[15]
set_instance_assignment -name VIRTUAL_PIN ON -to window_count[16]
set_instance_assignment -name VIRTUAL_PIN ON -to window_count[17]
set_instance_assignment -name VIRTUAL_PIN ON -to window_count[18]
set_instance_assignment -name VIRTUAL_PIN ON -to window_count[19]
set_instance_assignment -name VIRTUAL_PIN ON -to window_count[20]
set_instance_assignment -name VIRTUAL_PIN ON -to window_count[21]
set_instance_assignment -name VIRTUAL_PIN ON -to window_count[22]
set_instance_assignment -name VIRTUAL_PIN ON -to window_count[23]
set_instance_assignment -name VIRTUAL_PIN ON -to window_count[24]
set_instance_assignment -name VIRTUAL_PIN ON -to window_count[25]
set_instance_assignment -name VIRTUAL_PIN ON -to window_count[26]
set_instance_assignment -name VIRTUAL_PIN ON -to window_count[27]
set_instance_assignment -name VIRTUAL_PIN ON -to window_count[28]
set_instance_assignment -name VIRTUAL_PIN ON -to window_count[29]
set_instance_assignment -name VIRTUAL_PIN ON -to window_count[30]
set_instance_assignment -name VIRTUAL_PIN ON -to window_count[31]
set_instance_assignment -name VIRTUAL_PIN ON -to gate_length[0]
set_instance_assignment -name VIRTUAL_PIN ON -to gate_length[1]
set_instance_assignment -name VIRTUAL_PIN ON -to gate_length[2]
set_instance_assignment -name VIRTUAL_PIN ON -to gate_length[3]
set_instance_assignment -name VIRTUAL_PIN ON -to gate_length[4]
set_instance_assignment -name VIRTUAL_PIN ON -to gate_length[5]
set_instance_assignment -name VIRTUAL_PIN ON -to gate_length[6]
set_instance_assignment -name VIRTUAL_PIN ON -to gate_length[7]
set_instance_assignment -name VIRTUAL_PIN ON -to gate_length[8]
set_instance_assignment -name VIRTUAL_PIN ON -to gate_length[9]
set_instance_assignment -name VIRTUAL_PIN ON -to gate_length[10]
set_instance_assignment -name VIRTUAL_PIN ON -to gate_length[11]
set_instance_assignment -name VIRTUAL_PIN ON -to gate_length[12]
set_instance_assignment -name VIRTUAL_PIN ON -to gate_length[13]
set_instance_assignment -name VIRTUAL_PIN ON -to gate_length[14]
set_instance_assignment -name VIRTUAL_PIN ON -to gate_length[15]
set_instance_assignment -name VIRTUAL_PIN ON -to gate_length[16]
set_instance_assignment -name VIRTUAL_PIN ON -to gate_length[17]
set_instance_assignment -name VIRTUAL_PIN ON -to gate_length[18]
set_instance_assignment -name VIRTUAL_PIN ON -to gate_length[19]
set_instance_assignment -name VIRTUAL_PIN ON -to gate_length[20]
set_instance_assignment -name VIRTUAL_PIN ON -to gate_length[21]
set_instance_assignment -name VIRTUAL_PIN ON -to gate_length[22]
set_instance_assignment -name VIRTUAL_PIN ON -to gate_length[23]
set_instance_assignment -name VIRTUAL_PIN ON -to gate_length[24]
set_instance_assignment -name VIRTUAL_PIN ON -to gate_length[25]
set_instance_assignment -name VIRTUAL_PIN ON -to gate_length[26]
set_instance_assignment -name VIRTUAL_PIN ON -to gate_length[27]
set_instance_assignment -name VIRTUAL_PIN ON -to gate_length[28]
set_instance_assignment -name VIRTUAL_PIN ON -to gate_length[29]
set_instance_assignment -name VIRTUAL_PIN ON -to gate_length[30]
set_instance_assignment -name VIRTUAL_PIN ON -to gate_length[31]
set_instance_assignment -name VIRTUAL_PIN ON -to record_samples[0]
set_instance_assignment -name VIRTUAL_PIN ON -to record_samples[1]
set_instance_assignment -name VIRTUAL_PIN ON -to record_samples[2]
set_instance_assignment -name VIRTUAL_PIN ON -to record_samples[3]
set_instance_assignment -name VIRTUAL_PIN ON -to record_samples[4]
set_instance_assignment -name VIRTUAL_PIN ON -to record_samples[5]
set_instance_assignment -name VIRTUAL_PIN ON -to record_samples[6]
set_instance_assignment -name VIRTUAL_PIN ON -to record_samples[7]
set_instance_assignment -name VIRTUAL_PIN ON -to record_samples[8]
set_instance_assignment -name VIRTUAL_PIN ON -to record_samples[9]
set_instance_assignment -name VIRTUAL_PIN ON -to record_samples[10]
set_instance_assignment -name VIRTUAL_PIN ON -to record_samples[11]
set_instance_assignment -name VIRTUAL_PIN ON -to record_samples[12]
set_instance_assignment -name VIRTUAL_PIN ON -to record_samples[13]
set_instance_assignment -name VIRTUAL_PIN ON -to record_samples[14]
set_instance_assignment -name VIRTUAL_PIN ON -to record_samples[15]
set_instance_assignment -name VIRTUAL_PIN ON -to record_samples[16]
set_instance_assignment -name VIRTUAL_PIN ON -to record_samples[17]
set_instance_assignment -name VIRTUAL_PIN ON -to record_samples[18]
set_instance_assignment -name VIRTUAL_PIN ON -to record_samples[19]
set_instance_assignment -name VIRTUAL_PIN ON -to record_samples[20]
set_instance_assignment -name VIRTUAL_PIN ON -to record_samples[21]
set_instance_assignment -name VIRTUAL_PIN ON -to record_samples[22]
set_instance_assignment -name VIRTUAL_PIN ON -to record_samples[23]
set_instance_assignment -name VIRTUAL_PIN ON -to record_samples[24]
set_instance_assignment -name VIRTUAL_PIN ON -to record_samples[25]
set_instance_assignment -name VIRTUAL_PIN ON -to record_samples[26]
set_instance_assignment -name VIRTUAL_PIN ON -to record_samples[27]
set_instance_assignment -name VIRTUAL_PIN ON -to record_samples[28]
set_instance_assignment -name VIRTUAL_PIN ON -to record_samples[29]
set_instance_assignment -name VIRTUAL_PIN ON -to record_samples[30]
set_instance_assignment -name VIRTUAL_PIN ON -to record_samples[31]
set_instance_assignment -name VIRTUAL_PIN ON -to reference_samples[0]
set_instance_assignment -name VIRTUAL_PIN ON -to reference_samples[1]
set_instance_assignment -name VIRTUAL_PIN ON -to reference_samples[2]
set_instance_assignment -name VIRTUAL_PIN ON -to reference_samples[3]
set_instance_assignment -name VIRTUAL_PIN ON -to reference_samples[4]
set_instance_assignment -name VIRTUAL_PIN ON -to reference_samples[5]
set_instance_assignment -name VIRTUAL_PIN ON -to reference_samples[6]
set_instance_assignment -name VIRTUAL_PIN ON -to reference_samples[7]
set_instance_assignment -name VIRTUAL_PIN ON -to reference_samples[8]
set_instance_assignment -name VIRTUAL_PIN ON -to reference_samples[9]
set_instance_assignment -name VIRTUAL_PIN ON -to reference_samples[10]
set_instance_assignment -name VIRTUAL_PIN ON -to reference_samples[11]
set_instance_assignment -name VIRTUAL_PIN ON -to reference_samples[12]
set_instance_assignment -name VIRTUAL_PIN ON -to reference_samples[13]
set_instance_assignment -name VIRTUAL_PIN ON -to reference_samples[14]
set_instance_assignment -name VIRTUAL_PIN ON -to reference_samples[15]
set_instance_assignment -name VIRTUAL_PIN ON -to reference_samples[16]
set_instance_assignment -name VIRTUAL_PIN ON -to reference_samples[17]
set_instance_assignment -name VIRTUAL_PIN ON -to reference_samples[18]
set_instance_assignment -name VIRTUAL_PIN ON -to reference_samples[19]
set_instance_assignment -name VIRTUAL_PIN ON -to reference_samples[20]
set_instance_assignment -name VIRTUAL_PIN ON -to reference_samples[21]
set_instance_assignment -name VIRTUAL_PIN ON -to reference_samples[22]
set_instance_assignment -name VIRTUAL_PIN ON -to reference_samples[23]
set_instance_assignment -name VIRTUAL_PIN ON -to reference_samples[24]
set_instance_assignment -name VIRTUAL_PIN ON -to reference_samples[25]
set_instance_assignment -name VIRTUAL_PIN ON -to reference_samples[26]
set_instance_assignment -name VIRTUAL_PIN ON -to reference_samples[27]
set_instance_assignment -name VIRTUAL_PIN ON -to reference_samples[28]
set_instance_assignment -name VIRTUAL_PIN ON -to reference_samples[29]
set_instance_assignment -name VIRTUAL_PIN ON -to reference_samples[30]
set_instance_assignment -name VIRTUAL_PIN ON -to reference_samples[31]
set_instance_assignment -name VIRTUAL_PIN ON -to min_separation[0]
set_instance_assignment -name VIRTUAL_PIN ON -to min_separation[1]
set_instance_assignment -name VIRTUAL_PIN ON -to min_separation[2]
set_instance_assignment -name VIRTUAL_PIN ON -to min_separation[3]
set_instance_assignment -name VIRTUAL_PIN ON -to min_separation[4]
set_instance_assignment -name VIRTUAL_PIN ON -to min_separation[5]
set_instance_assignment -name VIRTUAL_PIN ON -to min_separation[6]
set_instance_assignment -name VIRTUAL_PIN ON -to min_separation[7]
set_instance_assignment -name VIRTUAL_PIN ON -to min_separation[8]
set_instance_assignment -name VIRTUAL_PIN ON -to min_separation[9]
set_instance_assignment -name VIRTUAL_PIN ON -to min_separation[10]
set_instance_assignment -name VIRTUAL_PIN ON -to min_separation[11]
set_instance_assignment -name VIRTUAL_PIN ON -to min_separation[12]
set_instance_assignment -name VIRTUAL_PIN ON -to min_separation[13]
set_instance_assignment -name VIRTUAL_PIN ON -to min_separation[14]
set_instance_assignment -name VIRTUAL_PIN ON -to min_separation[15]
set_instance_assignment -name VIRTUAL_PIN ON -to min_separation[16]
set_instance_assignment -name VIRTUAL_PIN ON -to min_separation[17]
set_instance_assignment -name VIRTUAL_PIN ON -to min_separation[18]
set_instance_assignment -name VIRTUAL_PIN ON -to min_separation[19]
set_instance_assignment -name VIRTUAL_PIN ON -to min_separation[20]
set_instance_assignment -name VIRTUAL_PIN ON -to min_separation[21]
set_instance_assignment -name VIRTUAL_PIN ON -to min_separation[22]
set_instance_assignment -name VIRTUAL_PIN ON -to min_separation[23]
set_instance_assignment -name VIRTUAL_PIN ON -to min_separation[24]
set_instance_assignment -name VIRTUAL_PIN ON -to min_separation[25]
set_instance_assignment -name VIRTUAL_PIN ON -to min_separation[26]
set_instance_assignment -name VIRTUAL_PIN ON -to min_separation[27]
set_instance_assignment -name VIRTUAL_PIN ON -to min_separation[28]
set_instance_assignment -name VIRTUAL_PIN ON -to min_separation[29]
set_instance_assignment -name VIRTUAL_PIN ON -to min_separation[30]
set_instance_assignment -name VIRTUAL_PIN ON -to min_separation[31]
set_instance_assignment -name VIRTUAL_PIN ON -to threshold[0]
set_instance_assignment -name VIRTUAL_PIN ON -to threshold[1]
set_instance_assignment -name VIRTUAL_PIN ON -to threshold[2]
set_instance_assignment -name VIRTUAL_PIN ON -to threshold[3]
set_instance_assignment -name VIRTUAL_PIN ON -to threshold[4]
set_instance_assignment -name VIRTUAL_PIN ON -to threshold[5]
set_instance_assignment -name VIRTUAL_PIN ON -to threshold[6]
set_instance_assignment -name VIRTUAL_PIN ON -to threshold[7]
set_instance_assignment -name VIRTUAL_PIN ON -to threshold[8]
set_instance_assignment -name VIRTUAL_PIN ON -to threshold[9]
set_instance_assignment -name VIRTUAL_PIN ON -to threshold[10]
set_instance_assignment -name VIRTUAL_PIN ON -to threshold[11]
set_instance_assignment -name VIRTUAL_PIN ON -to threshold[12]
set_instance_assignment -name VIRTUAL_PIN ON -to threshold[13]
set_instance_assignment -name VIRTUAL_PIN ON -to threshold[14]
set_instance_assignment -name VIRTUAL_PIN ON -to threshold[15]
set_instance_assignment -name VIRTUAL_PIN ON -to threshold[16]
set_instance_assignment -name VIRTUAL_PIN ON -to threshold[17]
set_instance_assignment -name VIRTUAL_PIN ON -to threshold[18]
set_instance_assignment -name VIRTUAL_PIN ON -to threshold[19]
set_instance_assignment -name VIRTUAL_PIN ON -to threshold[20]
set_instance_assignment -name VIRTUAL_PIN ON -to threshold[21]
set_instance_assignment -name VIRTUAL_PIN ON -to threshold[22]
set_instance_assignment -name VIRTUAL_PIN ON -to threshold[23]
set_instance_assignment -name VIRTUAL_PIN ON -to threshold[24]
set_instance_assignment -name VIRTUAL_PIN ON -to threshold[25]
set_instance_assignment -name VIRTUAL_PIN ON -to threshold[26]
set_instance_assignment -name VIRTUAL_PIN ON -to threshold[27]
set_instance_assignment -name VIRTUAL_PIN ON -to threshold[28]
set_instance_assignment -name VIRTUAL_PIN ON -to threshold[29]
set_instance_assignment -name VIRTUAL_PIN ON -to threshold[30]
set_instance_assignment -name VIRTUAL_PIN ON -to threshold[31]
set_instance_assignment -name VIRTUAL_PIN ON -to threshold[32]
set_instance_assignment -name VIRTUAL_PIN ON -to threshold[33]
set_instance_assignment -name VIRTUAL_PIN ON -to threshold[34]
set_instance_assignment -name VIRTUAL_PIN ON -to threshold[35]
set_instance_assignment -name VIRTUAL_PIN ON -to threshold[36]
set_instance_assignment -name VIRTUAL_PIN ON -to threshold[37]
set_instance_assignment -name VIRTUAL_PIN ON -to threshold[38]
set_instance_assignment -name VIRTUAL_PIN ON -to threshold[39]
set_instance_assignment -name VIRTUAL_PIN ON -to threshold[40]
set_instance_assignment -name VIRTUAL_PIN ON -to threshold[41]
set_instance_assignment -name VIRTUAL_PIN ON -to threshold[42]
set_instance_assignment -name VIRTUAL_PIN ON -to threshold[43]
set_instance_assignment -name VIRTUAL_PIN ON -to threshold[44]
set_instance_assignment -name VIRTUAL_PIN ON -to threshold[45]
set_instance_assignment -name VIRTUAL_PIN ON -to threshold[46]
set_instance_assignment -name VIRTUAL_PIN ON -to threshold[47]
set_instance_assignment -name VIRTUAL_PIN ON -to threshold[48]
set_instance_assignment -name VIRTUAL_PIN ON -to threshold[49]
set_instance_assignment -name VIRTUAL_PIN ON -to request_valid
set_instance_assignment -name VIRTUAL_PIN ON -to request_ready
set_instance_assignment -name VIRTUAL_PIN ON -to reference_address[0]
set_instance_assignment -name VIRTUAL_PIN ON -to reference_address[1]
set_instance_assignment -name VIRTUAL_PIN ON -to reference_address[2]
set_instance_assignment -name VIRTUAL_PIN ON -to reference_address[3]
set_instance_assignment -name VIRTUAL_PIN ON -to reference_address[4]
set_instance_assignment -name VIRTUAL_PIN ON -to reference_address[5]
set_instance_assignment -name VIRTUAL_PIN ON -to reference_address[6]
set_instance_assignment -name VIRTUAL_PIN ON -to reference_address[7]
set_instance_assignment -name VIRTUAL_PIN ON -to reference_address[8]
set_instance_assignment -name VIRTUAL_PIN ON -to reference_address[9]
set_instance_assignment -name VIRTUAL_PIN ON -to reference_address[10]
set_instance_assignment -name VIRTUAL_PIN ON -to reference_address[11]
set_instance_assignment -name VIRTUAL_PIN ON -to reference_address[12]
set_instance_assignment -name VIRTUAL_PIN ON -to reference_address[13]
set_instance_assignment -name VIRTUAL_PIN ON -to reference_address[14]
set_instance_assignment -name VIRTUAL_PIN ON -to reference_address[15]
set_instance_assignment -name VIRTUAL_PIN ON -to reference_address[16]
set_instance_assignment -name VIRTUAL_PIN ON -to reference_address[17]
set_instance_assignment -name VIRTUAL_PIN ON -to reference_address[18]
set_instance_assignment -name VIRTUAL_PIN ON -to reference_address[19]
set_instance_assignment -name VIRTUAL_PIN ON -to reference_address[20]
set_instance_assignment -name VIRTUAL_PIN ON -to reference_address[21]
set_instance_assignment -name VIRTUAL_PIN ON -to reference_address[22]
set_instance_assignment -name VIRTUAL_PIN ON -to reference_address[23]
set_instance_assignment -name VIRTUAL_PIN ON -to reference_address[24]
set_instance_assignment -name VIRTUAL_PIN ON -to reference_address[25]
set_instance_assignment -name VIRTUAL_PIN ON -to reference_address[26]
set_instance_assignment -name VIRTUAL_PIN ON -to reference_address[27]
set_instance_assignment -name VIRTUAL_PIN ON -to reference_address[28]
set_instance_assignment -name VIRTUAL_PIN ON -to reference_address[29]
set_instance_assignment -name VIRTUAL_PIN ON -to reference_address[30]
set_instance_assignment -name VIRTUAL_PIN ON -to reference_address[31]
set_instance_assignment -name VIRTUAL_PIN ON -to candidate_address[0]
set_instance_assignment -name VIRTUAL_PIN ON -to candidate_address[1]
set_instance_assignment -name VIRTUAL_PIN ON -to candidate_address[2]
set_instance_assignment -name VIRTUAL_PIN ON -to candidate_address[3]
set_instance_assignment -name VIRTUAL_PIN ON -to candidate_address[4]
set_instance_assignment -name VIRTUAL_PIN ON -to candidate_address[5]
set_instance_assignment -name VIRTUAL_PIN ON -to candidate_address[6]
set_instance_assignment -name VIRTUAL_PIN ON -to candidate_address[7]
set_instance_assignment -name VIRTUAL_PIN ON -to candidate_address[8]
set_instance_assignment -name VIRTUAL_PIN ON -to candidate_address[9]
set_instance_assignment -name VIRTUAL_PIN ON -to candidate_address[10]
set_instance_assignment -name VIRTUAL_PIN ON -to candidate_address[11]
set_instance_assignment -name VIRTUAL_PIN ON -to candidate_address[12]
set_instance_assignment -name VIRTUAL_PIN ON -to candidate_address[13]
set_instance_assignment -name VIRTUAL_PIN ON -to candidate_address[14]
set_instance_assignment -name VIRTUAL_PIN ON -to candidate_address[15]
set_instance_assignment -name VIRTUAL_PIN ON -to candidate_address[16]
set_instance_assignment -name VIRTUAL_PIN ON -to candidate_address[17]
set_instance_assignment -name VIRTUAL_PIN ON -to candidate_address[18]
set_instance_assignment -name VIRTUAL_PIN ON -to candidate_address[19]
set_instance_assignment -name VIRTUAL_PIN ON -to candidate_address[20]
set_instance_assignment -name VIRTUAL_PIN ON -to candidate_address[21]
set_instance_assignment -name VIRTUAL_PIN ON -to candidate_address[22]
set_instance_assignment -name VIRTUAL_PIN ON -to candidate_address[23]
set_instance_assignment -name VIRTUAL_PIN ON -to candidate_address[24]
set_instance_assignment -name VIRTUAL_PIN ON -to candidate_address[25]
set_instance_assignment -name VIRTUAL_PIN ON -to candidate_address[26]
set_instance_assignment -name VIRTUAL_PIN ON -to candidate_address[27]
set_instance_assignment -name VIRTUAL_PIN ON -to candidate_address[28]
set_instance_assignment -name VIRTUAL_PIN ON -to candidate_address[29]
set_instance_assignment -name VIRTUAL_PIN ON -to candidate_address[30]
set_instance_assignment -name VIRTUAL_PIN ON -to candidate_address[31]
set_instance_assignment -name VIRTUAL_PIN ON -to response_valid
set_instance_assignment -name VIRTUAL_PIN ON -to response_error
set_instance_assignment -name VIRTUAL_PIN ON -to reference_data[0]
set_instance_assignment -name VIRTUAL_PIN ON -to reference_data[1]
set_instance_assignment -name VIRTUAL_PIN ON -to reference_data[2]
set_instance_assignment -name VIRTUAL_PIN ON -to reference_data[3]
set_instance_assignment -name VIRTUAL_PIN ON -to reference_data[4]
set_instance_assignment -name VIRTUAL_PIN ON -to reference_data[5]
set_instance_assignment -name VIRTUAL_PIN ON -to reference_data[6]
set_instance_assignment -name VIRTUAL_PIN ON -to reference_data[7]
set_instance_assignment -name VIRTUAL_PIN ON -to candidate_data[0]
set_instance_assignment -name VIRTUAL_PIN ON -to candidate_data[1]
set_instance_assignment -name VIRTUAL_PIN ON -to candidate_data[2]
set_instance_assignment -name VIRTUAL_PIN ON -to candidate_data[3]
set_instance_assignment -name VIRTUAL_PIN ON -to candidate_data[4]
set_instance_assignment -name VIRTUAL_PIN ON -to candidate_data[5]
set_instance_assignment -name VIRTUAL_PIN ON -to candidate_data[6]
set_instance_assignment -name VIRTUAL_PIN ON -to candidate_data[7]
set_instance_assignment -name VIRTUAL_PIN ON -to response_ready
set_instance_assignment -name VIRTUAL_PIN ON -to candidate_valid
set_instance_assignment -name VIRTUAL_PIN ON -to verdict_valid
set_instance_assignment -name VIRTUAL_PIN ON -to verdict_accept
set_instance_assignment -name VIRTUAL_PIN ON -to candidate_position[0]
set_instance_assignment -name VIRTUAL_PIN ON -to candidate_position[1]
set_instance_assignment -name VIRTUAL_PIN ON -to candidate_position[2]
set_instance_assignment -name VIRTUAL_PIN ON -to candidate_position[3]
set_instance_assignment -name VIRTUAL_PIN ON -to candidate_position[4]
set_instance_assignment -name VIRTUAL_PIN ON -to candidate_position[5]
set_instance_assignment -name VIRTUAL_PIN ON -to candidate_position[6]
set_instance_assignment -name VIRTUAL_PIN ON -to candidate_position[7]
set_instance_assignment -name VIRTUAL_PIN ON -to candidate_position[8]
set_instance_assignment -name VIRTUAL_PIN ON -to candidate_position[9]
set_instance_assignment -name VIRTUAL_PIN ON -to candidate_position[10]
set_instance_assignment -name VIRTUAL_PIN ON -to candidate_position[11]
set_instance_assignment -name VIRTUAL_PIN ON -to candidate_position[12]
set_instance_assignment -name VIRTUAL_PIN ON -to candidate_position[13]
set_instance_assignment -name VIRTUAL_PIN ON -to candidate_position[14]
set_instance_assignment -name VIRTUAL_PIN ON -to candidate_position[15]
set_instance_assignment -name VIRTUAL_PIN ON -to candidate_position[16]
set_instance_assignment -name VIRTUAL_PIN ON -to candidate_position[17]
set_instance_assignment -name VIRTUAL_PIN ON -to candidate_position[18]
set_instance_assignment -name VIRTUAL_PIN ON -to candidate_position[19]
set_instance_assignment -name VIRTUAL_PIN ON -to candidate_position[20]
set_instance_assignment -name VIRTUAL_PIN ON -to candidate_position[21]
set_instance_assignment -name VIRTUAL_PIN ON -to candidate_position[22]
set_instance_assignment -name VIRTUAL_PIN ON -to candidate_position[23]
set_instance_assignment -name VIRTUAL_PIN ON -to candidate_position[24]
set_instance_assignment -name VIRTUAL_PIN ON -to candidate_position[25]
set_instance_assignment -name VIRTUAL_PIN ON -to candidate_position[26]
set_instance_assignment -name VIRTUAL_PIN ON -to candidate_position[27]
set_instance_assignment -name VIRTUAL_PIN ON -to candidate_position[28]
set_instance_assignment -name VIRTUAL_PIN ON -to candidate_position[29]
set_instance_assignment -name VIRTUAL_PIN ON -to candidate_position[30]
set_instance_assignment -name VIRTUAL_PIN ON -to candidate_position[31]
set_instance_assignment -name VIRTUAL_PIN ON -to candidate_score[0]
set_instance_assignment -name VIRTUAL_PIN ON -to candidate_score[1]
set_instance_assignment -name VIRTUAL_PIN ON -to candidate_score[2]
set_instance_assignment -name VIRTUAL_PIN ON -to candidate_score[3]
set_instance_assignment -name VIRTUAL_PIN ON -to candidate_score[4]
set_instance_assignment -name VIRTUAL_PIN ON -to candidate_score[5]
set_instance_assignment -name VIRTUAL_PIN ON -to candidate_score[6]
set_instance_assignment -name VIRTUAL_PIN ON -to candidate_score[7]
set_instance_assignment -name VIRTUAL_PIN ON -to candidate_score[8]
set_instance_assignment -name VIRTUAL_PIN ON -to candidate_score[9]
set_instance_assignment -name VIRTUAL_PIN ON -to candidate_score[10]
set_instance_assignment -name VIRTUAL_PIN ON -to candidate_score[11]
set_instance_assignment -name VIRTUAL_PIN ON -to candidate_score[12]
set_instance_assignment -name VIRTUAL_PIN ON -to candidate_score[13]
set_instance_assignment -name VIRTUAL_PIN ON -to candidate_score[14]
set_instance_assignment -name VIRTUAL_PIN ON -to candidate_score[15]
set_instance_assignment -name VIRTUAL_PIN ON -to candidate_score[16]
set_instance_assignment -name VIRTUAL_PIN ON -to candidate_score[17]
set_instance_assignment -name VIRTUAL_PIN ON -to candidate_score[18]
set_instance_assignment -name VIRTUAL_PIN ON -to candidate_score[19]
set_instance_assignment -name VIRTUAL_PIN ON -to candidate_score[20]
set_instance_assignment -name VIRTUAL_PIN ON -to candidate_score[21]
set_instance_assignment -name VIRTUAL_PIN ON -to candidate_score[22]
set_instance_assignment -name VIRTUAL_PIN ON -to candidate_score[23]
set_instance_assignment -name VIRTUAL_PIN ON -to candidate_score[24]
set_instance_assignment -name VIRTUAL_PIN ON -to candidate_score[25]
set_instance_assignment -name VIRTUAL_PIN ON -to candidate_score[26]
set_instance_assignment -name VIRTUAL_PIN ON -to candidate_score[27]
set_instance_assignment -name VIRTUAL_PIN ON -to candidate_score[28]
set_instance_assignment -name VIRTUAL_PIN ON -to candidate_score[29]
set_instance_assignment -name VIRTUAL_PIN ON -to candidate_score[30]
set_instance_assignment -name VIRTUAL_PIN ON -to candidate_score[31]
set_instance_assignment -name VIRTUAL_PIN ON -to candidate_score[32]
set_instance_assignment -name VIRTUAL_PIN ON -to candidate_score[33]
set_instance_assignment -name VIRTUAL_PIN ON -to candidate_score[34]
set_instance_assignment -name VIRTUAL_PIN ON -to candidate_score[35]
set_instance_assignment -name VIRTUAL_PIN ON -to candidate_score[36]
set_instance_assignment -name VIRTUAL_PIN ON -to candidate_score[37]
set_instance_assignment -name VIRTUAL_PIN ON -to candidate_score[38]
set_instance_assignment -name VIRTUAL_PIN ON -to candidate_score[39]
set_instance_assignment -name VIRTUAL_PIN ON -to candidate_score[40]
set_instance_assignment -name VIRTUAL_PIN ON -to candidate_score[41]
set_instance_assignment -name VIRTUAL_PIN ON -to candidate_score[42]
set_instance_assignment -name VIRTUAL_PIN ON -to candidate_score[43]
set_instance_assignment -name VIRTUAL_PIN ON -to candidate_score[44]
set_instance_assignment -name VIRTUAL_PIN ON -to candidate_score[45]
set_instance_assignment -name VIRTUAL_PIN ON -to candidate_score[46]
set_instance_assignment -name VIRTUAL_PIN ON -to candidate_score[47]
set_instance_assignment -name VIRTUAL_PIN ON -to candidate_score[48]
set_instance_assignment -name VIRTUAL_PIN ON -to candidate_score[49]
set_instance_assignment -name VIRTUAL_PIN ON -to left_score[0]
set_instance_assignment -name VIRTUAL_PIN ON -to left_score[1]
set_instance_assignment -name VIRTUAL_PIN ON -to left_score[2]
set_instance_assignment -name VIRTUAL_PIN ON -to left_score[3]
set_instance_assignment -name VIRTUAL_PIN ON -to left_score[4]
set_instance_assignment -name VIRTUAL_PIN ON -to left_score[5]
set_instance_assignment -name VIRTUAL_PIN ON -to left_score[6]
set_instance_assignment -name VIRTUAL_PIN ON -to left_score[7]
set_instance_assignment -name VIRTUAL_PIN ON -to left_score[8]
set_instance_assignment -name VIRTUAL_PIN ON -to left_score[9]
set_instance_assignment -name VIRTUAL_PIN ON -to left_score[10]
set_instance_assignment -name VIRTUAL_PIN ON -to left_score[11]
set_instance_assignment -name VIRTUAL_PIN ON -to left_score[12]
set_instance_assignment -name VIRTUAL_PIN ON -to left_score[13]
set_instance_assignment -name VIRTUAL_PIN ON -to left_score[14]
set_instance_assignment -name VIRTUAL_PIN ON -to left_score[15]
set_instance_assignment -name VIRTUAL_PIN ON -to left_score[16]
set_instance_assignment -name VIRTUAL_PIN ON -to left_score[17]
set_instance_assignment -name VIRTUAL_PIN ON -to left_score[18]
set_instance_assignment -name VIRTUAL_PIN ON -to left_score[19]
set_instance_assignment -name VIRTUAL_PIN ON -to left_score[20]
set_instance_assignment -name VIRTUAL_PIN ON -to left_score[21]
set_instance_assignment -name VIRTUAL_PIN ON -to left_score[22]
set_instance_assignment -name VIRTUAL_PIN ON -to left_score[23]
set_instance_assignment -name VIRTUAL_PIN ON -to left_score[24]
set_instance_assignment -name VIRTUAL_PIN ON -to left_score[25]
set_instance_assignment -name VIRTUAL_PIN ON -to left_score[26]
set_instance_assignment -name VIRTUAL_PIN ON -to left_score[27]
set_instance_assignment -name VIRTUAL_PIN ON -to left_score[28]
set_instance_assignment -name VIRTUAL_PIN ON -to left_score[29]
set_instance_assignment -name VIRTUAL_PIN ON -to left_score[30]
set_instance_assignment -name VIRTUAL_PIN ON -to left_score[31]
set_instance_assignment -name VIRTUAL_PIN ON -to left_score[32]
set_instance_assignment -name VIRTUAL_PIN ON -to left_score[33]
set_instance_assignment -name VIRTUAL_PIN ON -to left_score[34]
set_instance_assignment -name VIRTUAL_PIN ON -to left_score[35]
set_instance_assignment -name VIRTUAL_PIN ON -to left_score[36]
set_instance_assignment -name VIRTUAL_PIN ON -to left_score[37]
set_instance_assignment -name VIRTUAL_PIN ON -to left_score[38]
set_instance_assignment -name VIRTUAL_PIN ON -to left_score[39]
set_instance_assignment -name VIRTUAL_PIN ON -to left_score[40]
set_instance_assignment -name VIRTUAL_PIN ON -to left_score[41]
set_instance_assignment -name VIRTUAL_PIN ON -to left_score[42]
set_instance_assignment -name VIRTUAL_PIN ON -to left_score[43]
set_instance_assignment -name VIRTUAL_PIN ON -to left_score[44]
set_instance_assignment -name VIRTUAL_PIN ON -to left_score[45]
set_instance_assignment -name VIRTUAL_PIN ON -to left_score[46]
set_instance_assignment -name VIRTUAL_PIN ON -to left_score[47]
set_instance_assignment -name VIRTUAL_PIN ON -to left_score[48]
set_instance_assignment -name VIRTUAL_PIN ON -to left_score[49]
set_instance_assignment -name VIRTUAL_PIN ON -to right_score[0]
set_instance_assignment -name VIRTUAL_PIN ON -to right_score[1]
set_instance_assignment -name VIRTUAL_PIN ON -to right_score[2]
set_instance_assignment -name VIRTUAL_PIN ON -to right_score[3]
set_instance_assignment -name VIRTUAL_PIN ON -to right_score[4]
set_instance_assignment -name VIRTUAL_PIN ON -to right_score[5]
set_instance_assignment -name VIRTUAL_PIN ON -to right_score[6]
set_instance_assignment -name VIRTUAL_PIN ON -to right_score[7]
set_instance_assignment -name VIRTUAL_PIN ON -to right_score[8]
set_instance_assignment -name VIRTUAL_PIN ON -to right_score[9]
set_instance_assignment -name VIRTUAL_PIN ON -to right_score[10]
set_instance_assignment -name VIRTUAL_PIN ON -to right_score[11]
set_instance_assignment -name VIRTUAL_PIN ON -to right_score[12]
set_instance_assignment -name VIRTUAL_PIN ON -to right_score[13]
set_instance_assignment -name VIRTUAL_PIN ON -to right_score[14]
set_instance_assignment -name VIRTUAL_PIN ON -to right_score[15]
set_instance_assignment -name VIRTUAL_PIN ON -to right_score[16]
set_instance_assignment -name VIRTUAL_PIN ON -to right_score[17]
set_instance_assignment -name VIRTUAL_PIN ON -to right_score[18]
set_instance_assignment -name VIRTUAL_PIN ON -to right_score[19]
set_instance_assignment -name VIRTUAL_PIN ON -to right_score[20]
set_instance_assignment -name VIRTUAL_PIN ON -to right_score[21]
set_instance_assignment -name VIRTUAL_PIN ON -to right_score[22]
set_instance_assignment -name VIRTUAL_PIN ON -to right_score[23]
set_instance_assignment -name VIRTUAL_PIN ON -to right_score[24]
set_instance_assignment -name VIRTUAL_PIN ON -to right_score[25]
set_instance_assignment -name VIRTUAL_PIN ON -to right_score[26]
set_instance_assignment -name VIRTUAL_PIN ON -to right_score[27]
set_instance_assignment -name VIRTUAL_PIN ON -to right_score[28]
set_instance_assignment -name VIRTUAL_PIN ON -to right_score[29]
set_instance_assignment -name VIRTUAL_PIN ON -to right_score[30]
set_instance_assignment -name VIRTUAL_PIN ON -to right_score[31]
set_instance_assignment -name VIRTUAL_PIN ON -to right_score[32]
set_instance_assignment -name VIRTUAL_PIN ON -to right_score[33]
set_instance_assignment -name VIRTUAL_PIN ON -to right_score[34]
set_instance_assignment -name VIRTUAL_PIN ON -to right_score[35]
set_instance_assignment -name VIRTUAL_PIN ON -to right_score[36]
set_instance_assignment -name VIRTUAL_PIN ON -to right_score[37]
set_instance_assignment -name VIRTUAL_PIN ON -to right_score[38]
set_instance_assignment -name VIRTUAL_PIN ON -to right_score[39]
set_instance_assignment -name VIRTUAL_PIN ON -to right_score[40]
set_instance_assignment -name VIRTUAL_PIN ON -to right_score[41]
set_instance_assignment -name VIRTUAL_PIN ON -to right_score[42]
set_instance_assignment -name VIRTUAL_PIN ON -to right_score[43]
set_instance_assignment -name VIRTUAL_PIN ON -to right_score[44]
set_instance_assignment -name VIRTUAL_PIN ON -to right_score[45]
set_instance_assignment -name VIRTUAL_PIN ON -to right_score[46]
set_instance_assignment -name VIRTUAL_PIN ON -to right_score[47]
set_instance_assignment -name VIRTUAL_PIN ON -to right_score[48]
set_instance_assignment -name VIRTUAL_PIN ON -to right_score[49]
set_instance_assignment -name VIRTUAL_PIN ON -to left_present
set_instance_assignment -name VIRTUAL_PIN ON -to right_present
set_instance_assignment -name VIRTUAL_PIN ON -to busy
set_instance_assignment -name VIRTUAL_PIN ON -to done
set_instance_assignment -name VIRTUAL_PIN ON -to invalid

set_global_assignment -name LAST_QUARTUS_VERSION "21.1.0 Lite Edition"
set_global_assignment -name VERILOG_FILE stack_alignment.v
set_instance_assignment -name VIRTUAL_PIN ON -to candidate_delta[0]
set_instance_assignment -name VIRTUAL_PIN ON -to candidate_delta[1]
set_instance_assignment -name VIRTUAL_PIN ON -to candidate_delta[2]
set_instance_assignment -name VIRTUAL_PIN ON -to candidate_delta[3]
set_instance_assignment -name VIRTUAL_PIN ON -to candidate_delta[4]
set_instance_assignment -name VIRTUAL_PIN ON -to candidate_delta[5]
set_instance_assignment -name VIRTUAL_PIN ON -to candidate_delta[6]
set_instance_assignment -name VIRTUAL_PIN ON -to candidate_delta[7]
set_instance_assignment -name VIRTUAL_PIN ON -to candidate_delta[8]
set_instance_assignment -name VIRTUAL_PIN ON -to candidate_delta[9]
set_instance_assignment -name VIRTUAL_PIN ON -to candidate_delta[10]
set_instance_assignment -name VIRTUAL_PIN ON -to candidate_delta[11]
set_instance_assignment -name VIRTUAL_PIN ON -to candidate_delta[12]
set_instance_assignment -name VIRTUAL_PIN ON -to candidate_delta[13]
set_instance_assignment -name VIRTUAL_PIN ON -to candidate_delta[14]
set_instance_assignment -name VIRTUAL_PIN ON -to candidate_delta[15]
set_instance_assignment -name VIRTUAL_PIN ON -to candidate_delta[16]
set_instance_assignment -name VIRTUAL_PIN ON -to candidate_delta[17]
set_instance_assignment -name VIRTUAL_PIN ON -to candidate_delta[18]
set_instance_assignment -name VIRTUAL_PIN ON -to candidate_delta[19]
set_instance_assignment -name VIRTUAL_PIN ON -to candidate_delta[20]
set_instance_assignment -name VIRTUAL_PIN ON -to candidate_delta[21]
set_instance_assignment -name VIRTUAL_PIN ON -to candidate_delta[22]
set_instance_assignment -name VIRTUAL_PIN ON -to candidate_delta[23]
set_instance_assignment -name VIRTUAL_PIN ON -to candidate_delta[24]
