set_global_assignment -name FAMILY "Cyclone IV E"
set_global_assignment -name DEVICE EP4CE10F17C8
set_global_assignment -name TOP_LEVEL_ENTITY rawcap56
set_global_assignment -name PROJECT_OUTPUT_DIRECTORY output_files
set_global_assignment -name SEARCH_PATH .
set_global_assignment -name VERILOG_FILE rawcap56.v
set_global_assignment -name STRATIX_DEVICE_IO_STANDARD "3.3-V LVTTL"
set_global_assignment -name RESERVE_ALL_UNUSED_PINS "AS INPUT TRI-STATED"
set_global_assignment -name RESERVE_ALL_UNUSED_PINS_NO_OUTPUT_GND "AS INPUT TRI-STATED"
set_location_assignment PIN_A10 -to gpmc_d[0]
set_location_assignment PIN_B9 -to gpmc_d[1]
set_location_assignment PIN_A9 -to gpmc_d[2]
set_location_assignment PIN_B8 -to gpmc_d[3]
set_location_assignment PIN_A8 -to gpmc_d[4]
set_location_assignment PIN_B7 -to gpmc_d[5]
set_location_assignment PIN_A7 -to gpmc_d[6]
set_location_assignment PIN_B6 -to gpmc_d[7]
set_location_assignment PIN_A6 -to gpmc_d[8]
set_location_assignment PIN_D6 -to gpmc_d[9]
set_location_assignment PIN_C6 -to gpmc_d[10]
set_location_assignment PIN_B5 -to gpmc_d[11]
set_location_assignment PIN_A5 -to gpmc_d[12]
set_location_assignment PIN_F6 -to gpmc_d[13]
set_location_assignment PIN_D5 -to gpmc_d[14]
set_location_assignment PIN_E5 -to gpmc_d[15]
set_location_assignment PIN_B4 -to nCS1
set_location_assignment PIN_E6 -to nOE
set_location_assignment PIN_B10 -to nWE
set_location_assignment PIN_L6 -to gpmc_wait
set_location_assignment PIN_C2 -to clk
set_location_assignment PIN_M2 -to sel[0]
set_location_assignment PIN_D1 -to sel[1]
set_location_assignment PIN_C3 -to sel[2]
set_location_assignment PIN_D4 -to sel[3]
set_location_assignment PIN_A3 -to sel[4]
set_location_assignment PIN_B3 -to sel[5]
set_location_assignment PIN_A4 -to sel[6]
set_location_assignment PIN_K8 -to adc_enc[0]
set_location_assignment PIN_K9 -to adc_enc[1]
set_location_assignment PIN_K10 -to adc_enc[2]
set_location_assignment PIN_L8 -to adc_enc[3]
set_location_assignment PIN_L9 -to adc_enc[4]
set_location_assignment PIN_L10 -to adc_enc[5]
set_location_assignment PIN_M7 -to adc_enc[6]
set_location_assignment PIN_M8 -to adc_enc[7]
set_location_assignment PIN_F1 -to adc_ctl_hi[0]
set_location_assignment PIN_L4 -to adc_ctl_hi[1]
set_location_assignment PIN_T2 -to adc_ctl_hi[2]
set_location_assignment PIN_T7 -to adc_ctl_hi[3]
set_location_assignment PIN_G1 -to adc_ctl_lo[0]
set_location_assignment PIN_G2 -to adc_ctl_lo[1]
set_location_assignment PIN_K1 -to adc_ctl_lo[2]
set_location_assignment PIN_F8 -to probe[0]
set_location_assignment PIN_D8 -to probe[1]
set_location_assignment PIN_K15 -to probe[2]
set_location_assignment PIN_L13 -to probe[3]
set_location_assignment PIN_N15 -to probe[4]
set_location_assignment PIN_P15 -to probe[5]
set_location_assignment PIN_T11 -to probe[6]
set_location_assignment PIN_T9 -to probe[7]
set_location_assignment PIN_E8 -to probe[8]
set_location_assignment PIN_C8 -to probe[9]
set_location_assignment PIN_C9 -to probe[10]
set_location_assignment PIN_C11 -to probe[11]
set_location_assignment PIN_L16 -to probe[12]
set_location_assignment PIN_L14 -to probe[13]
set_location_assignment PIN_R10 -to probe[14]
set_location_assignment PIN_E9 -to probe[15]
set_location_assignment PIN_E10 -to probe[16]
set_location_assignment PIN_F10 -to probe[17]
set_location_assignment PIN_G11 -to probe[18]
set_location_assignment PIN_J11 -to probe[19]
set_location_assignment PIN_K11 -to probe[20]
set_location_assignment PIN_K12 -to probe[21]
set_location_assignment PIN_L15 -to probe[22]
set_location_assignment PIN_N16 -to probe[23]
set_location_assignment PIN_P16 -to probe[24]
set_location_assignment PIN_R9 -to probe[25]
set_location_assignment PIN_T10 -to probe[26]
set_location_assignment PIN_F9 -to probe[27]
set_location_assignment PIN_L12 -to probe[28]
set_location_assignment PIN_P11 -to probe[29]
set_location_assignment PIN_R11 -to probe[30]
set_location_assignment PIN_E11 -to probe[31]
set_location_assignment PIN_D12 -to probe[32]
set_location_assignment PIN_N14 -to probe[33]
set_location_assignment PIN_M12 -to probe[34]
set_location_assignment PIN_M10 -to probe[35]
set_location_assignment PIN_T13 -to probe[36]
set_location_assignment PIN_P9 -to probe[37]
set_location_assignment PIN_R12 -to probe[38]
set_location_assignment PIN_F11 -to probe[39]
set_location_assignment PIN_F13 -to probe[40]
set_location_assignment PIN_F14 -to probe[41]
set_location_assignment PIN_L11 -to probe[42]
set_location_assignment PIN_M9 -to probe[43]
set_location_assignment PIN_M11 -to probe[44]
set_location_assignment PIN_N8 -to probe[45]
set_location_assignment PIN_N9 -to probe[46]
set_location_assignment PIN_N11 -to probe[47]
set_location_assignment PIN_N12 -to probe[48]
set_location_assignment PIN_N13 -to probe[49]
set_location_assignment PIN_P14 -to probe[50]
set_location_assignment PIN_R13 -to probe[51]
set_location_assignment PIN_R14 -to probe[52]
set_location_assignment PIN_T12 -to probe[53]
set_location_assignment PIN_T14 -to probe[54]
set_location_assignment PIN_T15 -to probe[55]
set_instance_assignment -name CURRENT_STRENGTH_NEW "MINIMUM CURRENT" -to gpmc_d
set_instance_assignment -name CURRENT_STRENGTH_NEW "MINIMUM CURRENT" -to gpmc_wait
set_instance_assignment -name CURRENT_STRENGTH_NEW "MINIMUM CURRENT" -to adc_enc
set_instance_assignment -name CURRENT_STRENGTH_NEW "MINIMUM CURRENT" -to adc_ctl_hi
set_instance_assignment -name CURRENT_STRENGTH_NEW "MINIMUM CURRENT" -to adc_ctl_lo
