set_global_assignment -name FAMILY "Cyclone IV E"
set_global_assignment -name DEVICE EP4CE10F17C8
set_global_assignment -name TOP_LEVEL_ENTITY sramtri
set_global_assignment -name VERILOG_FILE sramtri.v
set_location_assignment PIN_C2 -to clk
set_location_assignment PIN_B4 -to nCS1
set_location_assignment PIN_E6 -to nOE
set_location_assignment PIN_B10 -to nWE
set_location_assignment PIN_L6 -to gpmc_wait
set_location_assignment PIN_A10 -to gpmc_d[0]
set_location_assignment PIN_B9 -to gpmc_d[1]
set_location_assignment PIN_A9 -to gpmc_d[2]
set_location_assignment PIN_B8 -to gpmc_d[3]
set_location_assignment PIN_A8 -to gpmc_d[4]
set_location_assignment PIN_B7 -to gpmc_d[5]
set_location_assignment PIN_A7 -to gpmc_d[6]
set_location_assignment PIN_B6 -to gpmc_d[7]
set_location_assignment PIN_A6 -to gpmc_d[8]
set_location_assignment PIN_D6 -to gpmc_d[9]
set_location_assignment PIN_C6 -to gpmc_d[10]
set_location_assignment PIN_B5 -to gpmc_d[11]
set_location_assignment PIN_A5 -to gpmc_d[12]
set_location_assignment PIN_F6 -to gpmc_d[13]
set_location_assignment PIN_D5 -to gpmc_d[14]
set_location_assignment PIN_E5 -to gpmc_d[15]
set_location_assignment PIN_M2 -to sel[0]
set_location_assignment PIN_D1 -to sel[1]
set_location_assignment PIN_C3 -to sel[2]
set_location_assignment PIN_D4 -to sel[3]
set_location_assignment PIN_A3 -to sel[4]
set_location_assignment PIN_B3 -to sel[5]
set_location_assignment PIN_A4 -to sel[6]
set_location_assignment PIN_J2 -to sb[0]
set_location_assignment PIN_J6 -to sb[1]
set_location_assignment PIN_K2 -to sb[2]
set_location_assignment PIN_K5 -to sb[3]
set_location_assignment PIN_L1 -to sb[4]
set_location_assignment PIN_L2 -to sb[5]
set_location_assignment PIN_L3 -to sb[6]
set_location_assignment PIN_M6 -to sb[7]
set_location_assignment PIN_N1 -to sb[8]
set_location_assignment PIN_N2 -to sb[9]
set_location_assignment PIN_N3 -to sb[10]
set_location_assignment PIN_N5 -to sb[11]
set_location_assignment PIN_N6 -to sb[12]
set_location_assignment PIN_P1 -to sb[13]
set_location_assignment PIN_P2 -to sb[14]
set_location_assignment PIN_P3 -to sb[15]
set_location_assignment PIN_R1 -to sb[16]
set_location_assignment PIN_R3 -to sb[17]
set_location_assignment PIN_R4 -to sb[18]
set_location_assignment PIN_R5 -to sb[19]
set_location_assignment PIN_R6 -to sb[20]
set_location_assignment PIN_R7 -to sb[21]
set_location_assignment PIN_T3 -to sb[22]
set_location_assignment PIN_T4 -to sb[23]
set_location_assignment PIN_T5 -to sb[24]
set_location_assignment PIN_T6 -to sb[25]
set_location_assignment PIN_D3 -to sb[26]
set_location_assignment PIN_F7 -to sb[27]
set_location_assignment PIN_A11 -to sb[28]
set_location_assignment PIN_D14 -to sb[29]
set_location_assignment PIN_C14 -to sb[30]
set_location_assignment PIN_F2 -to sb[31]
set_location_assignment PIN_G5 -to sb[32]
set_location_assignment PIN_F3 -to sb[33]
set_location_assignment PIN_F5 -to sb[34]
set_location_assignment PIN_A13 -to sb[35]
set_location_assignment PIN_A14 -to sb[36]
set_location_assignment PIN_A15 -to sb[37]
set_location_assignment PIN_B12 -to sb[38]
set_location_assignment PIN_B13 -to sb[39]
set_location_assignment PIN_B14 -to sb[40]
set_location_assignment PIN_B16 -to sb[41]
set_location_assignment PIN_C15 -to sb[42]
set_location_assignment PIN_C16 -to sb[43]
set_location_assignment PIN_D9 -to sb[44]
set_location_assignment PIN_D11 -to sb[45]
set_location_assignment PIN_D15 -to sb[46]
set_location_assignment PIN_D16 -to sb[47]
set_location_assignment PIN_F15 -to sb[48]
set_location_assignment PIN_G15 -to sb[49]
set_location_assignment PIN_G16 -to sb[50]
set_location_assignment PIN_J16 -to sb[51]
set_location_assignment PIN_L7 -to sb[52]
set_location_assignment PIN_P8 -to sb[53]
set_location_assignment PIN_R8 -to sb[54]
set_location_assignment PIN_R16 -to sb[55]
set_location_assignment PIN_T8 -to sb[56]
set_global_assignment -name STRATIX_DEVICE_IO_STANDARD "3.3-V LVTTL"
set_global_assignment -name RESERVE_ALL_UNUSED_PINS "AS INPUT TRI-STATED"
set_global_assignment -name RESERVE_ALL_UNUSED_PINS_NO_OUTPUT_GND "AS INPUT TRI-STATED"
set_instance_assignment -name WEAK_PULL_UP_RESISTOR ON -to sb
