set_global_assignment -name FAMILY "Cyclone IV E"
set_global_assignment -name DEVICE EP4CE10F17C8
set_global_assignment -name TOP_LEVEL_ENTITY sramio96
set_global_assignment -name VERILOG_FILE sramio96.v
set_global_assignment -name PROJECT_OUTPUT_DIRECTORY output_files
set_global_assignment -name STRATIX_DEVICE_IO_STANDARD "3.3-V LVTTL"
set_global_assignment -name RESERVE_ALL_UNUSED_PINS "AS INPUT TRI-STATED"
set_global_assignment -name RESERVE_ALL_UNUSED_PINS_NO_OUTPUT_GND "AS INPUT TRI-STATED"
set_location_assignment PIN_C2 -to clk
set_location_assignment PIN_A2 -to io[0]
set_location_assignment PIN_A14 -to io[1]
set_location_assignment PIN_A15 -to io[2]
set_location_assignment PIN_B1 -to io[3]
set_location_assignment PIN_B11 -to io[4]
set_location_assignment PIN_B13 -to io[5]
set_location_assignment PIN_B14 -to io[6]
set_location_assignment PIN_B16 -to io[7]
set_location_assignment PIN_C14 -to io[8]
set_location_assignment PIN_C15 -to io[9]
set_location_assignment PIN_C16 -to io[10]
set_location_assignment PIN_D3 -to io[11]
set_location_assignment PIN_D9 -to io[12]
set_location_assignment PIN_D11 -to io[13]
set_location_assignment PIN_D14 -to io[14]
set_location_assignment PIN_D15 -to io[15]
set_location_assignment PIN_D16 -to io[16]
set_location_assignment PIN_E7 -to io[17]
set_location_assignment PIN_E9 -to io[18]
set_location_assignment PIN_E10 -to io[19]
set_location_assignment PIN_F2 -to io[20]
set_location_assignment PIN_F3 -to io[21]
set_location_assignment PIN_F5 -to io[22]
set_location_assignment PIN_F7 -to io[23]
set_location_assignment PIN_F10 -to io[24]
set_location_assignment PIN_F11 -to io[25]
set_location_assignment PIN_F13 -to io[26]
set_location_assignment PIN_F14 -to io[27]
set_location_assignment PIN_F15 -to io[28]
set_location_assignment PIN_G5 -to io[29]
set_location_assignment PIN_G11 -to io[30]
set_location_assignment PIN_J1 -to io[31]
set_location_assignment PIN_J2 -to io[32]
set_location_assignment PIN_J6 -to io[33]
set_location_assignment PIN_J11 -to io[34]
set_location_assignment PIN_J12 -to io[35]
set_location_assignment PIN_J13 -to io[36]
set_location_assignment PIN_J14 -to io[37]
set_location_assignment PIN_J15 -to io[38]
set_location_assignment PIN_J16 -to io[39]
set_location_assignment PIN_K2 -to io[40]
set_location_assignment PIN_K5 -to io[41]
set_location_assignment PIN_K6 -to io[42]
set_location_assignment PIN_K11 -to io[43]
set_location_assignment PIN_K12 -to io[44]
set_location_assignment PIN_L1 -to io[45]
set_location_assignment PIN_L2 -to io[46]
set_location_assignment PIN_L3 -to io[47]
set_location_assignment PIN_L7 -to io[48]
set_location_assignment PIN_L11 -to io[49]
set_location_assignment PIN_L15 -to io[50]
set_location_assignment PIN_M6 -to io[51]
set_location_assignment PIN_M9 -to io[52]
set_location_assignment PIN_M11 -to io[53]
set_location_assignment PIN_N1 -to io[54]
set_location_assignment PIN_N2 -to io[55]
set_location_assignment PIN_N3 -to io[56]
set_location_assignment PIN_N5 -to io[57]
set_location_assignment PIN_N6 -to io[58]
set_location_assignment PIN_N8 -to io[59]
set_location_assignment PIN_N9 -to io[60]
set_location_assignment PIN_N11 -to io[61]
set_location_assignment PIN_N12 -to io[62]
set_location_assignment PIN_N13 -to io[63]
set_location_assignment PIN_N16 -to io[64]
set_location_assignment PIN_P1 -to io[65]
set_location_assignment PIN_P2 -to io[66]
set_location_assignment PIN_P3 -to io[67]
set_location_assignment PIN_P6 -to io[68]
set_location_assignment PIN_P8 -to io[69]
set_location_assignment PIN_P14 -to io[70]
set_location_assignment PIN_P16 -to io[71]
set_location_assignment PIN_R1 -to io[72]
set_location_assignment PIN_R3 -to io[73]
set_location_assignment PIN_R4 -to io[74]
set_location_assignment PIN_R5 -to io[75]
set_location_assignment PIN_R6 -to io[76]
set_location_assignment PIN_R7 -to io[77]
set_location_assignment PIN_R8 -to io[78]
set_location_assignment PIN_R9 -to io[79]
set_location_assignment PIN_R13 -to io[80]
set_location_assignment PIN_R14 -to io[81]
set_location_assignment PIN_R16 -to io[82]
set_location_assignment PIN_T3 -to io[83]
set_location_assignment PIN_T4 -to io[84]
set_location_assignment PIN_T5 -to io[85]
set_location_assignment PIN_T6 -to io[86]
set_location_assignment PIN_T8 -to io[87]
set_location_assignment PIN_T10 -to io[88]
set_location_assignment PIN_T12 -to io[89]
set_location_assignment PIN_T14 -to io[90]
set_location_assignment PIN_T15 -to io[91]
set_instance_assignment -name CURRENT_STRENGTH_NEW "MAXIMUM CURRENT" -to io
