set_global_assignment -name FAMILY "Cyclone IV E"
set_global_assignment -name DEVICE EP4CE10F17C8
set_global_assignment -name TOP_LEVEL_ENTITY stack_resample
set_global_assignment -name PROJECT_OUTPUT_DIRECTORY output_files
set_global_assignment -name NUM_PARALLEL_PROCESSORS 2
set_global_assignment -name OPTIMIZATION_TECHNIQUE SPEED
set_global_assignment -name SEED 18
set_global_assignment -name SDC_FILE core.sdc
set_location_assignment PIN_C2 -to clk
set_instance_assignment -name IO_STANDARD "3.3-V LVTTL" -to clk

set_global_assignment -name FITTER_EFFORT "STANDARD FIT"



set_global_assignment -name VERILOG_FILE stack_positions.v
set_global_assignment -name VERILOG_FILE stack_interpolate.v
set_global_assignment -name VERILOG_FILE stack_resample.v
set_instance_assignment -name VIRTUAL_PIN ON -to reset
set_instance_assignment -name VIRTUAL_PIN ON -to start
set_instance_assignment -name VIRTUAL_PIN ON -to hit_position[0]
set_instance_assignment -name VIRTUAL_PIN ON -to hit_position[1]
set_instance_assignment -name VIRTUAL_PIN ON -to hit_position[2]
set_instance_assignment -name VIRTUAL_PIN ON -to hit_position[3]
set_instance_assignment -name VIRTUAL_PIN ON -to hit_position[4]
set_instance_assignment -name VIRTUAL_PIN ON -to hit_position[5]
set_instance_assignment -name VIRTUAL_PIN ON -to hit_position[6]
set_instance_assignment -name VIRTUAL_PIN ON -to hit_position[7]
set_instance_assignment -name VIRTUAL_PIN ON -to hit_position[8]
set_instance_assignment -name VIRTUAL_PIN ON -to hit_position[9]
set_instance_assignment -name VIRTUAL_PIN ON -to hit_position[10]
set_instance_assignment -name VIRTUAL_PIN ON -to hit_position[11]
set_instance_assignment -name VIRTUAL_PIN ON -to hit_position[12]
set_instance_assignment -name VIRTUAL_PIN ON -to hit_position[13]
set_instance_assignment -name VIRTUAL_PIN ON -to hit_position[14]
set_instance_assignment -name VIRTUAL_PIN ON -to hit_position[15]
set_instance_assignment -name VIRTUAL_PIN ON -to hit_position[16]
set_instance_assignment -name VIRTUAL_PIN ON -to hit_position[17]
set_instance_assignment -name VIRTUAL_PIN ON -to hit_position[18]
set_instance_assignment -name VIRTUAL_PIN ON -to hit_position[19]
set_instance_assignment -name VIRTUAL_PIN ON -to hit_position[20]
set_instance_assignment -name VIRTUAL_PIN ON -to hit_position[21]
set_instance_assignment -name VIRTUAL_PIN ON -to hit_position[22]
set_instance_assignment -name VIRTUAL_PIN ON -to hit_position[23]
set_instance_assignment -name VIRTUAL_PIN ON -to hit_position[24]
set_instance_assignment -name VIRTUAL_PIN ON -to hit_position[25]
set_instance_assignment -name VIRTUAL_PIN ON -to hit_position[26]
set_instance_assignment -name VIRTUAL_PIN ON -to hit_position[27]
set_instance_assignment -name VIRTUAL_PIN ON -to hit_position[28]
set_instance_assignment -name VIRTUAL_PIN ON -to hit_position[29]
set_instance_assignment -name VIRTUAL_PIN ON -to hit_position[30]
set_instance_assignment -name VIRTUAL_PIN ON -to hit_position[31]
set_instance_assignment -name VIRTUAL_PIN ON -to bin_count[0]
set_instance_assignment -name VIRTUAL_PIN ON -to bin_count[1]
set_instance_assignment -name VIRTUAL_PIN ON -to bin_count[2]
set_instance_assignment -name VIRTUAL_PIN ON -to bin_count[3]
set_instance_assignment -name VIRTUAL_PIN ON -to bin_count[4]
set_instance_assignment -name VIRTUAL_PIN ON -to bin_count[5]
set_instance_assignment -name VIRTUAL_PIN ON -to bin_count[6]
set_instance_assignment -name VIRTUAL_PIN ON -to bin_count[7]
set_instance_assignment -name VIRTUAL_PIN ON -to bin_count[8]
set_instance_assignment -name VIRTUAL_PIN ON -to bin_count[9]
set_instance_assignment -name VIRTUAL_PIN ON -to bin_count[10]
set_instance_assignment -name VIRTUAL_PIN ON -to bin_count[11]
set_instance_assignment -name VIRTUAL_PIN ON -to bin_count[12]
set_instance_assignment -name VIRTUAL_PIN ON -to bin_count[13]
set_instance_assignment -name VIRTUAL_PIN ON -to bin_count[14]
set_instance_assignment -name VIRTUAL_PIN ON -to bin_count[15]
set_instance_assignment -name VIRTUAL_PIN ON -to bin_count[16]
set_instance_assignment -name VIRTUAL_PIN ON -to bin_count[17]
set_instance_assignment -name VIRTUAL_PIN ON -to bin_count[18]
set_instance_assignment -name VIRTUAL_PIN ON -to bin_count[19]
set_instance_assignment -name VIRTUAL_PIN ON -to bin_count[20]
set_instance_assignment -name VIRTUAL_PIN ON -to bin_count[21]
set_instance_assignment -name VIRTUAL_PIN ON -to bin_count[22]
set_instance_assignment -name VIRTUAL_PIN ON -to bin_count[23]
set_instance_assignment -name VIRTUAL_PIN ON -to bin_count[24]
set_instance_assignment -name VIRTUAL_PIN ON -to bin_count[25]
set_instance_assignment -name VIRTUAL_PIN ON -to bin_count[26]
set_instance_assignment -name VIRTUAL_PIN ON -to bin_count[27]
set_instance_assignment -name VIRTUAL_PIN ON -to bin_count[28]
set_instance_assignment -name VIRTUAL_PIN ON -to bin_count[29]
set_instance_assignment -name VIRTUAL_PIN ON -to bin_count[30]
set_instance_assignment -name VIRTUAL_PIN ON -to bin_count[31]
set_instance_assignment -name VIRTUAL_PIN ON -to factor[0]
set_instance_assignment -name VIRTUAL_PIN ON -to factor[1]
set_instance_assignment -name VIRTUAL_PIN ON -to factor[2]
set_instance_assignment -name VIRTUAL_PIN ON -to factor[3]
set_instance_assignment -name VIRTUAL_PIN ON -to factor[4]
set_instance_assignment -name VIRTUAL_PIN ON -to factor[5]
set_instance_assignment -name VIRTUAL_PIN ON -to factor[6]
set_instance_assignment -name VIRTUAL_PIN ON -to factor[7]
set_instance_assignment -name VIRTUAL_PIN ON -to factor[8]
set_instance_assignment -name VIRTUAL_PIN ON -to factor[9]
set_instance_assignment -name VIRTUAL_PIN ON -to factor[10]
set_instance_assignment -name VIRTUAL_PIN ON -to factor[11]
set_instance_assignment -name VIRTUAL_PIN ON -to factor[12]
set_instance_assignment -name VIRTUAL_PIN ON -to factor[13]
set_instance_assignment -name VIRTUAL_PIN ON -to factor[14]
set_instance_assignment -name VIRTUAL_PIN ON -to factor[15]
set_instance_assignment -name VIRTUAL_PIN ON -to factor[16]
set_instance_assignment -name VIRTUAL_PIN ON -to factor[17]
set_instance_assignment -name VIRTUAL_PIN ON -to factor[18]
set_instance_assignment -name VIRTUAL_PIN ON -to factor[19]
set_instance_assignment -name VIRTUAL_PIN ON -to factor[20]
set_instance_assignment -name VIRTUAL_PIN ON -to factor[21]
set_instance_assignment -name VIRTUAL_PIN ON -to factor[22]
set_instance_assignment -name VIRTUAL_PIN ON -to factor[23]
set_instance_assignment -name VIRTUAL_PIN ON -to factor[24]
set_instance_assignment -name VIRTUAL_PIN ON -to factor[25]
set_instance_assignment -name VIRTUAL_PIN ON -to factor[26]
set_instance_assignment -name VIRTUAL_PIN ON -to factor[27]
set_instance_assignment -name VIRTUAL_PIN ON -to factor[28]
set_instance_assignment -name VIRTUAL_PIN ON -to factor[29]
set_instance_assignment -name VIRTUAL_PIN ON -to factor[30]
set_instance_assignment -name VIRTUAL_PIN ON -to factor[31]
set_instance_assignment -name VIRTUAL_PIN ON -to record_samples[0]
set_instance_assignment -name VIRTUAL_PIN ON -to record_samples[1]
set_instance_assignment -name VIRTUAL_PIN ON -to record_samples[2]
set_instance_assignment -name VIRTUAL_PIN ON -to record_samples[3]
set_instance_assignment -name VIRTUAL_PIN ON -to record_samples[4]
set_instance_assignment -name VIRTUAL_PIN ON -to record_samples[5]
set_instance_assignment -name VIRTUAL_PIN ON -to record_samples[6]
set_instance_assignment -name VIRTUAL_PIN ON -to record_samples[7]
set_instance_assignment -name VIRTUAL_PIN ON -to record_samples[8]
set_instance_assignment -name VIRTUAL_PIN ON -to record_samples[9]
set_instance_assignment -name VIRTUAL_PIN ON -to record_samples[10]
set_instance_assignment -name VIRTUAL_PIN ON -to record_samples[11]
set_instance_assignment -name VIRTUAL_PIN ON -to record_samples[12]
set_instance_assignment -name VIRTUAL_PIN ON -to record_samples[13]
set_instance_assignment -name VIRTUAL_PIN ON -to record_samples[14]
set_instance_assignment -name VIRTUAL_PIN ON -to record_samples[15]
set_instance_assignment -name VIRTUAL_PIN ON -to record_samples[16]
set_instance_assignment -name VIRTUAL_PIN ON -to record_samples[17]
set_instance_assignment -name VIRTUAL_PIN ON -to record_samples[18]
set_instance_assignment -name VIRTUAL_PIN ON -to record_samples[19]
set_instance_assignment -name VIRTUAL_PIN ON -to record_samples[20]
set_instance_assignment -name VIRTUAL_PIN ON -to record_samples[21]
set_instance_assignment -name VIRTUAL_PIN ON -to record_samples[22]
set_instance_assignment -name VIRTUAL_PIN ON -to record_samples[23]
set_instance_assignment -name VIRTUAL_PIN ON -to record_samples[24]
set_instance_assignment -name VIRTUAL_PIN ON -to record_samples[25]
set_instance_assignment -name VIRTUAL_PIN ON -to record_samples[26]
set_instance_assignment -name VIRTUAL_PIN ON -to record_samples[27]
set_instance_assignment -name VIRTUAL_PIN ON -to record_samples[28]
set_instance_assignment -name VIRTUAL_PIN ON -to record_samples[29]
set_instance_assignment -name VIRTUAL_PIN ON -to record_samples[30]
set_instance_assignment -name VIRTUAL_PIN ON -to record_samples[31]
set_instance_assignment -name VIRTUAL_PIN ON -to delta[0]
set_instance_assignment -name VIRTUAL_PIN ON -to delta[1]
set_instance_assignment -name VIRTUAL_PIN ON -to delta[2]
set_instance_assignment -name VIRTUAL_PIN ON -to delta[3]
set_instance_assignment -name VIRTUAL_PIN ON -to delta[4]
set_instance_assignment -name VIRTUAL_PIN ON -to delta[5]
set_instance_assignment -name VIRTUAL_PIN ON -to delta[6]
set_instance_assignment -name VIRTUAL_PIN ON -to delta[7]
set_instance_assignment -name VIRTUAL_PIN ON -to delta[8]
set_instance_assignment -name VIRTUAL_PIN ON -to delta[9]
set_instance_assignment -name VIRTUAL_PIN ON -to delta[10]
set_instance_assignment -name VIRTUAL_PIN ON -to delta[11]
set_instance_assignment -name VIRTUAL_PIN ON -to delta[12]
set_instance_assignment -name VIRTUAL_PIN ON -to delta[13]
set_instance_assignment -name VIRTUAL_PIN ON -to delta[14]
set_instance_assignment -name VIRTUAL_PIN ON -to delta[15]
set_instance_assignment -name VIRTUAL_PIN ON -to delta[16]
set_instance_assignment -name VIRTUAL_PIN ON -to delta[17]
set_instance_assignment -name VIRTUAL_PIN ON -to delta[18]
set_instance_assignment -name VIRTUAL_PIN ON -to delta[19]
set_instance_assignment -name VIRTUAL_PIN ON -to delta[20]
set_instance_assignment -name VIRTUAL_PIN ON -to delta[21]
set_instance_assignment -name VIRTUAL_PIN ON -to delta[22]
set_instance_assignment -name VIRTUAL_PIN ON -to delta[23]
set_instance_assignment -name VIRTUAL_PIN ON -to delta[24]
set_instance_assignment -name VIRTUAL_PIN ON -to channel_mask[0]
set_instance_assignment -name VIRTUAL_PIN ON -to channel_mask[1]
set_instance_assignment -name VIRTUAL_PIN ON -to odd
set_instance_assignment -name VIRTUAL_PIN ON -to request_valid
set_instance_assignment -name VIRTUAL_PIN ON -to request_ready
set_instance_assignment -name VIRTUAL_PIN ON -to request_index[0]
set_instance_assignment -name VIRTUAL_PIN ON -to request_index[1]
set_instance_assignment -name VIRTUAL_PIN ON -to request_index[2]
set_instance_assignment -name VIRTUAL_PIN ON -to request_index[3]
set_instance_assignment -name VIRTUAL_PIN ON -to request_index[4]
set_instance_assignment -name VIRTUAL_PIN ON -to request_index[5]
set_instance_assignment -name VIRTUAL_PIN ON -to request_index[6]
set_instance_assignment -name VIRTUAL_PIN ON -to request_index[7]
set_instance_assignment -name VIRTUAL_PIN ON -to request_index[8]
set_instance_assignment -name VIRTUAL_PIN ON -to request_index[9]
set_instance_assignment -name VIRTUAL_PIN ON -to request_index[10]
set_instance_assignment -name VIRTUAL_PIN ON -to request_index[11]
set_instance_assignment -name VIRTUAL_PIN ON -to request_index[12]
set_instance_assignment -name VIRTUAL_PIN ON -to request_index[13]
set_instance_assignment -name VIRTUAL_PIN ON -to request_index[14]
set_instance_assignment -name VIRTUAL_PIN ON -to request_index[15]
set_instance_assignment -name VIRTUAL_PIN ON -to request_index[16]
set_instance_assignment -name VIRTUAL_PIN ON -to request_index[17]
set_instance_assignment -name VIRTUAL_PIN ON -to request_index[18]
set_instance_assignment -name VIRTUAL_PIN ON -to request_index[19]
set_instance_assignment -name VIRTUAL_PIN ON -to request_index[20]
set_instance_assignment -name VIRTUAL_PIN ON -to request_index[21]
set_instance_assignment -name VIRTUAL_PIN ON -to request_index[22]
set_instance_assignment -name VIRTUAL_PIN ON -to request_index[23]
set_instance_assignment -name VIRTUAL_PIN ON -to request_index[24]
set_instance_assignment -name VIRTUAL_PIN ON -to request_index[25]
set_instance_assignment -name VIRTUAL_PIN ON -to request_index[26]
set_instance_assignment -name VIRTUAL_PIN ON -to request_index[27]
set_instance_assignment -name VIRTUAL_PIN ON -to request_index[28]
set_instance_assignment -name VIRTUAL_PIN ON -to request_index[29]
set_instance_assignment -name VIRTUAL_PIN ON -to request_index[30]
set_instance_assignment -name VIRTUAL_PIN ON -to request_index[31]
set_instance_assignment -name VIRTUAL_PIN ON -to response_valid
set_instance_assignment -name VIRTUAL_PIN ON -to response_error
set_instance_assignment -name VIRTUAL_PIN ON -to response_ready
set_instance_assignment -name VIRTUAL_PIN ON -to ch0_left[0]
set_instance_assignment -name VIRTUAL_PIN ON -to ch0_left[1]
set_instance_assignment -name VIRTUAL_PIN ON -to ch0_left[2]
set_instance_assignment -name VIRTUAL_PIN ON -to ch0_left[3]
set_instance_assignment -name VIRTUAL_PIN ON -to ch0_left[4]
set_instance_assignment -name VIRTUAL_PIN ON -to ch0_left[5]
set_instance_assignment -name VIRTUAL_PIN ON -to ch0_left[6]
set_instance_assignment -name VIRTUAL_PIN ON -to ch0_left[7]
set_instance_assignment -name VIRTUAL_PIN ON -to ch0_left[8]
set_instance_assignment -name VIRTUAL_PIN ON -to ch0_left[9]
set_instance_assignment -name VIRTUAL_PIN ON -to ch0_left[10]
set_instance_assignment -name VIRTUAL_PIN ON -to ch0_left[11]
set_instance_assignment -name VIRTUAL_PIN ON -to ch0_left[12]
set_instance_assignment -name VIRTUAL_PIN ON -to ch0_left[13]
set_instance_assignment -name VIRTUAL_PIN ON -to ch0_left[14]
set_instance_assignment -name VIRTUAL_PIN ON -to ch0_left[15]
set_instance_assignment -name VIRTUAL_PIN ON -to ch0_left[16]
set_instance_assignment -name VIRTUAL_PIN ON -to ch0_left[17]
set_instance_assignment -name VIRTUAL_PIN ON -to ch0_left[18]
set_instance_assignment -name VIRTUAL_PIN ON -to ch0_left[19]
set_instance_assignment -name VIRTUAL_PIN ON -to ch0_left[20]
set_instance_assignment -name VIRTUAL_PIN ON -to ch0_left[21]
set_instance_assignment -name VIRTUAL_PIN ON -to ch0_left[22]
set_instance_assignment -name VIRTUAL_PIN ON -to ch0_left[23]
set_instance_assignment -name VIRTUAL_PIN ON -to ch0_left[24]
set_instance_assignment -name VIRTUAL_PIN ON -to ch0_left[25]
set_instance_assignment -name VIRTUAL_PIN ON -to ch0_left[26]
set_instance_assignment -name VIRTUAL_PIN ON -to ch0_left[27]
set_instance_assignment -name VIRTUAL_PIN ON -to ch0_left[28]
set_instance_assignment -name VIRTUAL_PIN ON -to ch0_left[29]
set_instance_assignment -name VIRTUAL_PIN ON -to ch0_left[30]
set_instance_assignment -name VIRTUAL_PIN ON -to ch0_left[31]
set_instance_assignment -name VIRTUAL_PIN ON -to ch0_left[32]
set_instance_assignment -name VIRTUAL_PIN ON -to ch0_left[33]
set_instance_assignment -name VIRTUAL_PIN ON -to ch0_left[34]
set_instance_assignment -name VIRTUAL_PIN ON -to ch0_left[35]
set_instance_assignment -name VIRTUAL_PIN ON -to ch0_left[36]
set_instance_assignment -name VIRTUAL_PIN ON -to ch0_right[0]
set_instance_assignment -name VIRTUAL_PIN ON -to ch0_right[1]
set_instance_assignment -name VIRTUAL_PIN ON -to ch0_right[2]
set_instance_assignment -name VIRTUAL_PIN ON -to ch0_right[3]
set_instance_assignment -name VIRTUAL_PIN ON -to ch0_right[4]
set_instance_assignment -name VIRTUAL_PIN ON -to ch0_right[5]
set_instance_assignment -name VIRTUAL_PIN ON -to ch0_right[6]
set_instance_assignment -name VIRTUAL_PIN ON -to ch0_right[7]
set_instance_assignment -name VIRTUAL_PIN ON -to ch0_right[8]
set_instance_assignment -name VIRTUAL_PIN ON -to ch0_right[9]
set_instance_assignment -name VIRTUAL_PIN ON -to ch0_right[10]
set_instance_assignment -name VIRTUAL_PIN ON -to ch0_right[11]
set_instance_assignment -name VIRTUAL_PIN ON -to ch0_right[12]
set_instance_assignment -name VIRTUAL_PIN ON -to ch0_right[13]
set_instance_assignment -name VIRTUAL_PIN ON -to ch0_right[14]
set_instance_assignment -name VIRTUAL_PIN ON -to ch0_right[15]
set_instance_assignment -name VIRTUAL_PIN ON -to ch0_right[16]
set_instance_assignment -name VIRTUAL_PIN ON -to ch0_right[17]
set_instance_assignment -name VIRTUAL_PIN ON -to ch0_right[18]
set_instance_assignment -name VIRTUAL_PIN ON -to ch0_right[19]
set_instance_assignment -name VIRTUAL_PIN ON -to ch0_right[20]
set_instance_assignment -name VIRTUAL_PIN ON -to ch0_right[21]
set_instance_assignment -name VIRTUAL_PIN ON -to ch0_right[22]
set_instance_assignment -name VIRTUAL_PIN ON -to ch0_right[23]
set_instance_assignment -name VIRTUAL_PIN ON -to ch0_right[24]
set_instance_assignment -name VIRTUAL_PIN ON -to ch0_right[25]
set_instance_assignment -name VIRTUAL_PIN ON -to ch0_right[26]
set_instance_assignment -name VIRTUAL_PIN ON -to ch0_right[27]
set_instance_assignment -name VIRTUAL_PIN ON -to ch0_right[28]
set_instance_assignment -name VIRTUAL_PIN ON -to ch0_right[29]
set_instance_assignment -name VIRTUAL_PIN ON -to ch0_right[30]
set_instance_assignment -name VIRTUAL_PIN ON -to ch0_right[31]
set_instance_assignment -name VIRTUAL_PIN ON -to ch0_right[32]
set_instance_assignment -name VIRTUAL_PIN ON -to ch0_right[33]
set_instance_assignment -name VIRTUAL_PIN ON -to ch0_right[34]
set_instance_assignment -name VIRTUAL_PIN ON -to ch0_right[35]
set_instance_assignment -name VIRTUAL_PIN ON -to ch0_right[36]
set_instance_assignment -name VIRTUAL_PIN ON -to ch1_left[0]
set_instance_assignment -name VIRTUAL_PIN ON -to ch1_left[1]
set_instance_assignment -name VIRTUAL_PIN ON -to ch1_left[2]
set_instance_assignment -name VIRTUAL_PIN ON -to ch1_left[3]
set_instance_assignment -name VIRTUAL_PIN ON -to ch1_left[4]
set_instance_assignment -name VIRTUAL_PIN ON -to ch1_left[5]
set_instance_assignment -name VIRTUAL_PIN ON -to ch1_left[6]
set_instance_assignment -name VIRTUAL_PIN ON -to ch1_left[7]
set_instance_assignment -name VIRTUAL_PIN ON -to ch1_left[8]
set_instance_assignment -name VIRTUAL_PIN ON -to ch1_left[9]
set_instance_assignment -name VIRTUAL_PIN ON -to ch1_left[10]
set_instance_assignment -name VIRTUAL_PIN ON -to ch1_left[11]
set_instance_assignment -name VIRTUAL_PIN ON -to ch1_left[12]
set_instance_assignment -name VIRTUAL_PIN ON -to ch1_left[13]
set_instance_assignment -name VIRTUAL_PIN ON -to ch1_left[14]
set_instance_assignment -name VIRTUAL_PIN ON -to ch1_left[15]
set_instance_assignment -name VIRTUAL_PIN ON -to ch1_left[16]
set_instance_assignment -name VIRTUAL_PIN ON -to ch1_left[17]
set_instance_assignment -name VIRTUAL_PIN ON -to ch1_left[18]
set_instance_assignment -name VIRTUAL_PIN ON -to ch1_left[19]
set_instance_assignment -name VIRTUAL_PIN ON -to ch1_left[20]
set_instance_assignment -name VIRTUAL_PIN ON -to ch1_left[21]
set_instance_assignment -name VIRTUAL_PIN ON -to ch1_left[22]
set_instance_assignment -name VIRTUAL_PIN ON -to ch1_left[23]
set_instance_assignment -name VIRTUAL_PIN ON -to ch1_left[24]
set_instance_assignment -name VIRTUAL_PIN ON -to ch1_left[25]
set_instance_assignment -name VIRTUAL_PIN ON -to ch1_left[26]
set_instance_assignment -name VIRTUAL_PIN ON -to ch1_left[27]
set_instance_assignment -name VIRTUAL_PIN ON -to ch1_left[28]
set_instance_assignment -name VIRTUAL_PIN ON -to ch1_left[29]
set_instance_assignment -name VIRTUAL_PIN ON -to ch1_left[30]
set_instance_assignment -name VIRTUAL_PIN ON -to ch1_left[31]
set_instance_assignment -name VIRTUAL_PIN ON -to ch1_left[32]
set_instance_assignment -name VIRTUAL_PIN ON -to ch1_left[33]
set_instance_assignment -name VIRTUAL_PIN ON -to ch1_left[34]
set_instance_assignment -name VIRTUAL_PIN ON -to ch1_left[35]
set_instance_assignment -name VIRTUAL_PIN ON -to ch1_left[36]
set_instance_assignment -name VIRTUAL_PIN ON -to ch1_right[0]
set_instance_assignment -name VIRTUAL_PIN ON -to ch1_right[1]
set_instance_assignment -name VIRTUAL_PIN ON -to ch1_right[2]
set_instance_assignment -name VIRTUAL_PIN ON -to ch1_right[3]
set_instance_assignment -name VIRTUAL_PIN ON -to ch1_right[4]
set_instance_assignment -name VIRTUAL_PIN ON -to ch1_right[5]
set_instance_assignment -name VIRTUAL_PIN ON -to ch1_right[6]
set_instance_assignment -name VIRTUAL_PIN ON -to ch1_right[7]
set_instance_assignment -name VIRTUAL_PIN ON -to ch1_right[8]
set_instance_assignment -name VIRTUAL_PIN ON -to ch1_right[9]
set_instance_assignment -name VIRTUAL_PIN ON -to ch1_right[10]
set_instance_assignment -name VIRTUAL_PIN ON -to ch1_right[11]
set_instance_assignment -name VIRTUAL_PIN ON -to ch1_right[12]
set_instance_assignment -name VIRTUAL_PIN ON -to ch1_right[13]
set_instance_assignment -name VIRTUAL_PIN ON -to ch1_right[14]
set_instance_assignment -name VIRTUAL_PIN ON -to ch1_right[15]
set_instance_assignment -name VIRTUAL_PIN ON -to ch1_right[16]
set_instance_assignment -name VIRTUAL_PIN ON -to ch1_right[17]
set_instance_assignment -name VIRTUAL_PIN ON -to ch1_right[18]
set_instance_assignment -name VIRTUAL_PIN ON -to ch1_right[19]
set_instance_assignment -name VIRTUAL_PIN ON -to ch1_right[20]
set_instance_assignment -name VIRTUAL_PIN ON -to ch1_right[21]
set_instance_assignment -name VIRTUAL_PIN ON -to ch1_right[22]
set_instance_assignment -name VIRTUAL_PIN ON -to ch1_right[23]
set_instance_assignment -name VIRTUAL_PIN ON -to ch1_right[24]
set_instance_assignment -name VIRTUAL_PIN ON -to ch1_right[25]
set_instance_assignment -name VIRTUAL_PIN ON -to ch1_right[26]
set_instance_assignment -name VIRTUAL_PIN ON -to ch1_right[27]
set_instance_assignment -name VIRTUAL_PIN ON -to ch1_right[28]
set_instance_assignment -name VIRTUAL_PIN ON -to ch1_right[29]
set_instance_assignment -name VIRTUAL_PIN ON -to ch1_right[30]
set_instance_assignment -name VIRTUAL_PIN ON -to ch1_right[31]
set_instance_assignment -name VIRTUAL_PIN ON -to ch1_right[32]
set_instance_assignment -name VIRTUAL_PIN ON -to ch1_right[33]
set_instance_assignment -name VIRTUAL_PIN ON -to ch1_right[34]
set_instance_assignment -name VIRTUAL_PIN ON -to ch1_right[35]
set_instance_assignment -name VIRTUAL_PIN ON -to ch1_right[36]
set_instance_assignment -name VIRTUAL_PIN ON -to valid
set_instance_assignment -name VIRTUAL_PIN ON -to ready
set_instance_assignment -name VIRTUAL_PIN ON -to bin[0]
set_instance_assignment -name VIRTUAL_PIN ON -to bin[1]
set_instance_assignment -name VIRTUAL_PIN ON -to bin[2]
set_instance_assignment -name VIRTUAL_PIN ON -to bin[3]
set_instance_assignment -name VIRTUAL_PIN ON -to bin[4]
set_instance_assignment -name VIRTUAL_PIN ON -to bin[5]
set_instance_assignment -name VIRTUAL_PIN ON -to bin[6]
set_instance_assignment -name VIRTUAL_PIN ON -to bin[7]
set_instance_assignment -name VIRTUAL_PIN ON -to bin[8]
set_instance_assignment -name VIRTUAL_PIN ON -to bin[9]
set_instance_assignment -name VIRTUAL_PIN ON -to bin[10]
set_instance_assignment -name VIRTUAL_PIN ON -to bin[11]
set_instance_assignment -name VIRTUAL_PIN ON -to bin[12]
set_instance_assignment -name VIRTUAL_PIN ON -to bin[13]
set_instance_assignment -name VIRTUAL_PIN ON -to bin[14]
set_instance_assignment -name VIRTUAL_PIN ON -to bin[15]
set_instance_assignment -name VIRTUAL_PIN ON -to bin[16]
set_instance_assignment -name VIRTUAL_PIN ON -to bin[17]
set_instance_assignment -name VIRTUAL_PIN ON -to bin[18]
set_instance_assignment -name VIRTUAL_PIN ON -to bin[19]
set_instance_assignment -name VIRTUAL_PIN ON -to bin[20]
set_instance_assignment -name VIRTUAL_PIN ON -to bin[21]
set_instance_assignment -name VIRTUAL_PIN ON -to bin[22]
set_instance_assignment -name VIRTUAL_PIN ON -to bin[23]
set_instance_assignment -name VIRTUAL_PIN ON -to bin[24]
set_instance_assignment -name VIRTUAL_PIN ON -to bin[25]
set_instance_assignment -name VIRTUAL_PIN ON -to bin[26]
set_instance_assignment -name VIRTUAL_PIN ON -to bin[27]
set_instance_assignment -name VIRTUAL_PIN ON -to bin[28]
set_instance_assignment -name VIRTUAL_PIN ON -to bin[29]
set_instance_assignment -name VIRTUAL_PIN ON -to bin[30]
set_instance_assignment -name VIRTUAL_PIN ON -to bin[31]
set_instance_assignment -name VIRTUAL_PIN ON -to ch0_value[0]
set_instance_assignment -name VIRTUAL_PIN ON -to ch0_value[1]
set_instance_assignment -name VIRTUAL_PIN ON -to ch0_value[2]
set_instance_assignment -name VIRTUAL_PIN ON -to ch0_value[3]
set_instance_assignment -name VIRTUAL_PIN ON -to ch0_value[4]
set_instance_assignment -name VIRTUAL_PIN ON -to ch0_value[5]
set_instance_assignment -name VIRTUAL_PIN ON -to ch0_value[6]
set_instance_assignment -name VIRTUAL_PIN ON -to ch0_value[7]
set_instance_assignment -name VIRTUAL_PIN ON -to ch0_value[8]
set_instance_assignment -name VIRTUAL_PIN ON -to ch0_value[9]
set_instance_assignment -name VIRTUAL_PIN ON -to ch0_value[10]
set_instance_assignment -name VIRTUAL_PIN ON -to ch0_value[11]
set_instance_assignment -name VIRTUAL_PIN ON -to ch0_value[12]
set_instance_assignment -name VIRTUAL_PIN ON -to ch0_value[13]
set_instance_assignment -name VIRTUAL_PIN ON -to ch0_value[14]
set_instance_assignment -name VIRTUAL_PIN ON -to ch0_value[15]
set_instance_assignment -name VIRTUAL_PIN ON -to ch0_value[16]
set_instance_assignment -name VIRTUAL_PIN ON -to ch0_value[17]
set_instance_assignment -name VIRTUAL_PIN ON -to ch0_value[18]
set_instance_assignment -name VIRTUAL_PIN ON -to ch0_value[19]
set_instance_assignment -name VIRTUAL_PIN ON -to ch0_value[20]
set_instance_assignment -name VIRTUAL_PIN ON -to ch0_value[21]
set_instance_assignment -name VIRTUAL_PIN ON -to ch0_value[22]
set_instance_assignment -name VIRTUAL_PIN ON -to ch0_value[23]
set_instance_assignment -name VIRTUAL_PIN ON -to ch0_value[24]
set_instance_assignment -name VIRTUAL_PIN ON -to ch0_value[25]
set_instance_assignment -name VIRTUAL_PIN ON -to ch0_value[26]
set_instance_assignment -name VIRTUAL_PIN ON -to ch0_value[27]
set_instance_assignment -name VIRTUAL_PIN ON -to ch0_value[28]
set_instance_assignment -name VIRTUAL_PIN ON -to ch0_value[29]
set_instance_assignment -name VIRTUAL_PIN ON -to ch0_value[30]
set_instance_assignment -name VIRTUAL_PIN ON -to ch0_value[31]
set_instance_assignment -name VIRTUAL_PIN ON -to ch0_value[32]
set_instance_assignment -name VIRTUAL_PIN ON -to ch0_value[33]
set_instance_assignment -name VIRTUAL_PIN ON -to ch0_value[34]
set_instance_assignment -name VIRTUAL_PIN ON -to ch0_value[35]
set_instance_assignment -name VIRTUAL_PIN ON -to ch0_value[36]
set_instance_assignment -name VIRTUAL_PIN ON -to ch1_value[0]
set_instance_assignment -name VIRTUAL_PIN ON -to ch1_value[1]
set_instance_assignment -name VIRTUAL_PIN ON -to ch1_value[2]
set_instance_assignment -name VIRTUAL_PIN ON -to ch1_value[3]
set_instance_assignment -name VIRTUAL_PIN ON -to ch1_value[4]
set_instance_assignment -name VIRTUAL_PIN ON -to ch1_value[5]
set_instance_assignment -name VIRTUAL_PIN ON -to ch1_value[6]
set_instance_assignment -name VIRTUAL_PIN ON -to ch1_value[7]
set_instance_assignment -name VIRTUAL_PIN ON -to ch1_value[8]
set_instance_assignment -name VIRTUAL_PIN ON -to ch1_value[9]
set_instance_assignment -name VIRTUAL_PIN ON -to ch1_value[10]
set_instance_assignment -name VIRTUAL_PIN ON -to ch1_value[11]
set_instance_assignment -name VIRTUAL_PIN ON -to ch1_value[12]
set_instance_assignment -name VIRTUAL_PIN ON -to ch1_value[13]
set_instance_assignment -name VIRTUAL_PIN ON -to ch1_value[14]
set_instance_assignment -name VIRTUAL_PIN ON -to ch1_value[15]
set_instance_assignment -name VIRTUAL_PIN ON -to ch1_value[16]
set_instance_assignment -name VIRTUAL_PIN ON -to ch1_value[17]
set_instance_assignment -name VIRTUAL_PIN ON -to ch1_value[18]
set_instance_assignment -name VIRTUAL_PIN ON -to ch1_value[19]
set_instance_assignment -name VIRTUAL_PIN ON -to ch1_value[20]
set_instance_assignment -name VIRTUAL_PIN ON -to ch1_value[21]
set_instance_assignment -name VIRTUAL_PIN ON -to ch1_value[22]
set_instance_assignment -name VIRTUAL_PIN ON -to ch1_value[23]
set_instance_assignment -name VIRTUAL_PIN ON -to ch1_value[24]
set_instance_assignment -name VIRTUAL_PIN ON -to ch1_value[25]
set_instance_assignment -name VIRTUAL_PIN ON -to ch1_value[26]
set_instance_assignment -name VIRTUAL_PIN ON -to ch1_value[27]
set_instance_assignment -name VIRTUAL_PIN ON -to ch1_value[28]
set_instance_assignment -name VIRTUAL_PIN ON -to ch1_value[29]
set_instance_assignment -name VIRTUAL_PIN ON -to ch1_value[30]
set_instance_assignment -name VIRTUAL_PIN ON -to ch1_value[31]
set_instance_assignment -name VIRTUAL_PIN ON -to ch1_value[32]
set_instance_assignment -name VIRTUAL_PIN ON -to ch1_value[33]
set_instance_assignment -name VIRTUAL_PIN ON -to ch1_value[34]
set_instance_assignment -name VIRTUAL_PIN ON -to ch1_value[35]
set_instance_assignment -name VIRTUAL_PIN ON -to ch1_value[36]
set_instance_assignment -name VIRTUAL_PIN ON -to result_mask[0]
set_instance_assignment -name VIRTUAL_PIN ON -to result_mask[1]
set_instance_assignment -name VIRTUAL_PIN ON -to result_odd
set_instance_assignment -name VIRTUAL_PIN ON -to busy
set_instance_assignment -name VIRTUAL_PIN ON -to done
set_instance_assignment -name VIRTUAL_PIN ON -to invalid

set_global_assignment -name LAST_QUARTUS_VERSION "21.1.0 Lite Edition"