set_global_assignment -name FAMILY "Cyclone IV E"
set_global_assignment -name DEVICE EP4CE10F17C8
set_global_assignment -name TOP_LEVEL_ENTITY stack_moments
set_global_assignment -name PROJECT_OUTPUT_DIRECTORY output_files
set_global_assignment -name NUM_PARALLEL_PROCESSORS 2
set_global_assignment -name OPTIMIZATION_TECHNIQUE SPEED
set_global_assignment -name SEED 18
set_global_assignment -name VERILOG_FILE stack_moments.v
set_global_assignment -name SDC_FILE core.sdc
set_location_assignment PIN_C2 -to clk
set_instance_assignment -name IO_STANDARD "3.3-V LVTTL" -to clk
set_instance_assignment -name VIRTUAL_PIN ON -to reset
set_instance_assignment -name VIRTUAL_PIN ON -to start
set_instance_assignment -name VIRTUAL_PIN ON -to valid
set_instance_assignment -name VIRTUAL_PIN ON -to last
set_instance_assignment -name VIRTUAL_PIN ON -to x[0]
set_instance_assignment -name VIRTUAL_PIN ON -to x[1]
set_instance_assignment -name VIRTUAL_PIN ON -to x[2]
set_instance_assignment -name VIRTUAL_PIN ON -to x[3]
set_instance_assignment -name VIRTUAL_PIN ON -to x[4]
set_instance_assignment -name VIRTUAL_PIN ON -to x[5]
set_instance_assignment -name VIRTUAL_PIN ON -to x[6]
set_instance_assignment -name VIRTUAL_PIN ON -to x[7]
set_instance_assignment -name VIRTUAL_PIN ON -to y[0]
set_instance_assignment -name VIRTUAL_PIN ON -to y[1]
set_instance_assignment -name VIRTUAL_PIN ON -to y[2]
set_instance_assignment -name VIRTUAL_PIN ON -to y[3]
set_instance_assignment -name VIRTUAL_PIN ON -to y[4]
set_instance_assignment -name VIRTUAL_PIN ON -to y[5]
set_instance_assignment -name VIRTUAL_PIN ON -to y[6]
set_instance_assignment -name VIRTUAL_PIN ON -to y[7]
set_instance_assignment -name VIRTUAL_PIN ON -to ready
set_instance_assignment -name VIRTUAL_PIN ON -to busy
set_instance_assignment -name VIRTUAL_PIN ON -to done
set_instance_assignment -name VIRTUAL_PIN ON -to overflow
set_instance_assignment -name VIRTUAL_PIN ON -to count[0]
set_instance_assignment -name VIRTUAL_PIN ON -to count[1]
set_instance_assignment -name VIRTUAL_PIN ON -to count[2]
set_instance_assignment -name VIRTUAL_PIN ON -to count[3]
set_instance_assignment -name VIRTUAL_PIN ON -to count[4]
set_instance_assignment -name VIRTUAL_PIN ON -to count[5]
set_instance_assignment -name VIRTUAL_PIN ON -to count[6]
set_instance_assignment -name VIRTUAL_PIN ON -to count[7]
set_instance_assignment -name VIRTUAL_PIN ON -to count[8]
set_instance_assignment -name VIRTUAL_PIN ON -to count[9]
set_instance_assignment -name VIRTUAL_PIN ON -to count[10]
set_instance_assignment -name VIRTUAL_PIN ON -to count[11]
set_instance_assignment -name VIRTUAL_PIN ON -to count[12]
set_instance_assignment -name VIRTUAL_PIN ON -to count[13]
set_instance_assignment -name VIRTUAL_PIN ON -to count[14]
set_instance_assignment -name VIRTUAL_PIN ON -to count[15]
set_instance_assignment -name VIRTUAL_PIN ON -to count[16]
set_instance_assignment -name VIRTUAL_PIN ON -to count[17]
set_instance_assignment -name VIRTUAL_PIN ON -to count[18]
set_instance_assignment -name VIRTUAL_PIN ON -to count[19]
set_instance_assignment -name VIRTUAL_PIN ON -to count[20]
set_instance_assignment -name VIRTUAL_PIN ON -to count[21]
set_instance_assignment -name VIRTUAL_PIN ON -to count[22]
set_instance_assignment -name VIRTUAL_PIN ON -to count[23]
set_instance_assignment -name VIRTUAL_PIN ON -to count[24]
set_instance_assignment -name VIRTUAL_PIN ON -to count[25]
set_instance_assignment -name VIRTUAL_PIN ON -to count[26]
set_instance_assignment -name VIRTUAL_PIN ON -to count[27]
set_instance_assignment -name VIRTUAL_PIN ON -to count[28]
set_instance_assignment -name VIRTUAL_PIN ON -to count[29]
set_instance_assignment -name VIRTUAL_PIN ON -to count[30]
set_instance_assignment -name VIRTUAL_PIN ON -to count[31]
set_instance_assignment -name VIRTUAL_PIN ON -to sum_x[0]
set_instance_assignment -name VIRTUAL_PIN ON -to sum_x[1]
set_instance_assignment -name VIRTUAL_PIN ON -to sum_x[2]
set_instance_assignment -name VIRTUAL_PIN ON -to sum_x[3]
set_instance_assignment -name VIRTUAL_PIN ON -to sum_x[4]
set_instance_assignment -name VIRTUAL_PIN ON -to sum_x[5]
set_instance_assignment -name VIRTUAL_PIN ON -to sum_x[6]
set_instance_assignment -name VIRTUAL_PIN ON -to sum_x[7]
set_instance_assignment -name VIRTUAL_PIN ON -to sum_x[8]
set_instance_assignment -name VIRTUAL_PIN ON -to sum_x[9]
set_instance_assignment -name VIRTUAL_PIN ON -to sum_x[10]
set_instance_assignment -name VIRTUAL_PIN ON -to sum_x[11]
set_instance_assignment -name VIRTUAL_PIN ON -to sum_x[12]
set_instance_assignment -name VIRTUAL_PIN ON -to sum_x[13]
set_instance_assignment -name VIRTUAL_PIN ON -to sum_x[14]
set_instance_assignment -name VIRTUAL_PIN ON -to sum_x[15]
set_instance_assignment -name VIRTUAL_PIN ON -to sum_x[16]
set_instance_assignment -name VIRTUAL_PIN ON -to sum_x[17]
set_instance_assignment -name VIRTUAL_PIN ON -to sum_x[18]
set_instance_assignment -name VIRTUAL_PIN ON -to sum_x[19]
set_instance_assignment -name VIRTUAL_PIN ON -to sum_x[20]
set_instance_assignment -name VIRTUAL_PIN ON -to sum_x[21]
set_instance_assignment -name VIRTUAL_PIN ON -to sum_x[22]
set_instance_assignment -name VIRTUAL_PIN ON -to sum_x[23]
set_instance_assignment -name VIRTUAL_PIN ON -to sum_x[24]
set_instance_assignment -name VIRTUAL_PIN ON -to sum_x[25]
set_instance_assignment -name VIRTUAL_PIN ON -to sum_x[26]
set_instance_assignment -name VIRTUAL_PIN ON -to sum_x[27]
set_instance_assignment -name VIRTUAL_PIN ON -to sum_x[28]
set_instance_assignment -name VIRTUAL_PIN ON -to sum_x[29]
set_instance_assignment -name VIRTUAL_PIN ON -to sum_x[30]
set_instance_assignment -name VIRTUAL_PIN ON -to sum_x[31]
set_instance_assignment -name VIRTUAL_PIN ON -to sum_x[32]
set_instance_assignment -name VIRTUAL_PIN ON -to sum_x[33]
set_instance_assignment -name VIRTUAL_PIN ON -to sum_x[34]
set_instance_assignment -name VIRTUAL_PIN ON -to sum_x[35]
set_instance_assignment -name VIRTUAL_PIN ON -to sum_x[36]
set_instance_assignment -name VIRTUAL_PIN ON -to sum_x[37]
set_instance_assignment -name VIRTUAL_PIN ON -to sum_x[38]
set_instance_assignment -name VIRTUAL_PIN ON -to sum_x[39]
set_instance_assignment -name VIRTUAL_PIN ON -to sum_y[0]
set_instance_assignment -name VIRTUAL_PIN ON -to sum_y[1]
set_instance_assignment -name VIRTUAL_PIN ON -to sum_y[2]
set_instance_assignment -name VIRTUAL_PIN ON -to sum_y[3]
set_instance_assignment -name VIRTUAL_PIN ON -to sum_y[4]
set_instance_assignment -name VIRTUAL_PIN ON -to sum_y[5]
set_instance_assignment -name VIRTUAL_PIN ON -to sum_y[6]
set_instance_assignment -name VIRTUAL_PIN ON -to sum_y[7]
set_instance_assignment -name VIRTUAL_PIN ON -to sum_y[8]
set_instance_assignment -name VIRTUAL_PIN ON -to sum_y[9]
set_instance_assignment -name VIRTUAL_PIN ON -to sum_y[10]
set_instance_assignment -name VIRTUAL_PIN ON -to sum_y[11]
set_instance_assignment -name VIRTUAL_PIN ON -to sum_y[12]
set_instance_assignment -name VIRTUAL_PIN ON -to sum_y[13]
set_instance_assignment -name VIRTUAL_PIN ON -to sum_y[14]
set_instance_assignment -name VIRTUAL_PIN ON -to sum_y[15]
set_instance_assignment -name VIRTUAL_PIN ON -to sum_y[16]
set_instance_assignment -name VIRTUAL_PIN ON -to sum_y[17]
set_instance_assignment -name VIRTUAL_PIN ON -to sum_y[18]
set_instance_assignment -name VIRTUAL_PIN ON -to sum_y[19]
set_instance_assignment -name VIRTUAL_PIN ON -to sum_y[20]
set_instance_assignment -name VIRTUAL_PIN ON -to sum_y[21]
set_instance_assignment -name VIRTUAL_PIN ON -to sum_y[22]
set_instance_assignment -name VIRTUAL_PIN ON -to sum_y[23]
set_instance_assignment -name VIRTUAL_PIN ON -to sum_y[24]
set_instance_assignment -name VIRTUAL_PIN ON -to sum_y[25]
set_instance_assignment -name VIRTUAL_PIN ON -to sum_y[26]
set_instance_assignment -name VIRTUAL_PIN ON -to sum_y[27]
set_instance_assignment -name VIRTUAL_PIN ON -to sum_y[28]
set_instance_assignment -name VIRTUAL_PIN ON -to sum_y[29]
set_instance_assignment -name VIRTUAL_PIN ON -to sum_y[30]
set_instance_assignment -name VIRTUAL_PIN ON -to sum_y[31]
set_instance_assignment -name VIRTUAL_PIN ON -to sum_y[32]
set_instance_assignment -name VIRTUAL_PIN ON -to sum_y[33]
set_instance_assignment -name VIRTUAL_PIN ON -to sum_y[34]
set_instance_assignment -name VIRTUAL_PIN ON -to sum_y[35]
set_instance_assignment -name VIRTUAL_PIN ON -to sum_y[36]
set_instance_assignment -name VIRTUAL_PIN ON -to sum_y[37]
set_instance_assignment -name VIRTUAL_PIN ON -to sum_y[38]
set_instance_assignment -name VIRTUAL_PIN ON -to sum_y[39]
set_instance_assignment -name VIRTUAL_PIN ON -to sum_xx[0]
set_instance_assignment -name VIRTUAL_PIN ON -to sum_xx[1]
set_instance_assignment -name VIRTUAL_PIN ON -to sum_xx[2]
set_instance_assignment -name VIRTUAL_PIN ON -to sum_xx[3]
set_instance_assignment -name VIRTUAL_PIN ON -to sum_xx[4]
set_instance_assignment -name VIRTUAL_PIN ON -to sum_xx[5]
set_instance_assignment -name VIRTUAL_PIN ON -to sum_xx[6]
set_instance_assignment -name VIRTUAL_PIN ON -to sum_xx[7]
set_instance_assignment -name VIRTUAL_PIN ON -to sum_xx[8]
set_instance_assignment -name VIRTUAL_PIN ON -to sum_xx[9]
set_instance_assignment -name VIRTUAL_PIN ON -to sum_xx[10]
set_instance_assignment -name VIRTUAL_PIN ON -to sum_xx[11]
set_instance_assignment -name VIRTUAL_PIN ON -to sum_xx[12]
set_instance_assignment -name VIRTUAL_PIN ON -to sum_xx[13]
set_instance_assignment -name VIRTUAL_PIN ON -to sum_xx[14]
set_instance_assignment -name VIRTUAL_PIN ON -to sum_xx[15]
set_instance_assignment -name VIRTUAL_PIN ON -to sum_xx[16]
set_instance_assignment -name VIRTUAL_PIN ON -to sum_xx[17]
set_instance_assignment -name VIRTUAL_PIN ON -to sum_xx[18]
set_instance_assignment -name VIRTUAL_PIN ON -to sum_xx[19]
set_instance_assignment -name VIRTUAL_PIN ON -to sum_xx[20]
set_instance_assignment -name VIRTUAL_PIN ON -to sum_xx[21]
set_instance_assignment -name VIRTUAL_PIN ON -to sum_xx[22]
set_instance_assignment -name VIRTUAL_PIN ON -to sum_xx[23]
set_instance_assignment -name VIRTUAL_PIN ON -to sum_xx[24]
set_instance_assignment -name VIRTUAL_PIN ON -to sum_xx[25]
set_instance_assignment -name VIRTUAL_PIN ON -to sum_xx[26]
set_instance_assignment -name VIRTUAL_PIN ON -to sum_xx[27]
set_instance_assignment -name VIRTUAL_PIN ON -to sum_xx[28]
set_instance_assignment -name VIRTUAL_PIN ON -to sum_xx[29]
set_instance_assignment -name VIRTUAL_PIN ON -to sum_xx[30]
set_instance_assignment -name VIRTUAL_PIN ON -to sum_xx[31]
set_instance_assignment -name VIRTUAL_PIN ON -to sum_xx[32]
set_instance_assignment -name VIRTUAL_PIN ON -to sum_xx[33]
set_instance_assignment -name VIRTUAL_PIN ON -to sum_xx[34]
set_instance_assignment -name VIRTUAL_PIN ON -to sum_xx[35]
set_instance_assignment -name VIRTUAL_PIN ON -to sum_xx[36]
set_instance_assignment -name VIRTUAL_PIN ON -to sum_xx[37]
set_instance_assignment -name VIRTUAL_PIN ON -to sum_xx[38]
set_instance_assignment -name VIRTUAL_PIN ON -to sum_xx[39]
set_instance_assignment -name VIRTUAL_PIN ON -to sum_xx[40]
set_instance_assignment -name VIRTUAL_PIN ON -to sum_xx[41]
set_instance_assignment -name VIRTUAL_PIN ON -to sum_xx[42]
set_instance_assignment -name VIRTUAL_PIN ON -to sum_xx[43]
set_instance_assignment -name VIRTUAL_PIN ON -to sum_xx[44]
set_instance_assignment -name VIRTUAL_PIN ON -to sum_xx[45]
set_instance_assignment -name VIRTUAL_PIN ON -to sum_xx[46]
set_instance_assignment -name VIRTUAL_PIN ON -to sum_xx[47]
set_instance_assignment -name VIRTUAL_PIN ON -to sum_yy[0]
set_instance_assignment -name VIRTUAL_PIN ON -to sum_yy[1]
set_instance_assignment -name VIRTUAL_PIN ON -to sum_yy[2]
set_instance_assignment -name VIRTUAL_PIN ON -to sum_yy[3]
set_instance_assignment -name VIRTUAL_PIN ON -to sum_yy[4]
set_instance_assignment -name VIRTUAL_PIN ON -to sum_yy[5]
set_instance_assignment -name VIRTUAL_PIN ON -to sum_yy[6]
set_instance_assignment -name VIRTUAL_PIN ON -to sum_yy[7]
set_instance_assignment -name VIRTUAL_PIN ON -to sum_yy[8]
set_instance_assignment -name VIRTUAL_PIN ON -to sum_yy[9]
set_instance_assignment -name VIRTUAL_PIN ON -to sum_yy[10]
set_instance_assignment -name VIRTUAL_PIN ON -to sum_yy[11]
set_instance_assignment -name VIRTUAL_PIN ON -to sum_yy[12]
set_instance_assignment -name VIRTUAL_PIN ON -to sum_yy[13]
set_instance_assignment -name VIRTUAL_PIN ON -to sum_yy[14]
set_instance_assignment -name VIRTUAL_PIN ON -to sum_yy[15]
set_instance_assignment -name VIRTUAL_PIN ON -to sum_yy[16]
set_instance_assignment -name VIRTUAL_PIN ON -to sum_yy[17]
set_instance_assignment -name VIRTUAL_PIN ON -to sum_yy[18]
set_instance_assignment -name VIRTUAL_PIN ON -to sum_yy[19]
set_instance_assignment -name VIRTUAL_PIN ON -to sum_yy[20]
set_instance_assignment -name VIRTUAL_PIN ON -to sum_yy[21]
set_instance_assignment -name VIRTUAL_PIN ON -to sum_yy[22]
set_instance_assignment -name VIRTUAL_PIN ON -to sum_yy[23]
set_instance_assignment -name VIRTUAL_PIN ON -to sum_yy[24]
set_instance_assignment -name VIRTUAL_PIN ON -to sum_yy[25]
set_instance_assignment -name VIRTUAL_PIN ON -to sum_yy[26]
set_instance_assignment -name VIRTUAL_PIN ON -to sum_yy[27]
set_instance_assignment -name VIRTUAL_PIN ON -to sum_yy[28]
set_instance_assignment -name VIRTUAL_PIN ON -to sum_yy[29]
set_instance_assignment -name VIRTUAL_PIN ON -to sum_yy[30]
set_instance_assignment -name VIRTUAL_PIN ON -to sum_yy[31]
set_instance_assignment -name VIRTUAL_PIN ON -to sum_yy[32]
set_instance_assignment -name VIRTUAL_PIN ON -to sum_yy[33]
set_instance_assignment -name VIRTUAL_PIN ON -to sum_yy[34]
set_instance_assignment -name VIRTUAL_PIN ON -to sum_yy[35]
set_instance_assignment -name VIRTUAL_PIN ON -to sum_yy[36]
set_instance_assignment -name VIRTUAL_PIN ON -to sum_yy[37]
set_instance_assignment -name VIRTUAL_PIN ON -to sum_yy[38]
set_instance_assignment -name VIRTUAL_PIN ON -to sum_yy[39]
set_instance_assignment -name VIRTUAL_PIN ON -to sum_yy[40]
set_instance_assignment -name VIRTUAL_PIN ON -to sum_yy[41]
set_instance_assignment -name VIRTUAL_PIN ON -to sum_yy[42]
set_instance_assignment -name VIRTUAL_PIN ON -to sum_yy[43]
set_instance_assignment -name VIRTUAL_PIN ON -to sum_yy[44]
set_instance_assignment -name VIRTUAL_PIN ON -to sum_yy[45]
set_instance_assignment -name VIRTUAL_PIN ON -to sum_yy[46]
set_instance_assignment -name VIRTUAL_PIN ON -to sum_yy[47]
set_instance_assignment -name VIRTUAL_PIN ON -to sum_xy[0]
set_instance_assignment -name VIRTUAL_PIN ON -to sum_xy[1]
set_instance_assignment -name VIRTUAL_PIN ON -to sum_xy[2]
set_instance_assignment -name VIRTUAL_PIN ON -to sum_xy[3]
set_instance_assignment -name VIRTUAL_PIN ON -to sum_xy[4]
set_instance_assignment -name VIRTUAL_PIN ON -to sum_xy[5]
set_instance_assignment -name VIRTUAL_PIN ON -to sum_xy[6]
set_instance_assignment -name VIRTUAL_PIN ON -to sum_xy[7]
set_instance_assignment -name VIRTUAL_PIN ON -to sum_xy[8]
set_instance_assignment -name VIRTUAL_PIN ON -to sum_xy[9]
set_instance_assignment -name VIRTUAL_PIN ON -to sum_xy[10]
set_instance_assignment -name VIRTUAL_PIN ON -to sum_xy[11]
set_instance_assignment -name VIRTUAL_PIN ON -to sum_xy[12]
set_instance_assignment -name VIRTUAL_PIN ON -to sum_xy[13]
set_instance_assignment -name VIRTUAL_PIN ON -to sum_xy[14]
set_instance_assignment -name VIRTUAL_PIN ON -to sum_xy[15]
set_instance_assignment -name VIRTUAL_PIN ON -to sum_xy[16]
set_instance_assignment -name VIRTUAL_PIN ON -to sum_xy[17]
set_instance_assignment -name VIRTUAL_PIN ON -to sum_xy[18]
set_instance_assignment -name VIRTUAL_PIN ON -to sum_xy[19]
set_instance_assignment -name VIRTUAL_PIN ON -to sum_xy[20]
set_instance_assignment -name VIRTUAL_PIN ON -to sum_xy[21]
set_instance_assignment -name VIRTUAL_PIN ON -to sum_xy[22]
set_instance_assignment -name VIRTUAL_PIN ON -to sum_xy[23]
set_instance_assignment -name VIRTUAL_PIN ON -to sum_xy[24]
set_instance_assignment -name VIRTUAL_PIN ON -to sum_xy[25]
set_instance_assignment -name VIRTUAL_PIN ON -to sum_xy[26]
set_instance_assignment -name VIRTUAL_PIN ON -to sum_xy[27]
set_instance_assignment -name VIRTUAL_PIN ON -to sum_xy[28]
set_instance_assignment -name VIRTUAL_PIN ON -to sum_xy[29]
set_instance_assignment -name VIRTUAL_PIN ON -to sum_xy[30]
set_instance_assignment -name VIRTUAL_PIN ON -to sum_xy[31]
set_instance_assignment -name VIRTUAL_PIN ON -to sum_xy[32]
set_instance_assignment -name VIRTUAL_PIN ON -to sum_xy[33]
set_instance_assignment -name VIRTUAL_PIN ON -to sum_xy[34]
set_instance_assignment -name VIRTUAL_PIN ON -to sum_xy[35]
set_instance_assignment -name VIRTUAL_PIN ON -to sum_xy[36]
set_instance_assignment -name VIRTUAL_PIN ON -to sum_xy[37]
set_instance_assignment -name VIRTUAL_PIN ON -to sum_xy[38]
set_instance_assignment -name VIRTUAL_PIN ON -to sum_xy[39]
set_instance_assignment -name VIRTUAL_PIN ON -to sum_xy[40]
set_instance_assignment -name VIRTUAL_PIN ON -to sum_xy[41]
set_instance_assignment -name VIRTUAL_PIN ON -to sum_xy[42]
set_instance_assignment -name VIRTUAL_PIN ON -to sum_xy[43]
set_instance_assignment -name VIRTUAL_PIN ON -to sum_xy[44]
set_instance_assignment -name VIRTUAL_PIN ON -to sum_xy[45]
set_instance_assignment -name VIRTUAL_PIN ON -to sum_xy[46]
set_instance_assignment -name VIRTUAL_PIN ON -to sum_xy[47]

set_global_assignment -name LAST_QUARTUS_VERSION "21.1.0 Lite Edition"
set_global_assignment -name FITTER_EFFORT "STANDARD FIT"